<?xml version="1.0" encoding="utf-8"?>
<Project xmlns="http://schemas.microsoft.com/developer/msbuild/2003">
  <ItemGroup>
    <Filter Include="Generated Files">
      <UniqueIdentifier>{71ED8ED8-ACB9-4CE9-BBE1-E00B30144E11}</UniqueIdentifier>
      <Extensions>cpp;c;cxx;moc;h;def;odl;idl;res;</Extensions>
    </Filter>
    <Filter Include="Generated Files">
      <UniqueIdentifier>{71ED8ED8-ACB9-4CE9-BBE1-E00B30144E11}</UniqueIdentifier>
      <Extensions>cpp;c;cxx;moc;h;def;odl;idl;res;</Extensions>
    </Filter>
    <Filter Include="Header Files">
      <UniqueIdentifier>{93995380-89BD-4b04-88EB-625FBE52EBFB}</UniqueIdentifier>
      <Extensions>h;hpp;hxx;hm;inl;inc;xsd</Extensions>
    </Filter>
    <Filter Include="Header Files">
      <UniqueIdentifier>{93995380-89BD-4b04-88EB-625FBE52EBFB}</UniqueIdentifier>
      <Extensions>h;hpp;hxx;hm;inl;inc;xsd</Extensions>
    </Filter>
    <Filter Include="Source Files">
      <UniqueIdentifier>{4FC737F1-C7A5-4376-A066-2A32D752A2FF}</UniqueIdentifier>
      <Extensions>cpp;c;cxx;def;odl;idl;hpj;bat;asm;asmx</Extensions>
    </Filter>
    <Filter Include="Source Files">
      <UniqueIdentifier>{4FC737F1-C7A5-4376-A066-2A32D752A2FF}</UniqueIdentifier>
      <Extensions>cpp;c;cxx;def;odl;idl;hpj;bat;asm;asmx</Extensions>
    </Filter>
  </ItemGroup>
  <ItemGroup>
    <ClCompile Include="RCharacterWidget.cpp">
      <Filter>Source Files</Filter>
    </ClCompile>
    <ClCompile Include="RColorCombo.cpp">
      <Filter>Source Files</Filter>
    </ClCompile>
    <ClCompile Include="RCommandLine.cpp">
      <Filter>Source Files</Filter>
    </ClCompile>
    <ClCompile Include="RDockWidget.cpp">
      <Filter>Source Files</Filter>
    </ClCompile>
    <ClCompile Include="REventFilter.cpp">
      <Filter>Source Files</Filter>
    </ClCompile>
    <ClCompile Include="REventHandler.cpp">
      <Filter>Source Files</Filter>
    </ClCompile>
    <ClCompile Include="RFileSystemModel.cpp">
      <Filter>Source Files</Filter>
    </ClCompile>
    <ClCompile Include="RFlowLayout.cpp">
      <Filter>Source Files</Filter>
    </ClCompile>
    <ClCompile Include="RFocusFrame.cpp">
      <Filter>Source Files</Filter>
    </ClCompile>
    <ClCompile Include="RFontChooserWidget.cpp">
      <Filter>Source Files</Filter>
    </ClCompile>
    <ClCompile Include="RGraphicsSceneDrawable.cpp">
      <Filter>Source Files</Filter>
    </ClCompile>
    <ClCompile Include="RGraphicsSceneQt.cpp">
      <Filter>Source Files</Filter>
    </ClCompile>
    <ClCompile Include="RGraphicsViewImage.cpp">
      <Filter>Source Files</Filter>
    </ClCompile>
    <ClCompile Include="RGraphicsViewQt.cpp">
      <Filter>Source Files</Filter>
    </ClCompile>
    <ClCompile Include="RLinetypeCombo.cpp">
      <Filter>Source Files</Filter>
    </ClCompile>
    <ClCompile Include="RLinetypeComboDelegate.cpp">
      <Filter>Source Files</Filter>
    </ClCompile>
    <ClCompile Include="RLineweightCombo.cpp">
      <Filter>Source Files</Filter>
    </ClCompile>
    <ClCompile Include="RListView.cpp">
      <Filter>Source Files</Filter>
    </ClCompile>
    <ClCompile Include="RListWidget.cpp">
      <Filter>Source Files</Filter>
    </ClCompile>
    <ClCompile Include="RMainWindowQt.cpp">
      <Filter>Source Files</Filter>
    </ClCompile>
    <ClCompile Include="RMathComboBox.cpp">
      <Filter>Source Files</Filter>
    </ClCompile>
    <ClCompile Include="RMathLineEdit.cpp">
      <Filter>Source Files</Filter>
    </ClCompile>
    <ClCompile Include="RMdiArea.cpp">
      <Filter>Source Files</Filter>
    </ClCompile>
    <ClCompile Include="RMdiChildQt.cpp">
      <Filter>Source Files</Filter>
    </ClCompile>
    <ClCompile Include="RRulerQt.cpp">
      <Filter>Source Files</Filter>
    </ClCompile>
    <ClCompile Include="RShortcutLineEdit.cpp">
      <Filter>Source Files</Filter>
    </ClCompile>
    <ClCompile Include="RTextEdit.cpp">
      <Filter>Source Files</Filter>
    </ClCompile>
    <ClCompile Include="RToolButton.cpp">
      <Filter>Source Files</Filter>
    </ClCompile>
    <ClCompile Include="RToolMatrixItemDelegate.cpp">
      <Filter>Source Files</Filter>
    </ClCompile>
    <ClCompile Include="RTreeWidget.cpp">
      <Filter>Source Files</Filter>
    </ClCompile>
  </ItemGroup>
  <ItemGroup>
    <CustomBuild Include="RCharacterWidget.h">
      <Filter>Header Files</Filter>
    </CustomBuild>
    <ClInclude Include="RCloseCurrentEvent.h">
      <Filter>Header Files</Filter>
    </ClInclude>
    <CustomBuild Include="RColorCombo.h">
      <Filter>Header Files</Filter>
    </CustomBuild>
    <CustomBuild Include="RCommandLine.h">
      <Filter>Header Files</Filter>
    </CustomBuild>
    <CustomBuild Include="RDockWidget.h">
      <Filter>Header Files</Filter>
    </CustomBuild>
    <CustomBuild Include="REventFilter.h">
      <Filter>Header Files</Filter>
    </CustomBuild>
    <CustomBuild Include="REventHandler.h">
      <Filter>Header Files</Filter>
    </CustomBuild>
    <CustomBuild Include="RFileSystemModel.h">
      <Filter>Header Files</Filter>
    </CustomBuild>
    <CustomBuild Include="RFlowLayout.h">
      <Filter>Header Files</Filter>
    </CustomBuild>
    <CustomBuild Include="RFocusFrame.h">
      <Filter>Header Files</Filter>
    </CustomBuild>
    <CustomBuild Include="RFontChooserWidget.h">
      <Filter>Header Files</Filter>
    </CustomBuild>
    <ClInclude Include="RGraphicsSceneDrawable.h">
      <Filter>Header Files</Filter>
    </ClInclude>
    <ClInclude Include="RGraphicsSceneQt.h">
      <Filter>Header Files</Filter>
    </ClInclude>
    <ClInclude Include="RGraphicsViewImage.h">
      <Filter>Header Files</Filter>
    </ClInclude>
    <CustomBuild Include="RGraphicsViewQt.h">
      <Filter>Header Files</Filter>
    </CustomBuild>
    <CustomBuild Include="RLinetypeCombo.h">
      <Filter>Header Files</Filter>
    </CustomBuild>
    <ClInclude Include="RLinetypeComboDelegate.h">
      <Filter>Header Files</Filter>
    </ClInclude>
    <CustomBuild Include="RLineweightCombo.h">
      <Filter>Header Files</Filter>
    </CustomBuild>
    <CustomBuild Include="RListView.h">
      <Filter>Header Files</Filter>
    </CustomBuild>
    <CustomBuild Include="RListWidget.h">
      <Filter>Header Files</Filter>
    </CustomBuild>
    <CustomBuild Include="RMainWindowQt.h">
      <Filter>Header Files</Filter>
    </CustomBuild>
    <CustomBuild Include="RMathComboBox.h">
      <Filter>Header Files</Filter>
    </CustomBuild>
    <CustomBuild Include="RMathLineEdit.h">
      <Filter>Header Files</Filter>
    </CustomBuild>
    <CustomBuild Include="RMdiArea.h">
      <Filter>Header Files</Filter>
    </CustomBuild>
    <CustomBuild Include="RMdiChildQt.h">
      <Filter>Header Files</Filter>
    </CustomBuild>
    <CustomBuild Include="RRulerQt.h">
      <Filter>Header Files</Filter>
    </CustomBuild>
    <CustomBuild Include="RShortcutLineEdit.h">
      <Filter>Header Files</Filter>
    </CustomBuild>
    <CustomBuild Include="RTextEdit.h">
      <Filter>Header Files</Filter>
    </CustomBuild>
    <CustomBuild Include="RToolButton.h">
      <Filter>Header Files</Filter>
    </CustomBuild>
    <CustomBuild Include="RToolMatrixItemDelegate.h">
      <Filter>Header Files</Filter>
    </CustomBuild>
    <CustomBuild Include="RTreeWidget.h">
      <Filter>Header Files</Filter>
    </CustomBuild>
  </ItemGroup>
  <ItemGroup>
    <ClCompile Include="debug\moc_RCharacterWidget.cpp">
      <Filter>Generated Files</Filter>
    </ClCompile>
    <ClCompile Include="release\moc_RCharacterWidget.cpp">
      <Filter>Generated Files</Filter>
    </ClCompile>
    <ClCompile Include="debug\moc_RColorCombo.cpp">
      <Filter>Generated Files</Filter>
    </ClCompile>
    <ClCompile Include="release\moc_RColorCombo.cpp">
      <Filter>Generated Files</Filter>
    </ClCompile>
    <ClCompile Include="debug\moc_RCommandLine.cpp">
      <Filter>Generated Files</Filter>
    </ClCompile>
    <ClCompile Include="release\moc_RCommandLine.cpp">
      <Filter>Generated Files</Filter>
    </ClCompile>
    <ClCompile Include="debug\moc_RDockWidget.cpp">
      <Filter>Generated Files</Filter>
    </ClCompile>
    <ClCompile Include="release\moc_RDockWidget.cpp">
      <Filter>Generated Files</Filter>
    </ClCompile>
    <ClCompile Include="debug\moc_REventFilter.cpp">
      <Filter>Generated Files</Filter>
    </ClCompile>
    <ClCompile Include="release\moc_REventFilter.cpp">
      <Filter>Generated Files</Filter>
    </ClCompile>
    <ClCompile Include="debug\moc_REventHandler.cpp">
      <Filter>Generated Files</Filter>
    </ClCompile>
    <ClCompile Include="release\moc_REventHandler.cpp">
      <Filter>Generated Files</Filter>
    </ClCompile>
    <ClCompile Include="debug\moc_RFileSystemModel.cpp">
      <Filter>Generated Files</Filter>
    </ClCompile>
    <ClCompile Include="release\moc_RFileSystemModel.cpp">
      <Filter>Generated Files</Filter>
    </ClCompile>
    <ClCompile Include="debug\moc_RFlowLayout.cpp">
      <Filter>Generated Files</Filter>
    </ClCompile>
    <ClCompile Include="release\moc_RFlowLayout.cpp">
      <Filter>Generated Files</Filter>
    </ClCompile>
    <ClCompile Include="debug\moc_RFocusFrame.cpp">
      <Filter>Generated Files</Filter>
    </ClCompile>
    <ClCompile Include="release\moc_RFocusFrame.cpp">
      <Filter>Generated Files</Filter>
    </ClCompile>
    <ClCompile Include="debug\moc_RFontChooserWidget.cpp">
      <Filter>Generated Files</Filter>
    </ClCompile>
    <ClCompile Include="release\moc_RFontChooserWidget.cpp">
      <Filter>Generated Files</Filter>
    </ClCompile>
    <ClCompile Include="debug\moc_RGraphicsViewQt.cpp">
      <Filter>Generated Files</Filter>
    </ClCompile>
    <ClCompile Include="release\moc_RGraphicsViewQt.cpp">
      <Filter>Generated Files</Filter>
    </ClCompile>
    <ClCompile Include="debug\moc_RLinetypeCombo.cpp">
      <Filter>Generated Files</Filter>
    </ClCompile>
    <ClCompile Include="release\moc_RLinetypeCombo.cpp">
      <Filter>Generated Files</Filter>
    </ClCompile>
    <ClCompile Include="debug\moc_RLineweightCombo.cpp">
      <Filter>Generated Files</Filter>
    </ClCompile>
    <ClCompile Include="release\moc_RLineweightCombo.cpp">
      <Filter>Generated Files</Filter>
    </ClCompile>
    <ClCompile Include="debug\moc_RListView.cpp">
      <Filter>Generated Files</Filter>
    </ClCompile>
    <ClCompile Include="release\moc_RListView.cpp">
      <Filter>Generated Files</Filter>
    </ClCompile>
    <ClCompile Include="debug\moc_RListWidget.cpp">
      <Filter>Generated Files</Filter>
    </ClCompile>
    <ClCompile Include="release\moc_RListWidget.cpp">
      <Filter>Generated Files</Filter>
    </ClCompile>
    <ClCompile Include="debug\moc_RMainWindowQt.cpp">
      <Filter>Generated Files</Filter>
    </ClCompile>
    <ClCompile Include="release\moc_RMainWindowQt.cpp">
      <Filter>Generated Files</Filter>
    </ClCompile>
    <ClCompile Include="debug\moc_RMathComboBox.cpp">
      <Filter>Generated Files</Filter>
    </ClCompile>
    <ClCompile Include="release\moc_RMathComboBox.cpp">
      <Filter>Generated Files</Filter>
    </ClCompile>
    <ClCompile Include="debug\moc_RMathLineEdit.cpp">
      <Filter>Generated Files</Filter>
    </ClCompile>
    <ClCompile Include="release\moc_RMathLineEdit.cpp">
      <Filter>Generated Files</Filter>
    </ClCompile>
    <ClCompile Include="debug\moc_RMdiArea.cpp">
      <Filter>Generated Files</Filter>
    </ClCompile>
    <ClCompile Include="release\moc_RMdiArea.cpp">
      <Filter>Generated Files</Filter>
    </ClCompile>
    <ClCompile Include="debug\moc_RMdiChildQt.cpp">
      <Filter>Generated Files</Filter>
    </ClCompile>
    <ClCompile Include="release\moc_RMdiChildQt.cpp">
      <Filter>Generated Files</Filter>
    </ClCompile>
    <ClCompile Include="debug\moc_RRulerQt.cpp">
      <Filter>Generated Files</Filter>
    </ClCompile>
    <ClCompile Include="release\moc_RRulerQt.cpp">
      <Filter>Generated Files</Filter>
    </ClCompile>
    <ClCompile Include="debug\moc_RShortcutLineEdit.cpp">
      <Filter>Generated Files</Filter>
    </ClCompile>
    <ClCompile Include="release\moc_RShortcutLineEdit.cpp">
      <Filter>Generated Files</Filter>
    </ClCompile>
    <ClCompile Include="debug\moc_RTextEdit.cpp">
      <Filter>Generated Files</Filter>
    </ClCompile>
    <ClCompile Include="release\moc_RTextEdit.cpp">
      <Filter>Generated Files</Filter>
    </ClCompile>
    <ClCompile Include="debug\moc_RToolButton.cpp">
      <Filter>Generated Files</Filter>
    </ClCompile>
    <ClCompile Include="release\moc_RToolButton.cpp">
      <Filter>Generated Files</Filter>
    </ClCompile>
    <ClCompile Include="debug\moc_RToolMatrixItemDelegate.cpp">
      <Filter>Generated Files</Filter>
    </ClCompile>
    <ClCompile Include="release\moc_RToolMatrixItemDelegate.cpp">
      <Filter>Generated Files</Filter>
    </ClCompile>
    <ClCompile Include="debug\moc_RTreeWidget.cpp">
      <Filter>Generated Files</Filter>
    </ClCompile>
    <ClCompile Include="release\moc_RTreeWidget.cpp">
      <Filter>Generated Files</Filter>
    </ClCompile>
    <CustomBuild Include="debug\moc_predefs.h.cbt">
      <Filter>Generated Files</Filter>
    </CustomBuild>
    <CustomBuild Include="release\moc_predefs.h.cbt">
      <Filter>Generated Files</Filter>
    </CustomBuild>
  </ItemGroup>
  <ItemGroup>
    <ResourceCompile Include="gui.rc" />
  </ItemGroup>
</Project>