<?xml version="1.0" encoding="utf-8"?>
<Project xmlns="http://schemas.microsoft.com/developer/msbuild/2003">
  <ItemGroup>
    <Filter Include="Generated Files">
      <UniqueIdentifier>{71ED8ED8-ACB9-4CE9-BBE1-E00B30144E11}</UniqueIdentifier>
      <Extensions>cpp;c;cxx;moc;h;def;odl;idl;res;</Extensions>
    </Filter>
    <Filter Include="Generated Files">
      <UniqueIdentifier>{71ED8ED8-ACB9-4CE9-BBE1-E00B30144E11}</UniqueIdentifier>
      <Extensions>cpp;c;cxx;moc;h;def;odl;idl;res;</Extensions>
    </Filter>
    <Filter Include="Header Files">
      <UniqueIdentifier>{93995380-89BD-4b04-88EB-625FBE52EBFB}</UniqueIdentifier>
      <Extensions>h;hpp;hxx;hm;inl;inc;xsd</Extensions>
    </Filter>
    <Filter Include="Header Files">
      <UniqueIdentifier>{93995380-89BD-4b04-88EB-625FBE52EBFB}</UniqueIdentifier>
      <Extensions>h;hpp;hxx;hm;inl;inc;xsd</Extensions>
    </Filter>
    <Filter Include="Source Files">
      <UniqueIdentifier>{4FC737F1-C7A5-4376-A066-2A32D752A2FF}</UniqueIdentifier>
      <Extensions>cpp;c;cxx;def;odl;idl;hpj;bat;asm;asmx</Extensions>
    </Filter>
    <Filter Include="Source Files">
      <UniqueIdentifier>{4FC737F1-C7A5-4376-A066-2A32D752A2FF}</UniqueIdentifier>
      <Extensions>cpp;c;cxx;def;odl;idl;hpj;bat;asm;asmx</Extensions>
    </Filter>
  </ItemGroup>
  <ItemGroup>
    <ClCompile Include="RCharacterWidget.cpp">
      <Filter>Source Files</Filter>
    </ClCompile>
    <ClCompile Include="RColorCombo.cpp">
      <Filter>Source Files</Filter>
    </ClCompile>
    <ClCompile Include="RCommandLine.cpp">
      <Filter>Source Files</Filter>
    </ClCompile>
    <ClCompile Include="RDockWidget.cpp">
      <Filter>Source Files</Filter>
    </ClCompile>
    <ClCompile Include="REventFilter.cpp">
      <Filter>Source Files</Filter>
    </ClCompile>
    <ClCompile Include="REventHandler.cpp">
      <Filter>Source Files</Filter>
    </ClCompile>
    <ClCompile Include="RFileSystemModel.cpp">
      <Filter>Source Files</Filter>
    </ClCompile>
    <ClCompile Include="RFlowLayout.cpp">
      <Filter>Source Files</Filter>
    </ClCompile>
    <ClCompile Include="RFocusFrame.cpp">
      <Filter>Source Files</Filter>
    </ClCompile>
    <ClCompile Include="RFontChooserWidget.cpp">
      <Filter>Source Files</Filter>
    </ClCompile>
    <ClCompile Include="RGraphicsSceneDrawable.cpp">
      <Filter>Source Files</Filter>
    </ClCompile>
    <ClCompile Include="RGraphicsSceneQt.cpp">
      <Filter>Source Files</Filter>
    </ClCompile>
    <ClCompile Include="RGraphicsViewImage.cpp">
      <Filter>Source Files</Filter>
    </ClCompile>
    <ClCompile Include="RGraphicsViewQt.cpp">
      <Filter>Source Files</Filter>
    </ClCompile>
    <ClCompile Include="RLinetypeCombo.cpp">
      <Filter>Source Files</Filter>
    </ClCompile>
    <ClCompile Include="RLinetypeComboDelegate.cpp">
      <Filter>Source Files</Filter>
    </ClCompile>
    <ClCompile Include="RLineweightCombo.cpp">
      <Filter>Source Files</Filter>
    </ClCompile>
    <ClCompile Include="RListView.cpp">
      <Filter>Source Files</Filter>
    </ClCompile>
    <ClCompile Include="RListWidget.cpp">
      <Filter>Source Files</Filter>
    </ClCompile>
    <ClCompile Include="RMainWindowQt.cpp">
      <Filter>Source Files</Filter>
    </ClCompile>
    <ClCompile Include="RMathComboBox.cpp">
      <Filter>Source Files</Filter>
    </ClCompile>
    <ClCompile Include="RMathLineEdit.cpp">
      <Filter>Source Files</Filter>
    </ClCompile>
    <ClCompile Include="RMdiArea.cpp">
      <Filter>Source Files</Filter>
    </ClCompile>
    <ClCompile Include="RMdiChildQt.cpp">
      <Filter>Source Files</Filter>
    </ClCompile>
    <ClCompile Include="RRulerQt.cpp">
      <Filter>Source Files</Filter>
    </ClCompile>
    <ClCompile Include="RShortcutLineEdit.cpp">
      <Filter>Source Files</Filter>
    </ClCompile>
    <ClCompile Include="RTextEdit.cpp">
      <Filter>Source Files</Filter>
    </ClCompile>
    <ClCompile Include="RToolButton.cpp">
      <Filter>Source Files</Filter>
    </ClCompile>
    <ClCompile Include="RToolMatrixItemDelegate.cpp">
      <Filter>Source Files</Filter>
    </ClCompile>
    <ClCompile Include="RTreeWidget.cpp">
      <Filter>Source Files</Filter>
    </ClCompile>
  </ItemGroup>
  <ItemGroup>
    <QtMoc Include="RCharacterWidget.h">
      <Filter>Header Files</Filter>
    </QtMoc>
    <ClInclude Include="RCloseCurrentEvent.h">
      <Filter>Header Files</Filter>
    </ClInclude>
    <QtMoc Include="RColorCombo.h">
      <Filter>Header Files</Filter>
    </QtMoc>
    <QtMoc Include="RCommandLine.h">
      <Filter>Header Files</Filter>
    </QtMoc>
    <QtMoc Include="RDockWidget.h">
      <Filter>Header Files</Filter>
    </QtMoc>
    <QtMoc Include="REventFilter.h">
      <Filter>Header Files</Filter>
    </QtMoc>
    <QtMoc Include="REventHandler.h">
      <Filter>Header Files</Filter>
    </QtMoc>
    <QtMoc Include="RFileSystemModel.h">
      <Filter>Header Files</Filter>
    </QtMoc>
    <QtMoc Include="RFlowLayout.h">
      <Filter>Header Files</Filter>
    </QtMoc>
    <QtMoc Include="RFocusFrame.h">
      <Filter>Header Files</Filter>
    </QtMoc>
    <QtMoc Include="RFontChooserWidget.h">
      <Filter>Header Files</Filter>
    </QtMoc>
    <ClInclude Include="RGraphicsSceneDrawable.h">
      <Filter>Header Files</Filter>
    </ClInclude>
    <ClInclude Include="RGraphicsSceneQt.h">
      <Filter>Header Files</Filter>
    </ClInclude>
    <ClInclude Include="RGraphicsViewImage.h">
      <Filter>Header Files</Filter>
    </ClInclude>
    <QtMoc Include="RGraphicsViewQt.h">
      <Filter>Header Files</Filter>
    </QtMoc>
    <QtMoc Include="RLinetypeCombo.h">
      <Filter>Header Files</Filter>
    </QtMoc>
    <ClInclude Include="RLinetypeComboDelegate.h">
      <Filter>Header Files</Filter>
    </ClInclude>
    <QtMoc Include="RLineweightCombo.h">
      <Filter>Header Files</Filter>
    </QtMoc>
    <QtMoc Include="RListView.h">
      <Filter>Header Files</Filter>
    </QtMoc>
    <QtMoc Include="RListWidget.h">
      <Filter>Header Files</Filter>
    </QtMoc>
    <QtMoc Include="RMainWindowQt.h">
      <Filter>Header Files</Filter>
    </QtMoc>
    <QtMoc Include="RMathComboBox.h">
      <Filter>Header Files</Filter>
    </QtMoc>
    <QtMoc Include="RMathLineEdit.h">
      <Filter>Header Files</Filter>
    </QtMoc>
    <QtMoc Include="RMdiArea.h">
      <Filter>Header Files</Filter>
    </QtMoc>
    <QtMoc Include="RMdiChildQt.h">
      <Filter>Header Files</Filter>
    </QtMoc>
    <QtMoc Include="RRulerQt.h">
      <Filter>Header Files</Filter>
    </QtMoc>
    <QtMoc Include="RShortcutLineEdit.h">
      <Filter>Header Files</Filter>
    </QtMoc>
    <QtMoc Include="RTextEdit.h">
      <Filter>Header Files</Filter>
    </QtMoc>
    <QtMoc Include="RToolButton.h">
      <Filter>Header Files</Filter>
    </QtMoc>
    <QtMoc Include="RToolMatrixItemDelegate.h">
      <Filter>Header Files</Filter>
    </QtMoc>
    <QtMoc Include="RTreeWidget.h">
      <Filter>Header Files</Filter>
    </QtMoc>
  </ItemGroup>
  <ItemGroup>
    
    
    
    
    
    
    
    
    
    
    
    
    
    
    
    
    
    
    
    
    
    
    
    
    
    
    
    
    
    
    
    
    
    
    
    
    
    
    
    
    
    
    
    
    
    
    
    
    
    
    
    
    <CustomBuild Include="debug\moc_predefs.h.cbt">
      <Filter>Generated Files</Filter>
    </CustomBuild>
    <CustomBuild Include="release\moc_predefs.h.cbt">
      <Filter>Generated Files</Filter>
    </CustomBuild>
  </ItemGroup>
  <ItemGroup>
    <ResourceCompile Include="gui.rc" />
  </ItemGroup>
</Project>