<?xml version="1.0" encoding="utf-8"?>
<Project xmlns="http://schemas.microsoft.com/developer/msbuild/2003">
  <ItemGroup>
    <Filter Include="Generated Files">
      <UniqueIdentifier>{71ED8ED8-ACB9-4CE9-BBE1-E00B30144E11}</UniqueIdentifier>
      <Extensions>cpp;c;cxx;moc;h;def;odl;idl;res;</Extensions>
    </Filter>
    <Filter Include="Generated Files">
      <UniqueIdentifier>{71ED8ED8-ACB9-4CE9-BBE1-E00B30144E11}</UniqueIdentifier>
      <Extensions>cpp;c;cxx;moc;h;def;odl;idl;res;</Extensions>
    </Filter>
    <Filter Include="Header Files">
      <UniqueIdentifier>{93995380-89BD-4b04-88EB-625FBE52EBFB}</UniqueIdentifier>
      <Extensions>h;hpp;hxx;hm;inl;inc;xsd</Extensions>
    </Filter>
    <Filter Include="Header Files">
      <UniqueIdentifier>{93995380-89BD-4b04-88EB-625FBE52EBFB}</UniqueIdentifier>
      <Extensions>h;hpp;hxx;hm;inl;inc;xsd</Extensions>
    </Filter>
    <Filter Include="Source Files">
      <UniqueIdentifier>{4FC737F1-C7A5-4376-A066-2A32D752A2FF}</UniqueIdentifier>
      <Extensions>cpp;c;cxx;def;odl;idl;hpj;bat;asm;asmx</Extensions>
    </Filter>
    <Filter Include="Source Files">
      <UniqueIdentifier>{4FC737F1-C7A5-4376-A066-2A32D752A2FF}</UniqueIdentifier>
      <Extensions>cpp;c;cxx;def;odl;idl;hpj;bat;asm;asmx</Extensions>
    </Filter>
  </ItemGroup>
  <ItemGroup>
    <ClCompile Include="RArcData.cpp">
      <Filter>Source Files</Filter>
    </ClCompile>
    <ClCompile Include="RArcEntity.cpp">
      <Filter>Source Files</Filter>
    </ClCompile>
    <ClCompile Include="RAttributeData.cpp">
      <Filter>Source Files</Filter>
    </ClCompile>
    <ClCompile Include="RAttributeDefinitionData.cpp">
      <Filter>Source Files</Filter>
    </ClCompile>
    <ClCompile Include="RAttributeDefinitionEntity.cpp">
      <Filter>Source Files</Filter>
    </ClCompile>
    <ClCompile Include="RAttributeEntity.cpp">
      <Filter>Source Files</Filter>
    </ClCompile>
    <ClCompile Include="RCircleData.cpp">
      <Filter>Source Files</Filter>
    </ClCompile>
    <ClCompile Include="RCircleEntity.cpp">
      <Filter>Source Files</Filter>
    </ClCompile>
    <ClCompile Include="RDimAlignedData.cpp">
      <Filter>Source Files</Filter>
    </ClCompile>
    <ClCompile Include="RDimAlignedEntity.cpp">
      <Filter>Source Files</Filter>
    </ClCompile>
    <ClCompile Include="RDimAngular2LData.cpp">
      <Filter>Source Files</Filter>
    </ClCompile>
    <ClCompile Include="RDimAngular2LEntity.cpp">
      <Filter>Source Files</Filter>
    </ClCompile>
    <ClCompile Include="RDimAngular3PData.cpp">
      <Filter>Source Files</Filter>
    </ClCompile>
    <ClCompile Include="RDimAngular3PEntity.cpp">
      <Filter>Source Files</Filter>
    </ClCompile>
    <ClCompile Include="RDimAngularData.cpp">
      <Filter>Source Files</Filter>
    </ClCompile>
    <ClCompile Include="RDimAngularEntity.cpp">
      <Filter>Source Files</Filter>
    </ClCompile>
    <ClCompile Include="RDimArcLengthData.cpp">
      <Filter>Source Files</Filter>
    </ClCompile>
    <ClCompile Include="RDimArcLengthEntity.cpp">
      <Filter>Source Files</Filter>
    </ClCompile>
    <ClCompile Include="RDimDiametricData.cpp">
      <Filter>Source Files</Filter>
    </ClCompile>
    <ClCompile Include="RDimDiametricEntity.cpp">
      <Filter>Source Files</Filter>
    </ClCompile>
    <ClCompile Include="RDimLinearData.cpp">
      <Filter>Source Files</Filter>
    </ClCompile>
    <ClCompile Include="RDimLinearEntity.cpp">
      <Filter>Source Files</Filter>
    </ClCompile>
    <ClCompile Include="RDimOrdinateData.cpp">
      <Filter>Source Files</Filter>
    </ClCompile>
    <ClCompile Include="RDimOrdinateEntity.cpp">
      <Filter>Source Files</Filter>
    </ClCompile>
    <ClCompile Include="RDimRadialData.cpp">
      <Filter>Source Files</Filter>
    </ClCompile>
    <ClCompile Include="RDimRadialEntity.cpp">
      <Filter>Source Files</Filter>
    </ClCompile>
    <ClCompile Include="RDimRotatedData.cpp">
      <Filter>Source Files</Filter>
    </ClCompile>
    <ClCompile Include="RDimRotatedEntity.cpp">
      <Filter>Source Files</Filter>
    </ClCompile>
    <ClCompile Include="RDimensionData.cpp">
      <Filter>Source Files</Filter>
    </ClCompile>
    <ClCompile Include="RDimensionEntity.cpp">
      <Filter>Source Files</Filter>
    </ClCompile>
    <ClCompile Include="REllipseData.cpp">
      <Filter>Source Files</Filter>
    </ClCompile>
    <ClCompile Include="REllipseEntity.cpp">
      <Filter>Source Files</Filter>
    </ClCompile>
    <ClCompile Include="RFaceData.cpp">
      <Filter>Source Files</Filter>
    </ClCompile>
    <ClCompile Include="RFaceEntity.cpp">
      <Filter>Source Files</Filter>
    </ClCompile>
    <ClCompile Include="RHatchData.cpp">
      <Filter>Source Files</Filter>
    </ClCompile>
    <ClCompile Include="RHatchEntity.cpp">
      <Filter>Source Files</Filter>
    </ClCompile>
    <ClCompile Include="RImageData.cpp">
      <Filter>Source Files</Filter>
    </ClCompile>
    <ClCompile Include="RImageEntity.cpp">
      <Filter>Source Files</Filter>
    </ClCompile>
    <ClCompile Include="RLeaderData.cpp">
      <Filter>Source Files</Filter>
    </ClCompile>
    <ClCompile Include="RLeaderEntity.cpp">
      <Filter>Source Files</Filter>
    </ClCompile>
    <ClCompile Include="RLineData.cpp">
      <Filter>Source Files</Filter>
    </ClCompile>
    <ClCompile Include="RLineEntity.cpp">
      <Filter>Source Files</Filter>
    </ClCompile>
    <ClCompile Include="RPointData.cpp">
      <Filter>Source Files</Filter>
    </ClCompile>
    <ClCompile Include="RPointEntity.cpp">
      <Filter>Source Files</Filter>
    </ClCompile>
    <ClCompile Include="RPolylineData.cpp">
      <Filter>Source Files</Filter>
    </ClCompile>
    <ClCompile Include="RPolylineEntity.cpp">
      <Filter>Source Files</Filter>
    </ClCompile>
    <ClCompile Include="RRayData.cpp">
      <Filter>Source Files</Filter>
    </ClCompile>
    <ClCompile Include="RRayEntity.cpp">
      <Filter>Source Files</Filter>
    </ClCompile>
    <ClCompile Include="RSolidData.cpp">
      <Filter>Source Files</Filter>
    </ClCompile>
    <ClCompile Include="RSolidEntity.cpp">
      <Filter>Source Files</Filter>
    </ClCompile>
    <ClCompile Include="RSplineData.cpp">
      <Filter>Source Files</Filter>
    </ClCompile>
    <ClCompile Include="RSplineEntity.cpp">
      <Filter>Source Files</Filter>
    </ClCompile>
    <ClCompile Include="RTextData.cpp">
      <Filter>Source Files</Filter>
    </ClCompile>
    <ClCompile Include="RTextEntity.cpp">
      <Filter>Source Files</Filter>
    </ClCompile>
    <ClCompile Include="RToleranceData.cpp">
      <Filter>Source Files</Filter>
    </ClCompile>
    <ClCompile Include="RToleranceEntity.cpp">
      <Filter>Source Files</Filter>
    </ClCompile>
    <ClCompile Include="RTraceData.cpp">
      <Filter>Source Files</Filter>
    </ClCompile>
    <ClCompile Include="RTraceEntity.cpp">
      <Filter>Source Files</Filter>
    </ClCompile>
    <ClCompile Include="RXLineData.cpp">
      <Filter>Source Files</Filter>
    </ClCompile>
    <ClCompile Include="RXLineEntity.cpp">
      <Filter>Source Files</Filter>
    </ClCompile>
  </ItemGroup>
  <ItemGroup>
    <ClInclude Include="RArcData.h">
      <Filter>Header Files</Filter>
    </ClInclude>
    <ClInclude Include="RArcEntity.h">
      <Filter>Header Files</Filter>
    </ClInclude>
    <ClInclude Include="RAttributeData.h">
      <Filter>Header Files</Filter>
    </ClInclude>
    <ClInclude Include="RAttributeDefinitionData.h">
      <Filter>Header Files</Filter>
    </ClInclude>
    <ClInclude Include="RAttributeDefinitionEntity.h">
      <Filter>Header Files</Filter>
    </ClInclude>
    <ClInclude Include="RAttributeEntity.h">
      <Filter>Header Files</Filter>
    </ClInclude>
    <ClInclude Include="RCircleData.h">
      <Filter>Header Files</Filter>
    </ClInclude>
    <ClInclude Include="RCircleEntity.h">
      <Filter>Header Files</Filter>
    </ClInclude>
    <ClInclude Include="RDimAlignedData.h">
      <Filter>Header Files</Filter>
    </ClInclude>
    <ClInclude Include="RDimAlignedEntity.h">
      <Filter>Header Files</Filter>
    </ClInclude>
    <ClInclude Include="RDimAngular2LData.h">
      <Filter>Header Files</Filter>
    </ClInclude>
    <ClInclude Include="RDimAngular2LEntity.h">
      <Filter>Header Files</Filter>
    </ClInclude>
    <ClInclude Include="RDimAngular3PData.h">
      <Filter>Header Files</Filter>
    </ClInclude>
    <ClInclude Include="RDimAngular3PEntity.h">
      <Filter>Header Files</Filter>
    </ClInclude>
    <ClInclude Include="RDimAngularData.h">
      <Filter>Header Files</Filter>
    </ClInclude>
    <ClInclude Include="RDimAngularEntity.h">
      <Filter>Header Files</Filter>
    </ClInclude>
    <ClInclude Include="RDimArcLengthData.h">
      <Filter>Header Files</Filter>
    </ClInclude>
    <ClInclude Include="RDimArcLengthEntity.h">
      <Filter>Header Files</Filter>
    </ClInclude>
    <ClInclude Include="RDimDiametricData.h">
      <Filter>Header Files</Filter>
    </ClInclude>
    <ClInclude Include="RDimDiametricEntity.h">
      <Filter>Header Files</Filter>
    </ClInclude>
    <ClInclude Include="RDimLinearData.h">
      <Filter>Header Files</Filter>
    </ClInclude>
    <ClInclude Include="RDimLinearEntity.h">
      <Filter>Header Files</Filter>
    </ClInclude>
    <ClInclude Include="RDimOrdinateData.h">
      <Filter>Header Files</Filter>
    </ClInclude>
    <ClInclude Include="RDimOrdinateEntity.h">
      <Filter>Header Files</Filter>
    </ClInclude>
    <ClInclude Include="RDimRadialData.h">
      <Filter>Header Files</Filter>
    </ClInclude>
    <ClInclude Include="RDimRadialEntity.h">
      <Filter>Header Files</Filter>
    </ClInclude>
    <ClInclude Include="RDimRotatedData.h">
      <Filter>Header Files</Filter>
    </ClInclude>
    <ClInclude Include="RDimRotatedEntity.h">
      <Filter>Header Files</Filter>
    </ClInclude>
    <ClInclude Include="RDimensionData.h">
      <Filter>Header Files</Filter>
    </ClInclude>
    <ClInclude Include="RDimensionEntity.h">
      <Filter>Header Files</Filter>
    </ClInclude>
    <ClInclude Include="REllipseData.h">
      <Filter>Header Files</Filter>
    </ClInclude>
    <ClInclude Include="REllipseEntity.h">
      <Filter>Header Files</Filter>
    </ClInclude>
    <ClInclude Include="RFaceData.h">
      <Filter>Header Files</Filter>
    </ClInclude>
    <ClInclude Include="RFaceEntity.h">
      <Filter>Header Files</Filter>
    </ClInclude>
    <ClInclude Include="RHatchData.h">
      <Filter>Header Files</Filter>
    </ClInclude>
    <ClInclude Include="RHatchEntity.h">
      <Filter>Header Files</Filter>
    </ClInclude>
    <ClInclude Include="RHatchProxy.h">
      <Filter>Header Files</Filter>
    </ClInclude>
    <ClInclude Include="RImageData.h">
      <Filter>Header Files</Filter>
    </ClInclude>
    <ClInclude Include="RImageEntity.h">
      <Filter>Header Files</Filter>
    </ClInclude>
    <ClInclude Include="RLeaderData.h">
      <Filter>Header Files</Filter>
    </ClInclude>
    <ClInclude Include="RLeaderEntity.h">
      <Filter>Header Files</Filter>
    </ClInclude>
    <ClInclude Include="RLineData.h">
      <Filter>Header Files</Filter>
    </ClInclude>
    <ClInclude Include="RLineEntity.h">
      <Filter>Header Files</Filter>
    </ClInclude>
    <ClInclude Include="RPointData.h">
      <Filter>Header Files</Filter>
    </ClInclude>
    <ClInclude Include="RPointEntity.h">
      <Filter>Header Files</Filter>
    </ClInclude>
    <ClInclude Include="RPolylineData.h">
      <Filter>Header Files</Filter>
    </ClInclude>
    <ClInclude Include="RPolylineEntity.h">
      <Filter>Header Files</Filter>
    </ClInclude>
    <ClInclude Include="RRayData.h">
      <Filter>Header Files</Filter>
    </ClInclude>
    <ClInclude Include="RRayEntity.h">
      <Filter>Header Files</Filter>
    </ClInclude>
    <ClInclude Include="RSolidData.h">
      <Filter>Header Files</Filter>
    </ClInclude>
    <ClInclude Include="RSolidEntity.h">
      <Filter>Header Files</Filter>
    </ClInclude>
    <ClInclude Include="RSplineData.h">
      <Filter>Header Files</Filter>
    </ClInclude>
    <ClInclude Include="RSplineEntity.h">
      <Filter>Header Files</Filter>
    </ClInclude>
    <ClInclude Include="RTextData.h">
      <Filter>Header Files</Filter>
    </ClInclude>
    <ClInclude Include="RTextEntity.h">
      <Filter>Header Files</Filter>
    </ClInclude>
    <ClInclude Include="RToleranceData.h">
      <Filter>Header Files</Filter>
    </ClInclude>
    <ClInclude Include="RToleranceEntity.h">
      <Filter>Header Files</Filter>
    </ClInclude>
    <ClInclude Include="RTraceData.h">
      <Filter>Header Files</Filter>
    </ClInclude>
    <ClInclude Include="RTraceEntity.h">
      <Filter>Header Files</Filter>
    </ClInclude>
    <ClInclude Include="RXLineData.h">
      <Filter>Header Files</Filter>
    </ClInclude>
    <ClInclude Include="RXLineEntity.h">
      <Filter>Header Files</Filter>
    </ClInclude>
  </ItemGroup>
  <ItemGroup>
    <CustomBuild Include="debug\moc_predefs.h.cbt">
      <Filter>Generated Files</Filter>
    </CustomBuild>
    <CustomBuild Include="release\moc_predefs.h.cbt">
      <Filter>Generated Files</Filter>
    </CustomBuild>
  </ItemGroup>
  <ItemGroup>
    <ResourceCompile Include="entity.rc" />
  </ItemGroup>
</Project>