<?xml version="1.0" encoding="utf-8"?>
<Project xmlns="http://schemas.microsoft.com/developer/msbuild/2003">
  <ItemGroup>
    <Filter Include="Generated Files">
      <UniqueIdentifier>{71ED8ED8-ACB9-4CE9-BBE1-E00B30144E11}</UniqueIdentifier>
      <Extensions>cpp;c;cxx;moc;h;def;odl;idl;res;</Extensions>
    </Filter>
    <Filter Include="Generated Files">
      <UniqueIdentifier>{71ED8ED8-ACB9-4CE9-BBE1-E00B30144E11}</UniqueIdentifier>
      <Extensions>cpp;c;cxx;moc;h;def;odl;idl;res;</Extensions>
    </Filter>
    <Filter Include="Header Files">
      <UniqueIdentifier>{93995380-89BD-4b04-88EB-625FBE52EBFB}</UniqueIdentifier>
      <Extensions>h;hpp;hxx;hm;inl;inc;xsd</Extensions>
    </Filter>
    <Filter Include="Header Files">
      <UniqueIdentifier>{93995380-89BD-4b04-88EB-625FBE52EBFB}</UniqueIdentifier>
      <Extensions>h;hpp;hxx;hm;inl;inc;xsd</Extensions>
    </Filter>
    <Filter Include="Source Files">
      <UniqueIdentifier>{4FC737F1-C7A5-4376-A066-2A32D752A2FF}</UniqueIdentifier>
      <Extensions>cpp;c;cxx;def;odl;idl;hpj;bat;asm;asmx</Extensions>
    </Filter>
    <Filter Include="Source Files">
      <UniqueIdentifier>{4FC737F1-C7A5-4376-A066-2A32D752A2FF}</UniqueIdentifier>
      <Extensions>cpp;c;cxx;def;odl;idl;hpj;bat;asm;asmx</Extensions>
    </Filter>
  </ItemGroup>
  <ItemGroup>
    <ClCompile Include="RAddObjectOperation.cpp">
      <Filter>Source Files</Filter>
    </ClCompile>
    <ClCompile Include="RAddObjectsOperation.cpp">
      <Filter>Source Files</Filter>
    </ClCompile>
    <ClCompile Include="RChangePropertyOperation.cpp">
      <Filter>Source Files</Filter>
    </ClCompile>
    <ClCompile Include="RClickReferencePointOperation.cpp">
      <Filter>Source Files</Filter>
    </ClCompile>
    <ClCompile Include="RClipboardOperation.cpp">
      <Filter>Source Files</Filter>
    </ClCompile>
    <ClCompile Include="RCopyOperation.cpp">
      <Filter>Source Files</Filter>
    </ClCompile>
    <ClCompile Include="RDeleteAllEntitiesOperation.cpp">
      <Filter>Source Files</Filter>
    </ClCompile>
    <ClCompile Include="RDeleteObjectOperation.cpp">
      <Filter>Source Files</Filter>
    </ClCompile>
    <ClCompile Include="RDeleteObjectsOperation.cpp">
      <Filter>Source Files</Filter>
    </ClCompile>
    <ClCompile Include="RDeleteSelectionOperation.cpp">
      <Filter>Source Files</Filter>
    </ClCompile>
    <ClCompile Include="RMixedOperation.cpp">
      <Filter>Source Files</Filter>
    </ClCompile>
    <ClCompile Include="RModifyObjectOperation.cpp">
      <Filter>Source Files</Filter>
    </ClCompile>
    <ClCompile Include="RModifyObjectsOperation.cpp">
      <Filter>Source Files</Filter>
    </ClCompile>
    <ClCompile Include="RMoveReferencePointOperation.cpp">
      <Filter>Source Files</Filter>
    </ClCompile>
    <ClCompile Include="RMoveSelectionOperation.cpp">
      <Filter>Source Files</Filter>
    </ClCompile>
    <ClCompile Include="ROperationUtils.cpp">
      <Filter>Source Files</Filter>
    </ClCompile>
    <ClCompile Include="RPasteOperation.cpp">
      <Filter>Source Files</Filter>
    </ClCompile>
    <ClCompile Include="RScaleSelectionOperation.cpp">
      <Filter>Source Files</Filter>
    </ClCompile>
  </ItemGroup>
  <ItemGroup>
    <ClInclude Include="RAddObjectOperation.h">
      <Filter>Header Files</Filter>
    </ClInclude>
    <ClInclude Include="RAddObjectsOperation.h">
      <Filter>Header Files</Filter>
    </ClInclude>
    <ClInclude Include="RChangePropertyOperation.h">
      <Filter>Header Files</Filter>
    </ClInclude>
    <ClInclude Include="RClickReferencePointOperation.h">
      <Filter>Header Files</Filter>
    </ClInclude>
    <ClInclude Include="RClipboardOperation.h">
      <Filter>Header Files</Filter>
    </ClInclude>
    <ClInclude Include="RCopyOperation.h">
      <Filter>Header Files</Filter>
    </ClInclude>
    <ClInclude Include="RDeleteAllEntitiesOperation.h">
      <Filter>Header Files</Filter>
    </ClInclude>
    <ClInclude Include="RDeleteObjectOperation.h">
      <Filter>Header Files</Filter>
    </ClInclude>
    <ClInclude Include="RDeleteObjectsOperation.h">
      <Filter>Header Files</Filter>
    </ClInclude>
    <ClInclude Include="RDeleteSelectionOperation.h">
      <Filter>Header Files</Filter>
    </ClInclude>
    <ClInclude Include="RMixedOperation.h">
      <Filter>Header Files</Filter>
    </ClInclude>
    <ClInclude Include="RModifyObjectOperation.h">
      <Filter>Header Files</Filter>
    </ClInclude>
    <ClInclude Include="RModifyObjectsOperation.h">
      <Filter>Header Files</Filter>
    </ClInclude>
    <ClInclude Include="RMoveReferencePointOperation.h">
      <Filter>Header Files</Filter>
    </ClInclude>
    <ClInclude Include="RMoveSelectionOperation.h">
      <Filter>Header Files</Filter>
    </ClInclude>
    <ClInclude Include="ROperationUtils.h">
      <Filter>Header Files</Filter>
    </ClInclude>
    <ClInclude Include="RPasteOperation.h">
      <Filter>Header Files</Filter>
    </ClInclude>
    <ClInclude Include="RScaleSelectionOperation.h">
      <Filter>Header Files</Filter>
    </ClInclude>
    <ClInclude Include="RTransformation.h">
      <Filter>Header Files</Filter>
    </ClInclude>
    <ClInclude Include="RTranslation.h">
      <Filter>Header Files</Filter>
    </ClInclude>
  </ItemGroup>
  <ItemGroup>
    <CustomBuild Include="debug\moc_predefs.h.cbt">
      <Filter>Generated Files</Filter>
    </CustomBuild>
    <CustomBuild Include="release\moc_predefs.h.cbt">
      <Filter>Generated Files</Filter>
    </CustomBuild>
  </ItemGroup>
  <ItemGroup>
    <ResourceCompile Include="operations.rc" />
  </ItemGroup>
</Project>