<?xml version="1.0" encoding="utf-8"?>
<Project xmlns="http://schemas.microsoft.com/developer/msbuild/2003">
  <ItemGroup>
    <Filter Include="Generated Files">
      <UniqueIdentifier>{71ED8ED8-ACB9-4CE9-BBE1-E00B30144E11}</UniqueIdentifier>
      <Extensions>cpp;c;cxx;moc;h;def;odl;idl;res;</Extensions>
    </Filter>
    <Filter Include="Generated Files">
      <UniqueIdentifier>{71ED8ED8-ACB9-4CE9-BBE1-E00B30144E11}</UniqueIdentifier>
      <Extensions>cpp;c;cxx;moc;h;def;odl;idl;res;</Extensions>
    </Filter>
    <Filter Include="Header Files">
      <UniqueIdentifier>{93995380-89BD-4b04-88EB-625FBE52EBFB}</UniqueIdentifier>
      <Extensions>h;hpp;hxx;hm;inl;inc;xsd</Extensions>
    </Filter>
    <Filter Include="Header Files">
      <UniqueIdentifier>{93995380-89BD-4b04-88EB-625FBE52EBFB}</UniqueIdentifier>
      <Extensions>h;hpp;hxx;hm;inl;inc;xsd</Extensions>
    </Filter>
    <Filter Include="Source Files">
      <UniqueIdentifier>{4FC737F1-C7A5-4376-A066-2A32D752A2FF}</UniqueIdentifier>
      <Extensions>cpp;c;cxx;def;odl;idl;hpj;bat;asm;asmx</Extensions>
    </Filter>
    <Filter Include="Source Files">
      <UniqueIdentifier>{4FC737F1-C7A5-4376-A066-2A32D752A2FF}</UniqueIdentifier>
      <Extensions>cpp;c;cxx;def;odl;idl;hpj;bat;asm;asmx</Extensions>
    </Filter>
  </ItemGroup>
  <ItemGroup>
    <ClCompile Include="RRestrictAngleLength.cpp">
      <Filter>Source Files</Filter>
    </ClCompile>
    <ClCompile Include="RRestrictHorizontal.cpp">
      <Filter>Source Files</Filter>
    </ClCompile>
    <ClCompile Include="RRestrictOff.cpp">
      <Filter>Source Files</Filter>
    </ClCompile>
    <ClCompile Include="RRestrictOrthogonal.cpp">
      <Filter>Source Files</Filter>
    </ClCompile>
    <ClCompile Include="RRestrictVertical.cpp">
      <Filter>Source Files</Filter>
    </ClCompile>
    <ClCompile Include="RSnapAuto.cpp">
      <Filter>Source Files</Filter>
    </ClCompile>
    <ClCompile Include="RSnapCenter.cpp">
      <Filter>Source Files</Filter>
    </ClCompile>
    <ClCompile Include="RSnapDistance.cpp">
      <Filter>Source Files</Filter>
    </ClCompile>
    <ClCompile Include="RSnapEnd.cpp">
      <Filter>Source Files</Filter>
    </ClCompile>
    <ClCompile Include="RSnapEntityBase.cpp">
      <Filter>Source Files</Filter>
    </ClCompile>
    <ClCompile Include="RSnapFree.cpp">
      <Filter>Source Files</Filter>
    </ClCompile>
    <ClCompile Include="RSnapGrid.cpp">
      <Filter>Source Files</Filter>
    </ClCompile>
    <ClCompile Include="RSnapIntersection.cpp">
      <Filter>Source Files</Filter>
    </ClCompile>
    <ClCompile Include="RSnapMiddle.cpp">
      <Filter>Source Files</Filter>
    </ClCompile>
    <ClCompile Include="RSnapOnEntity.cpp">
      <Filter>Source Files</Filter>
    </ClCompile>
    <ClCompile Include="RSnapPerpendicular.cpp">
      <Filter>Source Files</Filter>
    </ClCompile>
    <ClCompile Include="RSnapReference.cpp">
      <Filter>Source Files</Filter>
    </ClCompile>
    <ClCompile Include="RSnapTangential.cpp">
      <Filter>Source Files</Filter>
    </ClCompile>
  </ItemGroup>
  <ItemGroup>
    <ClInclude Include="RRestrictAngleLength.h">
      <Filter>Header Files</Filter>
    </ClInclude>
    <ClInclude Include="RRestrictHorizontal.h">
      <Filter>Header Files</Filter>
    </ClInclude>
    <ClInclude Include="RRestrictOff.h">
      <Filter>Header Files</Filter>
    </ClInclude>
    <ClInclude Include="RRestrictOrthogonal.h">
      <Filter>Header Files</Filter>
    </ClInclude>
    <ClInclude Include="RRestrictVertical.h">
      <Filter>Header Files</Filter>
    </ClInclude>
    <ClInclude Include="RSnapAuto.h">
      <Filter>Header Files</Filter>
    </ClInclude>
    <ClInclude Include="RSnapCenter.h">
      <Filter>Header Files</Filter>
    </ClInclude>
    <ClInclude Include="RSnapDistance.h">
      <Filter>Header Files</Filter>
    </ClInclude>
    <ClInclude Include="RSnapEnd.h">
      <Filter>Header Files</Filter>
    </ClInclude>
    <ClInclude Include="RSnapEntityBase.h">
      <Filter>Header Files</Filter>
    </ClInclude>
    <ClInclude Include="RSnapFree.h">
      <Filter>Header Files</Filter>
    </ClInclude>
    <ClInclude Include="RSnapGrid.h">
      <Filter>Header Files</Filter>
    </ClInclude>
    <ClInclude Include="RSnapIntersection.h">
      <Filter>Header Files</Filter>
    </ClInclude>
    <ClInclude Include="RSnapMiddle.h">
      <Filter>Header Files</Filter>
    </ClInclude>
    <ClInclude Include="RSnapOnEntity.h">
      <Filter>Header Files</Filter>
    </ClInclude>
    <ClInclude Include="RSnapPerpendicular.h">
      <Filter>Header Files</Filter>
    </ClInclude>
    <ClInclude Include="RSnapReference.h">
      <Filter>Header Files</Filter>
    </ClInclude>
    <ClInclude Include="RSnapTangential.h">
      <Filter>Header Files</Filter>
    </ClInclude>
  </ItemGroup>
  <ItemGroup>
    <CustomBuild Include="debug\moc_predefs.h.cbt">
      <Filter>Generated Files</Filter>
    </CustomBuild>
    <CustomBuild Include="release\moc_predefs.h.cbt">
      <Filter>Generated Files</Filter>
    </CustomBuild>
  </ItemGroup>
  <ItemGroup>
    <ResourceCompile Include="snap.rc" />
  </ItemGroup>
</Project>