<?xml version="1.0" encoding="utf-8"?>
<Project xmlns="http://schemas.microsoft.com/developer/msbuild/2003">
  <ItemGroup>
    <Filter Include="Generated Files">
      <UniqueIdentifier>{71ED8ED8-ACB9-4CE9-BBE1-E00B30144E11}</UniqueIdentifier>
      <Extensions>cpp;c;cxx;moc;h;def;odl;idl;res;</Extensions>
    </Filter>
    <Filter Include="Generated Files">
      <UniqueIdentifier>{71ED8ED8-ACB9-4CE9-BBE1-E00B30144E11}</UniqueIdentifier>
      <Extensions>cpp;c;cxx;moc;h;def;odl;idl;res;</Extensions>
    </Filter>
    <Filter Include="Header Files">
      <UniqueIdentifier>{93995380-89BD-4b04-88EB-625FBE52EBFB}</UniqueIdentifier>
      <Extensions>h;hpp;hxx;hm;inl;inc;xsd</Extensions>
    </Filter>
    <Filter Include="Header Files">
      <UniqueIdentifier>{93995380-89BD-4b04-88EB-625FBE52EBFB}</UniqueIdentifier>
      <Extensions>h;hpp;hxx;hm;inl;inc;xsd</Extensions>
    </Filter>
    <Filter Include="Resource Files">
      <UniqueIdentifier>{D9D6E242-F8AF-46E4-B9FD-80ECBC20BA3E}</UniqueIdentifier>
      <Extensions>qrc;*</Extensions>
      <ParseFiles>false</ParseFiles>
    </Filter>
    <Filter Include="Resource Files">
      <UniqueIdentifier>{D9D6E242-F8AF-46E4-B9FD-80ECBC20BA3E}</UniqueIdentifier>
      <Extensions>qrc;*</Extensions>
      <ParseFiles>false</ParseFiles>
    </Filter>
    <Filter Include="Source Files">
      <UniqueIdentifier>{4FC737F1-C7A5-4376-A066-2A32D752A2FF}</UniqueIdentifier>
      <Extensions>cpp;c;cxx;def;odl;idl;hpj;bat;asm;asmx</Extensions>
    </Filter>
    <Filter Include="Source Files">
      <UniqueIdentifier>{4FC737F1-C7A5-4376-A066-2A32D752A2FF}</UniqueIdentifier>
      <Extensions>cpp;c;cxx;def;odl;idl;hpj;bat;asm;asmx</Extensions>
    </Filter>
  </ItemGroup>
  <ItemGroup>
    <ClCompile Include="RAction.cpp">
      <Filter>Source Files</Filter>
    </ClCompile>
    <ClCompile Include="math\RArc.cpp">
      <Filter>Source Files</Filter>
    </ClCompile>
    <ClCompile Include="RArcExporter.cpp">
      <Filter>Source Files</Filter>
    </ClCompile>
    <ClCompile Include="RBlock.cpp">
      <Filter>Source Files</Filter>
    </ClCompile>
    <ClCompile Include="RBlockReferenceData.cpp">
      <Filter>Source Files</Filter>
    </ClCompile>
    <ClCompile Include="RBlockReferenceEntity.cpp">
      <Filter>Source Files</Filter>
    </ClCompile>
    <ClCompile Include="math\RBox.cpp">
      <Filter>Source Files</Filter>
    </ClCompile>
    <ClCompile Include="math\RCircle.cpp">
      <Filter>Source Files</Filter>
    </ClCompile>
    <ClCompile Include="RColor.cpp">
      <Filter>Source Files</Filter>
    </ClCompile>
    <ClCompile Include="RCoordinateEvent.cpp">
      <Filter>Source Files</Filter>
    </ClCompile>
    <ClCompile Include="RDebug.cpp">
      <Filter>Source Files</Filter>
    </ClCompile>
    <ClCompile Include="math\RDirected.cpp">
      <Filter>Source Files</Filter>
    </ClCompile>
    <ClCompile Include="RDocument.cpp">
      <Filter>Source Files</Filter>
    </ClCompile>
    <ClCompile Include="RDocumentInterface.cpp">
      <Filter>Source Files</Filter>
    </ClCompile>
    <ClCompile Include="RDocumentVariables.cpp">
      <Filter>Source Files</Filter>
    </ClCompile>
    <ClCompile Include="RDxfServices.cpp">
      <Filter>Source Files</Filter>
    </ClCompile>
    <ClCompile Include="math\REllipse.cpp">
      <Filter>Source Files</Filter>
    </ClCompile>
    <ClCompile Include="REntity.cpp">
      <Filter>Source Files</Filter>
    </ClCompile>
    <ClCompile Include="REntityData.cpp">
      <Filter>Source Files</Filter>
    </ClCompile>
    <ClCompile Include="REntityPickEvent.cpp">
      <Filter>Source Files</Filter>
    </ClCompile>
    <ClCompile Include="RExporter.cpp">
      <Filter>Source Files</Filter>
    </ClCompile>
    <ClCompile Include="RFileCache.cpp">
      <Filter>Source Files</Filter>
    </ClCompile>
    <ClCompile Include="RFileExporter.cpp">
      <Filter>Source Files</Filter>
    </ClCompile>
    <ClCompile Include="RFileExporterRegistry.cpp">
      <Filter>Source Files</Filter>
    </ClCompile>
    <ClCompile Include="RFileImporter.cpp">
      <Filter>Source Files</Filter>
    </ClCompile>
    <ClCompile Include="RFileImporterRegistry.cpp">
      <Filter>Source Files</Filter>
    </ClCompile>
    <ClCompile Include="RFont.cpp">
      <Filter>Source Files</Filter>
    </ClCompile>
    <ClCompile Include="RFontList.cpp">
      <Filter>Source Files</Filter>
    </ClCompile>
    <ClCompile Include="RGraphicsScene.cpp">
      <Filter>Source Files</Filter>
    </ClCompile>
    <ClCompile Include="RGraphicsView.cpp">
      <Filter>Source Files</Filter>
    </ClCompile>
    <ClCompile Include="RGrid.cpp">
      <Filter>Source Files</Filter>
    </ClCompile>
    <ClCompile Include="RGuiAction.cpp">
      <Filter>Source Files</Filter>
    </ClCompile>
    <ClCompile Include="RImporter.cpp">
      <Filter>Source Files</Filter>
    </ClCompile>
    <ClCompile Include="RInputEvent.cpp">
      <Filter>Source Files</Filter>
    </ClCompile>
    <ClCompile Include="RLayer.cpp">
      <Filter>Source Files</Filter>
    </ClCompile>
    <ClCompile Include="RLayerState.cpp">
      <Filter>Source Files</Filter>
    </ClCompile>
    <ClCompile Include="RLayout.cpp">
      <Filter>Source Files</Filter>
    </ClCompile>
    <ClCompile Include="math\RLine.cpp">
      <Filter>Source Files</Filter>
    </ClCompile>
    <ClCompile Include="RLinetype.cpp">
      <Filter>Source Files</Filter>
    </ClCompile>
    <ClCompile Include="RLinetypeList.cpp">
      <Filter>Source Files</Filter>
    </ClCompile>
    <ClCompile Include="RLinetypeListImperial.cpp">
      <Filter>Source Files</Filter>
    </ClCompile>
    <ClCompile Include="RLinetypeListMetric.cpp">
      <Filter>Source Files</Filter>
    </ClCompile>
    <ClCompile Include="RLinetypePattern.cpp">
      <Filter>Source Files</Filter>
    </ClCompile>
    <ClCompile Include="RLineweight.cpp">
      <Filter>Source Files</Filter>
    </ClCompile>
    <ClCompile Include="RLinkedStorage.cpp">
      <Filter>Source Files</Filter>
    </ClCompile>
    <ClCompile Include="RLocalPeer.cpp">
      <Filter>Source Files</Filter>
    </ClCompile>
    <ClCompile Include="RLockedFile.cpp">
      <Filter>Source Files</Filter>
    </ClCompile>
    <ClCompile Include="RLockedFile_win.cpp">
      <Filter>Source Files</Filter>
    </ClCompile>
    <ClCompile Include="RMainWindow.cpp">
      <Filter>Source Files</Filter>
    </ClCompile>
    <ClCompile Include="math\RMath.cpp">
      <Filter>Source Files</Filter>
    </ClCompile>
    <ClCompile Include="math\RMatrix.cpp">
      <Filter>Source Files</Filter>
    </ClCompile>
    <ClCompile Include="RMemoryStorage.cpp">
      <Filter>Source Files</Filter>
    </ClCompile>
    <ClCompile Include="RMouseEvent.cpp">
      <Filter>Source Files</Filter>
    </ClCompile>
    <ClCompile Include="RNavigationAction.cpp">
      <Filter>Source Files</Filter>
    </ClCompile>
    <ClCompile Include="RObject.cpp">
      <Filter>Source Files</Filter>
    </ClCompile>
    <ClCompile Include="RPainterPath.cpp">
      <Filter>Source Files</Filter>
    </ClCompile>
    <ClCompile Include="RPainterPathDevice.cpp">
      <Filter>Source Files</Filter>
    </ClCompile>
    <ClCompile Include="RPainterPathEngine.cpp">
      <Filter>Source Files</Filter>
    </ClCompile>
    <ClCompile Include="RPainterPathExporter.cpp">
      <Filter>Source Files</Filter>
    </ClCompile>
    <ClCompile Include="RPainterPathSource.cpp">
      <Filter>Source Files</Filter>
    </ClCompile>
    <ClCompile Include="RPattern.cpp">
      <Filter>Source Files</Filter>
    </ClCompile>
    <ClCompile Include="RPatternLine.cpp">
      <Filter>Source Files</Filter>
    </ClCompile>
    <ClCompile Include="RPatternList.cpp">
      <Filter>Source Files</Filter>
    </ClCompile>
    <ClCompile Include="RPatternListImperial.cpp">
      <Filter>Source Files</Filter>
    </ClCompile>
    <ClCompile Include="RPatternListMetric.cpp">
      <Filter>Source Files</Filter>
    </ClCompile>
    <ClCompile Include="RPluginLoader.cpp">
      <Filter>Source Files</Filter>
    </ClCompile>
    <ClCompile Include="math\RPoint.cpp">
      <Filter>Source Files</Filter>
    </ClCompile>
    <ClCompile Include="math\RPolyline.cpp">
      <Filter>Source Files</Filter>
    </ClCompile>
    <ClCompile Include="RPropertyAttributes.cpp">
      <Filter>Source Files</Filter>
    </ClCompile>
    <ClCompile Include="RPropertyChange.cpp">
      <Filter>Source Files</Filter>
    </ClCompile>
    <ClCompile Include="RPropertyEditor.cpp">
      <Filter>Source Files</Filter>
    </ClCompile>
    <ClCompile Include="RPropertyTypeId.cpp">
      <Filter>Source Files</Filter>
    </ClCompile>
    <ClCompile Include="math\RRay.cpp">
      <Filter>Source Files</Filter>
    </ClCompile>
    <ClCompile Include="math\RRefPoint.cpp">
      <Filter>Source Files</Filter>
    </ClCompile>
    <ClCompile Include="RResourceList.cpp">
      <Filter>Source Files</Filter>
    </ClCompile>
    <ClCompile Include="RS.cpp">
      <Filter>Source Files</Filter>
    </ClCompile>
    <ClCompile Include="RSPlatform.cpp">
      <Filter>Source Files</Filter>
    </ClCompile>
    <ClCompile Include="RScriptAction.cpp">
      <Filter>Source Files</Filter>
    </ClCompile>
    <ClCompile Include="RScriptHandler.cpp">
      <Filter>Source Files</Filter>
    </ClCompile>
    <ClCompile Include="RScriptHandlerRegistry.cpp">
      <Filter>Source Files</Filter>
    </ClCompile>
    <ClCompile Include="RSettings.cpp">
      <Filter>Source Files</Filter>
    </ClCompile>
    <ClCompile Include="math\RShape.cpp">
      <Filter>Source Files</Filter>
    </ClCompile>
    <ClCompile Include="RShapesExporter.cpp">
      <Filter>Source Files</Filter>
    </ClCompile>
    <ClCompile Include="RSingleApplication.cpp">
      <Filter>Source Files</Filter>
    </ClCompile>
    <ClCompile Include="RSingleton.cpp">
      <Filter>Source Files</Filter>
    </ClCompile>
    <ClCompile Include="RSpatialIndex.cpp">
      <Filter>Source Files</Filter>
    </ClCompile>
    <ClCompile Include="RSpatialIndexSimple.cpp">
      <Filter>Source Files</Filter>
    </ClCompile>
    <ClCompile Include="math\RSpline.cpp">
      <Filter>Source Files</Filter>
    </ClCompile>
    <ClCompile Include="RStorage.cpp">
      <Filter>Source Files</Filter>
    </ClCompile>
    <ClCompile Include="RStorageBlockSort.cpp">
      <Filter>Source Files</Filter>
    </ClCompile>
    <ClCompile Include="RStorageLayerSort.cpp">
      <Filter>Source Files</Filter>
    </ClCompile>
    <ClCompile Include="RTabletEvent.cpp">
      <Filter>Source Files</Filter>
    </ClCompile>
    <ClCompile Include="RTextBasedData.cpp">
      <Filter>Source Files</Filter>
    </ClCompile>
    <ClCompile Include="RTextBasedEntity.cpp">
      <Filter>Source Files</Filter>
    </ClCompile>
    <ClCompile Include="math\RTextLabel.cpp">
      <Filter>Source Files</Filter>
    </ClCompile>
    <ClCompile Include="RTextLayout.cpp">
      <Filter>Source Files</Filter>
    </ClCompile>
    <ClCompile Include="RTextRenderer.cpp">
      <Filter>Source Files</Filter>
    </ClCompile>
    <ClCompile Include="RThread.cpp">
      <Filter>Source Files</Filter>
    </ClCompile>
    <ClCompile Include="RTransaction.cpp">
      <Filter>Source Files</Filter>
    </ClCompile>
    <ClCompile Include="RTransactionStack.cpp">
      <Filter>Source Files</Filter>
    </ClCompile>
    <ClCompile Include="math\RTransform.cpp">
      <Filter>Source Files</Filter>
    </ClCompile>
    <ClCompile Include="math\RTriangle.cpp">
      <Filter>Source Files</Filter>
    </ClCompile>
    <ClCompile Include="RUcs.cpp">
      <Filter>Source Files</Filter>
    </ClCompile>
    <ClCompile Include="RUnit.cpp">
      <Filter>Source Files</Filter>
    </ClCompile>
    <ClCompile Include="math\RVector.cpp">
      <Filter>Source Files</Filter>
    </ClCompile>
    <ClCompile Include="RView.cpp">
      <Filter>Source Files</Filter>
    </ClCompile>
    <ClCompile Include="RViewportData.cpp">
      <Filter>Source Files</Filter>
    </ClCompile>
    <ClCompile Include="RViewportEntity.cpp">
      <Filter>Source Files</Filter>
    </ClCompile>
    <ClCompile Include="RWheelEvent.cpp">
      <Filter>Source Files</Filter>
    </ClCompile>
    <ClCompile Include="RWidget.cpp">
      <Filter>Source Files</Filter>
    </ClCompile>
    <ClCompile Include="math\RXLine.cpp">
      <Filter>Source Files</Filter>
    </ClCompile>
  </ItemGroup>
  <ItemGroup>
    <ClInclude Include="RAction.h">
      <Filter>Header Files</Filter>
    </ClInclude>
    <ClInclude Include="RActionAdapter.h">
      <Filter>Header Files</Filter>
    </ClInclude>
    <ClInclude Include="math\RArc.h">
      <Filter>Header Files</Filter>
    </ClInclude>
    <ClInclude Include="RArcExporter.h">
      <Filter>Header Files</Filter>
    </ClInclude>
    <ClInclude Include="RBlock.h">
      <Filter>Header Files</Filter>
    </ClInclude>
    <ClInclude Include="RBlockListener.h">
      <Filter>Header Files</Filter>
    </ClInclude>
    <ClInclude Include="RBlockReferenceData.h">
      <Filter>Header Files</Filter>
    </ClInclude>
    <ClInclude Include="RBlockReferenceEntity.h">
      <Filter>Header Files</Filter>
    </ClInclude>
    <ClInclude Include="math\RBox.h">
      <Filter>Header Files</Filter>
    </ClInclude>
    <ClInclude Include="math\RCircle.h">
      <Filter>Header Files</Filter>
    </ClInclude>
    <ClInclude Include="RColor.h">
      <Filter>Header Files</Filter>
    </ClInclude>
    <ClInclude Include="RColorCodes.h">
      <Filter>Header Files</Filter>
    </ClInclude>
    <ClInclude Include="RCommandEvent.h">
      <Filter>Header Files</Filter>
    </ClInclude>
    <ClInclude Include="RCoordinateEvent.h">
      <Filter>Header Files</Filter>
    </ClInclude>
    <ClInclude Include="RCoordinateListener.h">
      <Filter>Header Files</Filter>
    </ClInclude>
    <ClInclude Include="RDebug.h">
      <Filter>Header Files</Filter>
    </ClInclude>
    <ClInclude Include="math\RDirected.h">
      <Filter>Header Files</Filter>
    </ClInclude>
    <ClInclude Include="RDocument.h">
      <Filter>Header Files</Filter>
    </ClInclude>
    <ClInclude Include="RDocumentInterface.h">
      <Filter>Header Files</Filter>
    </ClInclude>
    <ClInclude Include="RDocumentVariables.h">
      <Filter>Header Files</Filter>
    </ClInclude>
    <ClInclude Include="RDxfServices.h">
      <Filter>Header Files</Filter>
    </ClInclude>
    <ClInclude Include="math\REllipse.h">
      <Filter>Header Files</Filter>
    </ClInclude>
    <ClInclude Include="math\REllipseProxy.h">
      <Filter>Header Files</Filter>
    </ClInclude>
    <ClInclude Include="REntity.h">
      <Filter>Header Files</Filter>
    </ClInclude>
    <ClInclude Include="REntityData.h">
      <Filter>Header Files</Filter>
    </ClInclude>
    <ClInclude Include="REntityExportListener.h">
      <Filter>Header Files</Filter>
    </ClInclude>
    <ClInclude Include="REntityPickEvent.h">
      <Filter>Header Files</Filter>
    </ClInclude>
    <ClInclude Include="math\RExplodable.h">
      <Filter>Header Files</Filter>
    </ClInclude>
    <ClInclude Include="RExportListener.h">
      <Filter>Header Files</Filter>
    </ClInclude>
    <ClInclude Include="RExporter.h">
      <Filter>Header Files</Filter>
    </ClInclude>
    <ClInclude Include="RFileCache.h">
      <Filter>Header Files</Filter>
    </ClInclude>
    <ClInclude Include="RFileExporter.h">
      <Filter>Header Files</Filter>
    </ClInclude>
    <ClInclude Include="RFileExporterFactory.h">
      <Filter>Header Files</Filter>
    </ClInclude>
    <ClInclude Include="RFileExporterRegistry.h">
      <Filter>Header Files</Filter>
    </ClInclude>
    <ClInclude Include="RFileImporter.h">
      <Filter>Header Files</Filter>
    </ClInclude>
    <ClInclude Include="RFileImporterFactory.h">
      <Filter>Header Files</Filter>
    </ClInclude>
    <ClInclude Include="RFileImporterRegistry.h">
      <Filter>Header Files</Filter>
    </ClInclude>
    <ClInclude Include="RFocusListener.h">
      <Filter>Header Files</Filter>
    </ClInclude>
    <ClInclude Include="RFont.h">
      <Filter>Header Files</Filter>
    </ClInclude>
    <ClInclude Include="RFontList.h">
      <Filter>Header Files</Filter>
    </ClInclude>
    <ClInclude Include="RGlobal.h">
      <Filter>Header Files</Filter>
    </ClInclude>
    <ClInclude Include="RGraphicsScene.h">
      <Filter>Header Files</Filter>
    </ClInclude>
    <ClInclude Include="RGraphicsView.h">
      <Filter>Header Files</Filter>
    </ClInclude>
    <ClInclude Include="RGrid.h">
      <Filter>Header Files</Filter>
    </ClInclude>
    <CustomBuild Include="RGuiAction.h">
      <Filter>Header Files</Filter>
    </CustomBuild>
    <ClInclude Include="RImportListener.h">
      <Filter>Header Files</Filter>
    </ClInclude>
    <ClInclude Include="RImporter.h">
      <Filter>Header Files</Filter>
    </ClInclude>
    <ClInclude Include="RInputEvent.h">
      <Filter>Header Files</Filter>
    </ClInclude>
    <ClInclude Include="RInterTransactionListener.h">
      <Filter>Header Files</Filter>
    </ClInclude>
    <ClInclude Include="RLayer.h">
      <Filter>Header Files</Filter>
    </ClInclude>
    <ClInclude Include="RLayerListener.h">
      <Filter>Header Files</Filter>
    </ClInclude>
    <ClInclude Include="RLayerState.h">
      <Filter>Header Files</Filter>
    </ClInclude>
    <ClInclude Include="RLayout.h">
      <Filter>Header Files</Filter>
    </ClInclude>
    <ClInclude Include="math\RLine.h">
      <Filter>Header Files</Filter>
    </ClInclude>
    <ClInclude Include="RLinetype.h">
      <Filter>Header Files</Filter>
    </ClInclude>
    <ClInclude Include="RLinetypeList.h">
      <Filter>Header Files</Filter>
    </ClInclude>
    <ClInclude Include="RLinetypeListImperial.h">
      <Filter>Header Files</Filter>
    </ClInclude>
    <ClInclude Include="RLinetypeListMetric.h">
      <Filter>Header Files</Filter>
    </ClInclude>
    <ClInclude Include="RLinetypePattern.h">
      <Filter>Header Files</Filter>
    </ClInclude>
    <ClInclude Include="RLineweight.h">
      <Filter>Header Files</Filter>
    </ClInclude>
    <ClInclude Include="RLinkedStorage.h">
      <Filter>Header Files</Filter>
    </ClInclude>
    <CustomBuild Include="RLocalPeer.h">
      <Filter>Header Files</Filter>
    </CustomBuild>
    <ClInclude Include="RLockedFile.h">
      <Filter>Header Files</Filter>
    </ClInclude>
    <ClInclude Include="RMainWindow.h">
      <Filter>Header Files</Filter>
    </ClInclude>
    <ClInclude Include="math\RMath.h">
      <Filter>Header Files</Filter>
    </ClInclude>
    <ClInclude Include="math\RMatrix.h">
      <Filter>Header Files</Filter>
    </ClInclude>
    <ClInclude Include="RMemoryStorage.h">
      <Filter>Header Files</Filter>
    </ClInclude>
    <ClInclude Include="RMessageHandler.h">
      <Filter>Header Files</Filter>
    </ClInclude>
    <ClInclude Include="RMetaTypes.h">
      <Filter>Header Files</Filter>
    </ClInclude>
    <ClInclude Include="RModifiedListener.h">
      <Filter>Header Files</Filter>
    </ClInclude>
    <ClInclude Include="RMouseCoordinateListener.h">
      <Filter>Header Files</Filter>
    </ClInclude>
    <ClInclude Include="RMouseEvent.h">
      <Filter>Header Files</Filter>
    </ClInclude>
    <ClInclude Include="RNavigationAction.h">
      <Filter>Header Files</Filter>
    </ClInclude>
    <ClInclude Include="RNewDocumentListener.h">
      <Filter>Header Files</Filter>
    </ClInclude>
    <ClInclude Include="RNonCopyable.h">
      <Filter>Header Files</Filter>
    </ClInclude>
    <ClInclude Include="RObject.h">
      <Filter>Header Files</Filter>
    </ClInclude>
    <ClInclude Include="ROperation.h">
      <Filter>Header Files</Filter>
    </ClInclude>
    <ClInclude Include="RPainterPath.h">
      <Filter>Header Files</Filter>
    </ClInclude>
    <ClInclude Include="RPainterPathDevice.h">
      <Filter>Header Files</Filter>
    </ClInclude>
    <ClInclude Include="RPainterPathEngine.h">
      <Filter>Header Files</Filter>
    </ClInclude>
    <ClInclude Include="RPainterPathExporter.h">
      <Filter>Header Files</Filter>
    </ClInclude>
    <ClInclude Include="RPainterPathSource.h">
      <Filter>Header Files</Filter>
    </ClInclude>
    <ClInclude Include="RPaletteListener.h">
      <Filter>Header Files</Filter>
    </ClInclude>
    <ClInclude Include="RPattern.h">
      <Filter>Header Files</Filter>
    </ClInclude>
    <ClInclude Include="RPatternLine.h">
      <Filter>Header Files</Filter>
    </ClInclude>
    <ClInclude Include="RPatternList.h">
      <Filter>Header Files</Filter>
    </ClInclude>
    <ClInclude Include="RPatternListImperial.h">
      <Filter>Header Files</Filter>
    </ClInclude>
    <ClInclude Include="RPatternListMetric.h">
      <Filter>Header Files</Filter>
    </ClInclude>
    <ClInclude Include="RPenListener.h">
      <Filter>Header Files</Filter>
    </ClInclude>
    <ClInclude Include="RPluginInfo.h">
      <Filter>Header Files</Filter>
    </ClInclude>
    <ClInclude Include="RPluginInterface.h">
      <Filter>Header Files</Filter>
    </ClInclude>
    <ClInclude Include="RPluginLoader.h">
      <Filter>Header Files</Filter>
    </ClInclude>
    <ClInclude Include="math\RPoint.h">
      <Filter>Header Files</Filter>
    </ClInclude>
    <ClInclude Include="math\RPolyline.h">
      <Filter>Header Files</Filter>
    </ClInclude>
    <ClInclude Include="math\RPolylineProxy.h">
      <Filter>Header Files</Filter>
    </ClInclude>
    <ClInclude Include="RPreferencesListener.h">
      <Filter>Header Files</Filter>
    </ClInclude>
    <ClInclude Include="RProgressHandler.h">
      <Filter>Header Files</Filter>
    </ClInclude>
    <ClInclude Include="RPropertyAttributes.h">
      <Filter>Header Files</Filter>
    </ClInclude>
    <ClInclude Include="RPropertyChange.h">
      <Filter>Header Files</Filter>
    </ClInclude>
    <ClInclude Include="RPropertyEditor.h">
      <Filter>Header Files</Filter>
    </ClInclude>
    <ClInclude Include="RPropertyEvent.h">
      <Filter>Header Files</Filter>
    </ClInclude>
    <ClInclude Include="RPropertyListener.h">
      <Filter>Header Files</Filter>
    </ClInclude>
    <ClInclude Include="RPropertyTypeId.h">
      <Filter>Header Files</Filter>
    </ClInclude>
    <ClInclude Include="math\RRay.h">
      <Filter>Header Files</Filter>
    </ClInclude>
    <ClInclude Include="math\RRefPoint.h">
      <Filter>Header Files</Filter>
    </ClInclude>
    <ClInclude Include="RRequireHeap.h">
      <Filter>Header Files</Filter>
    </ClInclude>
    <ClInclude Include="RResourceList.h">
      <Filter>Header Files</Filter>
    </ClInclude>
    <ClInclude Include="RRuler.h">
      <Filter>Header Files</Filter>
    </ClInclude>
    <CustomBuild Include="RRunner.h">
      <Filter>Header Files</Filter>
    </CustomBuild>
    <ClInclude Include="RS.h">
      <Filter>Header Files</Filter>
    </ClInclude>
    <ClInclude Include="RScriptAction.h">
      <Filter>Header Files</Filter>
    </ClInclude>
    <ClInclude Include="RScriptHandler.h">
      <Filter>Header Files</Filter>
    </ClInclude>
    <ClInclude Include="RScriptHandlerRegistry.h">
      <Filter>Header Files</Filter>
    </ClInclude>
    <ClInclude Include="RSelectionChangedEvent.h">
      <Filter>Header Files</Filter>
    </ClInclude>
    <ClInclude Include="RSelectionListener.h">
      <Filter>Header Files</Filter>
    </ClInclude>
    <ClInclude Include="RSettings.h">
      <Filter>Header Files</Filter>
    </ClInclude>
    <ClInclude Include="math\RShape.h">
      <Filter>Header Files</Filter>
    </ClInclude>
    <ClInclude Include="math\RShapeProxy.h">
      <Filter>Header Files</Filter>
    </ClInclude>
    <ClInclude Include="RShapesExporter.h">
      <Filter>Header Files</Filter>
    </ClInclude>
    <CustomBuild Include="RSingleApplication.h">
      <Filter>Header Files</Filter>
    </CustomBuild>
    <ClInclude Include="RSingleton.h">
      <Filter>Header Files</Filter>
    </ClInclude>
    <ClInclude Include="RSnap.h">
      <Filter>Header Files</Filter>
    </ClInclude>
    <ClInclude Include="RSnapRestriction.h">
      <Filter>Header Files</Filter>
    </ClInclude>
    <ClInclude Include="RSpatialIndex.h">
      <Filter>Header Files</Filter>
    </ClInclude>
    <ClInclude Include="RSpatialIndexSimple.h">
      <Filter>Header Files</Filter>
    </ClInclude>
    <ClInclude Include="RSpatialIndexVisitor.h">
      <Filter>Header Files</Filter>
    </ClInclude>
    <ClInclude Include="math\RSpline.h">
      <Filter>Header Files</Filter>
    </ClInclude>
    <ClInclude Include="math\RSplineProxy.h">
      <Filter>Header Files</Filter>
    </ClInclude>
    <ClInclude Include="RStorage.h">
      <Filter>Header Files</Filter>
    </ClInclude>
    <ClInclude Include="RStorageBlockSort.h">
      <Filter>Header Files</Filter>
    </ClInclude>
    <ClInclude Include="RStorageLayerSort.h">
      <Filter>Header Files</Filter>
    </ClInclude>
    <ClInclude Include="RTabletEvent.h">
      <Filter>Header Files</Filter>
    </ClInclude>
    <ClInclude Include="RTerminateEvent.h">
      <Filter>Header Files</Filter>
    </ClInclude>
    <ClInclude Include="RTextBasedData.h">
      <Filter>Header Files</Filter>
    </ClInclude>
    <ClInclude Include="RTextBasedEntity.h">
      <Filter>Header Files</Filter>
    </ClInclude>
    <ClInclude Include="math\RTextLabel.h">
      <Filter>Header Files</Filter>
    </ClInclude>
    <ClInclude Include="RTextLayout.h">
      <Filter>Header Files</Filter>
    </ClInclude>
    <ClInclude Include="RTextRenderer.h">
      <Filter>Header Files</Filter>
    </ClInclude>
    <CustomBuild Include="RThread.h">
      <Filter>Header Files</Filter>
    </CustomBuild>
    <ClInclude Include="RTransaction.h">
      <Filter>Header Files</Filter>
    </ClInclude>
    <ClInclude Include="RTransactionEvent.h">
      <Filter>Header Files</Filter>
    </ClInclude>
    <ClInclude Include="RTransactionListener.h">
      <Filter>Header Files</Filter>
    </ClInclude>
    <ClInclude Include="RTransactionStack.h">
      <Filter>Header Files</Filter>
    </ClInclude>
    <ClInclude Include="math\RTransform.h">
      <Filter>Header Files</Filter>
    </ClInclude>
    <ClInclude Include="math\RTransformOp.h">
      <Filter>Header Files</Filter>
    </ClInclude>
    <ClInclude Include="math\RTriangle.h">
      <Filter>Header Files</Filter>
    </ClInclude>
    <ClInclude Include="RUcs.h">
      <Filter>Header Files</Filter>
    </ClInclude>
    <ClInclude Include="RUcsListener.h">
      <Filter>Header Files</Filter>
    </ClInclude>
    <ClInclude Include="RUnit.h">
      <Filter>Header Files</Filter>
    </ClInclude>
    <ClInclude Include="math\RVector.h">
      <Filter>Header Files</Filter>
    </ClInclude>
    <ClInclude Include="RVersion.h">
      <Filter>Header Files</Filter>
    </ClInclude>
    <ClInclude Include="RView.h">
      <Filter>Header Files</Filter>
    </ClInclude>
    <ClInclude Include="RViewFocusListener.h">
      <Filter>Header Files</Filter>
    </ClInclude>
    <ClInclude Include="RViewListener.h">
      <Filter>Header Files</Filter>
    </ClInclude>
    <ClInclude Include="RViewportData.h">
      <Filter>Header Files</Filter>
    </ClInclude>
    <ClInclude Include="RViewportEntity.h">
      <Filter>Header Files</Filter>
    </ClInclude>
    <ClInclude Include="RWheelEvent.h">
      <Filter>Header Files</Filter>
    </ClInclude>
    <CustomBuild Include="RWidget.h">
      <Filter>Header Files</Filter>
    </CustomBuild>
    <ClInclude Include="math\RXLine.h">
      <Filter>Header Files</Filter>
    </ClInclude>
  </ItemGroup>
  <ItemGroup>
    <ClCompile Include="debug\moc_RGuiAction.cpp">
      <Filter>Generated Files</Filter>
    </ClCompile>
    <ClCompile Include="release\moc_RGuiAction.cpp">
      <Filter>Generated Files</Filter>
    </ClCompile>
    <ClCompile Include="debug\moc_RLocalPeer.cpp">
      <Filter>Generated Files</Filter>
    </ClCompile>
    <ClCompile Include="release\moc_RLocalPeer.cpp">
      <Filter>Generated Files</Filter>
    </ClCompile>
    <ClCompile Include="debug\moc_RRunner.cpp">
      <Filter>Generated Files</Filter>
    </ClCompile>
    <ClCompile Include="release\moc_RRunner.cpp">
      <Filter>Generated Files</Filter>
    </ClCompile>
    <ClCompile Include="debug\moc_RSingleApplication.cpp">
      <Filter>Generated Files</Filter>
    </ClCompile>
    <ClCompile Include="release\moc_RSingleApplication.cpp">
      <Filter>Generated Files</Filter>
    </ClCompile>
    <ClCompile Include="debug\moc_RThread.cpp">
      <Filter>Generated Files</Filter>
    </ClCompile>
    <ClCompile Include="release\moc_RThread.cpp">
      <Filter>Generated Files</Filter>
    </ClCompile>
    <ClCompile Include="debug\moc_RWidget.cpp">
      <Filter>Generated Files</Filter>
    </ClCompile>
    <ClCompile Include="release\moc_RWidget.cpp">
      <Filter>Generated Files</Filter>
    </ClCompile>
    <CustomBuild Include="debug\moc_predefs.h.cbt">
      <Filter>Generated Files</Filter>
    </CustomBuild>
    <CustomBuild Include="release\moc_predefs.h.cbt">
      <Filter>Generated Files</Filter>
    </CustomBuild>
    <ClCompile Include="debug\qrc_core.cpp">
      <Filter>Generated Files</Filter>
    </ClCompile>
    <ClCompile Include="release\qrc_core.cpp">
      <Filter>Generated Files</Filter>
    </ClCompile>
  </ItemGroup>
  <ItemGroup>
    <CustomBuild Include="resources\core.qrc">
      <Filter>Resource Files</Filter>
    </CustomBuild>
    <None Include="resources\linetype_border.svg">
      <Filter>Resource Files</Filter>
    </None>
    <None Include="resources\linetype_border2.svg">
      <Filter>Resource Files</Filter>
    </None>
    <None Include="resources\linetype_borderx2.svg">
      <Filter>Resource Files</Filter>
    </None>
    <None Include="resources\linetype_byblock.svg">
      <Filter>Resource Files</Filter>
    </None>
    <None Include="resources\linetype_bylayer.svg">
      <Filter>Resource Files</Filter>
    </None>
    <None Include="resources\linetype_center.svg">
      <Filter>Resource Files</Filter>
    </None>
    <None Include="resources\linetype_center2.svg">
      <Filter>Resource Files</Filter>
    </None>
    <None Include="resources\linetype_centerx2.svg">
      <Filter>Resource Files</Filter>
    </None>
    <None Include="resources\linetype_continuous.svg">
      <Filter>Resource Files</Filter>
    </None>
    <None Include="resources\linetype_dashdot.svg">
      <Filter>Resource Files</Filter>
    </None>
    <None Include="resources\linetype_dashdot2.svg">
      <Filter>Resource Files</Filter>
    </None>
    <None Include="resources\linetype_dashdotx2.svg">
      <Filter>Resource Files</Filter>
    </None>
    <None Include="resources\linetype_dashed.svg">
      <Filter>Resource Files</Filter>
    </None>
    <None Include="resources\linetype_dashed2.svg">
      <Filter>Resource Files</Filter>
    </None>
    <None Include="resources\linetype_dashedx2.svg">
      <Filter>Resource Files</Filter>
    </None>
    <None Include="resources\linetype_divide.svg">
      <Filter>Resource Files</Filter>
    </None>
    <None Include="resources\linetype_divide2.svg">
      <Filter>Resource Files</Filter>
    </None>
    <None Include="resources\linetype_dividex2.svg">
      <Filter>Resource Files</Filter>
    </None>
    <None Include="resources\linetype_dot.svg">
      <Filter>Resource Files</Filter>
    </None>
    <None Include="resources\linetype_dot2.svg">
      <Filter>Resource Files</Filter>
    </None>
    <None Include="resources\linetype_dotx2.svg">
      <Filter>Resource Files</Filter>
    </None>
  </ItemGroup>
  <ItemGroup>
    <ResourceCompile Include="core.rc" />
  </ItemGroup>
</Project>