<?xml version="1.0" encoding="utf-8"?>
<Project xmlns="http://schemas.microsoft.com/developer/msbuild/2003">
  <ItemGroup>
    <Filter Include="Generated Files">
      <UniqueIdentifier>{71ED8ED8-ACB9-4CE9-BBE1-E00B30144E11}</UniqueIdentifier>
      <Extensions>cpp;c;cxx;moc;h;def;odl;idl;res;</Extensions>
    </Filter>
    <Filter Include="Generated Files">
      <UniqueIdentifier>{71ED8ED8-ACB9-4CE9-BBE1-E00B30144E11}</UniqueIdentifier>
      <Extensions>cpp;c;cxx;moc;h;def;odl;idl;res;</Extensions>
    </Filter>
    <Filter Include="Header Files">
      <UniqueIdentifier>{93995380-89BD-4b04-88EB-625FBE52EBFB}</UniqueIdentifier>
      <Extensions>h;hpp;hxx;hm;inl;inc;xsd</Extensions>
    </Filter>
    <Filter Include="Header Files">
      <UniqueIdentifier>{93995380-89BD-4b04-88EB-625FBE52EBFB}</UniqueIdentifier>
      <Extensions>h;hpp;hxx;hm;inl;inc;xsd</Extensions>
    </Filter>
    <Filter Include="Source Files">
      <UniqueIdentifier>{4FC737F1-C7A5-4376-A066-2A32D752A2FF}</UniqueIdentifier>
      <Extensions>cpp;c;cxx;def;odl;idl;hpj;bat;asm;asmx</Extensions>
    </Filter>
    <Filter Include="Source Files">
      <UniqueIdentifier>{4FC737F1-C7A5-4376-A066-2A32D752A2FF}</UniqueIdentifier>
      <Extensions>cpp;c;cxx;def;odl;idl;hpj;bat;asm;asmx</Extensions>
    </Filter>
  </ItemGroup>
  <ItemGroup>
    <ClCompile Include="RAutoLoadEcma.cpp">
      <Filter>Source Files</Filter>
    </ClCompile>
    <ClCompile Include="generated\REcmaAction.cpp">
      <Filter>Source Files</Filter>
    </ClCompile>
    <ClCompile Include="generated\REcmaActionAdapter.cpp">
      <Filter>Source Files</Filter>
    </ClCompile>
    <ClCompile Include="generated\REcmaAddObjectOperation.cpp">
      <Filter>Source Files</Filter>
    </ClCompile>
    <ClCompile Include="generated\REcmaAddObjectsOperation.cpp">
      <Filter>Source Files</Filter>
    </ClCompile>
    <ClCompile Include="generated\REcmaArc.cpp">
      <Filter>Source Files</Filter>
    </ClCompile>
    <ClCompile Include="generated\REcmaArcData.cpp">
      <Filter>Source Files</Filter>
    </ClCompile>
    <ClCompile Include="generated\REcmaArcEntity.cpp">
      <Filter>Source Files</Filter>
    </ClCompile>
    <ClCompile Include="generated\REcmaAttributeData.cpp">
      <Filter>Source Files</Filter>
    </ClCompile>
    <ClCompile Include="generated\REcmaAttributeDefinitionData.cpp">
      <Filter>Source Files</Filter>
    </ClCompile>
    <ClCompile Include="generated\REcmaAttributeDefinitionEntity.cpp">
      <Filter>Source Files</Filter>
    </ClCompile>
    <ClCompile Include="generated\REcmaAttributeEntity.cpp">
      <Filter>Source Files</Filter>
    </ClCompile>
    <ClCompile Include="generated\REcmaAutoLoadEcma.cpp">
      <Filter>Source Files</Filter>
    </ClCompile>
    <ClCompile Include="generated\REcmaBlock.cpp">
      <Filter>Source Files</Filter>
    </ClCompile>
    <ClCompile Include="generated\REcmaBlockListener.cpp">
      <Filter>Source Files</Filter>
    </ClCompile>
    <ClCompile Include="generated\REcmaBlockListenerAdapter.cpp">
      <Filter>Source Files</Filter>
    </ClCompile>
    <ClCompile Include="generated\REcmaBlockReferenceData.cpp">
      <Filter>Source Files</Filter>
    </ClCompile>
    <ClCompile Include="generated\REcmaBlockReferenceEntity.cpp">
      <Filter>Source Files</Filter>
    </ClCompile>
    <ClCompile Include="generated\REcmaBox.cpp">
      <Filter>Source Files</Filter>
    </ClCompile>
    <ClCompile Include="generated\REcmaChangePropertyOperation.cpp">
      <Filter>Source Files</Filter>
    </ClCompile>
    <ClCompile Include="generated\REcmaCharacterWidget.cpp">
      <Filter>Source Files</Filter>
    </ClCompile>
    <ClCompile Include="generated\REcmaCircle.cpp">
      <Filter>Source Files</Filter>
    </ClCompile>
    <ClCompile Include="generated\REcmaCircleData.cpp">
      <Filter>Source Files</Filter>
    </ClCompile>
    <ClCompile Include="generated\REcmaCircleEntity.cpp">
      <Filter>Source Files</Filter>
    </ClCompile>
    <ClCompile Include="generated\REcmaClickReferencePointOperation.cpp">
      <Filter>Source Files</Filter>
    </ClCompile>
    <ClCompile Include="generated\REcmaClipboardOperation.cpp">
      <Filter>Source Files</Filter>
    </ClCompile>
    <ClCompile Include="generated\REcmaCloseCurrentEvent.cpp">
      <Filter>Source Files</Filter>
    </ClCompile>
    <ClCompile Include="generated\REcmaColor.cpp">
      <Filter>Source Files</Filter>
    </ClCompile>
    <ClCompile Include="generated\REcmaColorCombo.cpp">
      <Filter>Source Files</Filter>
    </ClCompile>
    <ClCompile Include="generated\REcmaCommandEvent.cpp">
      <Filter>Source Files</Filter>
    </ClCompile>
    <ClCompile Include="generated\REcmaCommandLine.cpp">
      <Filter>Source Files</Filter>
    </ClCompile>
    <ClCompile Include="generated\REcmaCoordinateEvent.cpp">
      <Filter>Source Files</Filter>
    </ClCompile>
    <ClCompile Include="generated\REcmaCoordinateListener.cpp">
      <Filter>Source Files</Filter>
    </ClCompile>
    <ClCompile Include="generated\REcmaCoordinateListenerAdapter.cpp">
      <Filter>Source Files</Filter>
    </ClCompile>
    <ClCompile Include="generated\REcmaCopyOperation.cpp">
      <Filter>Source Files</Filter>
    </ClCompile>
    <ClCompile Include="generated\REcmaDebug.cpp">
      <Filter>Source Files</Filter>
    </ClCompile>
    <ClCompile Include="generated\REcmaDeleteAllEntitiesOperation.cpp">
      <Filter>Source Files</Filter>
    </ClCompile>
    <ClCompile Include="generated\REcmaDeleteObjectOperation.cpp">
      <Filter>Source Files</Filter>
    </ClCompile>
    <ClCompile Include="generated\REcmaDeleteObjectsOperation.cpp">
      <Filter>Source Files</Filter>
    </ClCompile>
    <ClCompile Include="generated\REcmaDeleteSelectionOperation.cpp">
      <Filter>Source Files</Filter>
    </ClCompile>
    <ClCompile Include="generated\REcmaDimAlignedData.cpp">
      <Filter>Source Files</Filter>
    </ClCompile>
    <ClCompile Include="generated\REcmaDimAlignedEntity.cpp">
      <Filter>Source Files</Filter>
    </ClCompile>
    <ClCompile Include="generated\REcmaDimAngular2LData.cpp">
      <Filter>Source Files</Filter>
    </ClCompile>
    <ClCompile Include="generated\REcmaDimAngular2LEntity.cpp">
      <Filter>Source Files</Filter>
    </ClCompile>
    <ClCompile Include="generated\REcmaDimAngular3PData.cpp">
      <Filter>Source Files</Filter>
    </ClCompile>
    <ClCompile Include="generated\REcmaDimAngular3PEntity.cpp">
      <Filter>Source Files</Filter>
    </ClCompile>
    <ClCompile Include="generated\REcmaDimAngularData.cpp">
      <Filter>Source Files</Filter>
    </ClCompile>
    <ClCompile Include="generated\REcmaDimAngularEntity.cpp">
      <Filter>Source Files</Filter>
    </ClCompile>
    <ClCompile Include="generated\REcmaDimArcLengthData.cpp">
      <Filter>Source Files</Filter>
    </ClCompile>
    <ClCompile Include="generated\REcmaDimArcLengthEntity.cpp">
      <Filter>Source Files</Filter>
    </ClCompile>
    <ClCompile Include="generated\REcmaDimDiametricData.cpp">
      <Filter>Source Files</Filter>
    </ClCompile>
    <ClCompile Include="generated\REcmaDimDiametricEntity.cpp">
      <Filter>Source Files</Filter>
    </ClCompile>
    <ClCompile Include="generated\REcmaDimLinearData.cpp">
      <Filter>Source Files</Filter>
    </ClCompile>
    <ClCompile Include="generated\REcmaDimLinearEntity.cpp">
      <Filter>Source Files</Filter>
    </ClCompile>
    <ClCompile Include="generated\REcmaDimOrdinateData.cpp">
      <Filter>Source Files</Filter>
    </ClCompile>
    <ClCompile Include="generated\REcmaDimOrdinateEntity.cpp">
      <Filter>Source Files</Filter>
    </ClCompile>
    <ClCompile Include="generated\REcmaDimRadialData.cpp">
      <Filter>Source Files</Filter>
    </ClCompile>
    <ClCompile Include="generated\REcmaDimRadialEntity.cpp">
      <Filter>Source Files</Filter>
    </ClCompile>
    <ClCompile Include="generated\REcmaDimRotatedData.cpp">
      <Filter>Source Files</Filter>
    </ClCompile>
    <ClCompile Include="generated\REcmaDimRotatedEntity.cpp">
      <Filter>Source Files</Filter>
    </ClCompile>
    <ClCompile Include="generated\REcmaDimensionData.cpp">
      <Filter>Source Files</Filter>
    </ClCompile>
    <ClCompile Include="generated\REcmaDimensionEntity.cpp">
      <Filter>Source Files</Filter>
    </ClCompile>
    <ClCompile Include="generated\REcmaDirected.cpp">
      <Filter>Source Files</Filter>
    </ClCompile>
    <ClCompile Include="generated\REcmaDockWidget.cpp">
      <Filter>Source Files</Filter>
    </ClCompile>
    <ClCompile Include="generated\REcmaDocument.cpp">
      <Filter>Source Files</Filter>
    </ClCompile>
    <ClCompile Include="generated\REcmaDocumentInterface.cpp">
      <Filter>Source Files</Filter>
    </ClCompile>
    <ClCompile Include="generated\REcmaDocumentVariables.cpp">
      <Filter>Source Files</Filter>
    </ClCompile>
    <ClCompile Include="generated\REcmaDxfServices.cpp">
      <Filter>Source Files</Filter>
    </ClCompile>
    <ClCompile Include="generated\REcmaEllipse.cpp">
      <Filter>Source Files</Filter>
    </ClCompile>
    <ClCompile Include="generated\REcmaEllipseData.cpp">
      <Filter>Source Files</Filter>
    </ClCompile>
    <ClCompile Include="generated\REcmaEllipseEntity.cpp">
      <Filter>Source Files</Filter>
    </ClCompile>
    <ClCompile Include="generated\REcmaEntity.cpp">
      <Filter>Source Files</Filter>
    </ClCompile>
    <ClCompile Include="generated\REcmaEntityData.cpp">
      <Filter>Source Files</Filter>
    </ClCompile>
    <ClCompile Include="generated\REcmaEntityExportListener.cpp">
      <Filter>Source Files</Filter>
    </ClCompile>
    <ClCompile Include="generated\REcmaEntityExportListenerAdapter.cpp">
      <Filter>Source Files</Filter>
    </ClCompile>
    <ClCompile Include="generated\REcmaEntityPickEvent.cpp">
      <Filter>Source Files</Filter>
    </ClCompile>
    <ClCompile Include="generated\REcmaEventFilter.cpp">
      <Filter>Source Files</Filter>
    </ClCompile>
    <ClCompile Include="generated\REcmaEventHandler.cpp">
      <Filter>Source Files</Filter>
    </ClCompile>
    <ClCompile Include="generated\REcmaExplodable.cpp">
      <Filter>Source Files</Filter>
    </ClCompile>
    <ClCompile Include="generated\REcmaExportListener.cpp">
      <Filter>Source Files</Filter>
    </ClCompile>
    <ClCompile Include="generated\REcmaExportListenerAdapter.cpp">
      <Filter>Source Files</Filter>
    </ClCompile>
    <ClCompile Include="generated\REcmaExporter.cpp">
      <Filter>Source Files</Filter>
    </ClCompile>
    <ClCompile Include="generated\REcmaFaceData.cpp">
      <Filter>Source Files</Filter>
    </ClCompile>
    <ClCompile Include="generated\REcmaFaceEntity.cpp">
      <Filter>Source Files</Filter>
    </ClCompile>
    <ClCompile Include="generated\REcmaFileCache.cpp">
      <Filter>Source Files</Filter>
    </ClCompile>
    <ClCompile Include="generated\REcmaFileExporter.cpp">
      <Filter>Source Files</Filter>
    </ClCompile>
    <ClCompile Include="generated\REcmaFileExporterAdapter.cpp">
      <Filter>Source Files</Filter>
    </ClCompile>
    <ClCompile Include="generated\REcmaFileExporterFactory.cpp">
      <Filter>Source Files</Filter>
    </ClCompile>
    <ClCompile Include="generated\REcmaFileExporterFactoryAdapter.cpp">
      <Filter>Source Files</Filter>
    </ClCompile>
    <ClCompile Include="generated\REcmaFileExporterRegistry.cpp">
      <Filter>Source Files</Filter>
    </ClCompile>
    <ClCompile Include="generated\REcmaFileImporter.cpp">
      <Filter>Source Files</Filter>
    </ClCompile>
    <ClCompile Include="generated\REcmaFileImporterAdapter.cpp">
      <Filter>Source Files</Filter>
    </ClCompile>
    <ClCompile Include="generated\REcmaFileImporterFactory.cpp">
      <Filter>Source Files</Filter>
    </ClCompile>
    <ClCompile Include="generated\REcmaFileImporterFactoryAdapter.cpp">
      <Filter>Source Files</Filter>
    </ClCompile>
    <ClCompile Include="generated\REcmaFileImporterRegistry.cpp">
      <Filter>Source Files</Filter>
    </ClCompile>
    <ClCompile Include="generated\REcmaFileSystemModel.cpp">
      <Filter>Source Files</Filter>
    </ClCompile>
    <ClCompile Include="generated\REcmaFlowLayout.cpp">
      <Filter>Source Files</Filter>
    </ClCompile>
    <ClCompile Include="generated\REcmaFocusFrame.cpp">
      <Filter>Source Files</Filter>
    </ClCompile>
    <ClCompile Include="generated\REcmaFocusListener.cpp">
      <Filter>Source Files</Filter>
    </ClCompile>
    <ClCompile Include="generated\REcmaFocusListenerAdapter.cpp">
      <Filter>Source Files</Filter>
    </ClCompile>
    <ClCompile Include="generated\REcmaFont.cpp">
      <Filter>Source Files</Filter>
    </ClCompile>
    <ClCompile Include="generated\REcmaFontChooserWidget.cpp">
      <Filter>Source Files</Filter>
    </ClCompile>
    <ClCompile Include="generated\REcmaFontDatabase.cpp">
      <Filter>Source Files</Filter>
    </ClCompile>
    <ClCompile Include="generated\REcmaFontList.cpp">
      <Filter>Source Files</Filter>
    </ClCompile>
    <ClCompile Include="generated\REcmaGraphicsScene.cpp">
      <Filter>Source Files</Filter>
    </ClCompile>
    <ClCompile Include="generated\REcmaGraphicsSceneDrawable.cpp">
      <Filter>Source Files</Filter>
    </ClCompile>
    <ClCompile Include="generated\REcmaGraphicsSceneQt.cpp">
      <Filter>Source Files</Filter>
    </ClCompile>
    <ClCompile Include="generated\REcmaGraphicsView.cpp">
      <Filter>Source Files</Filter>
    </ClCompile>
    <ClCompile Include="generated\REcmaGraphicsViewImage.cpp">
      <Filter>Source Files</Filter>
    </ClCompile>
    <ClCompile Include="generated\REcmaGraphicsViewQt.cpp">
      <Filter>Source Files</Filter>
    </ClCompile>
    <ClCompile Include="generated\REcmaGrid.cpp">
      <Filter>Source Files</Filter>
    </ClCompile>
    <ClCompile Include="generated\REcmaGuiAction.cpp">
      <Filter>Source Files</Filter>
    </ClCompile>
    <ClCompile Include="generated\REcmaHatchData.cpp">
      <Filter>Source Files</Filter>
    </ClCompile>
    <ClCompile Include="generated\REcmaHatchEntity.cpp">
      <Filter>Source Files</Filter>
    </ClCompile>
    <ClCompile Include="REcmaHelper.cpp">
      <Filter>Source Files</Filter>
    </ClCompile>
    <ClCompile Include="generated\REcmaImageData.cpp">
      <Filter>Source Files</Filter>
    </ClCompile>
    <ClCompile Include="generated\REcmaImageEntity.cpp">
      <Filter>Source Files</Filter>
    </ClCompile>
    <ClCompile Include="generated\REcmaImportListener.cpp">
      <Filter>Source Files</Filter>
    </ClCompile>
    <ClCompile Include="generated\REcmaImportListenerAdapter.cpp">
      <Filter>Source Files</Filter>
    </ClCompile>
    <ClCompile Include="generated\REcmaImporter.cpp">
      <Filter>Source Files</Filter>
    </ClCompile>
    <ClCompile Include="generated\REcmaInputEvent.cpp">
      <Filter>Source Files</Filter>
    </ClCompile>
    <ClCompile Include="generated\REcmaInterTransactionListener.cpp">
      <Filter>Source Files</Filter>
    </ClCompile>
    <ClCompile Include="generated\REcmaInterTransactionListenerAdapter.cpp">
      <Filter>Source Files</Filter>
    </ClCompile>
    <ClCompile Include="generated\REcmaKeyListener.cpp">
      <Filter>Source Files</Filter>
    </ClCompile>
    <ClCompile Include="generated\REcmaKeyListenerAdapter.cpp">
      <Filter>Source Files</Filter>
    </ClCompile>
    <ClCompile Include="generated\REcmaLayer.cpp">
      <Filter>Source Files</Filter>
    </ClCompile>
    <ClCompile Include="generated\REcmaLayerListener.cpp">
      <Filter>Source Files</Filter>
    </ClCompile>
    <ClCompile Include="generated\REcmaLayerListenerAdapter.cpp">
      <Filter>Source Files</Filter>
    </ClCompile>
    <ClCompile Include="generated\REcmaLayerState.cpp">
      <Filter>Source Files</Filter>
    </ClCompile>
    <ClCompile Include="generated\REcmaLayout.cpp">
      <Filter>Source Files</Filter>
    </ClCompile>
    <ClCompile Include="generated\REcmaLeaderData.cpp">
      <Filter>Source Files</Filter>
    </ClCompile>
    <ClCompile Include="generated\REcmaLeaderEntity.cpp">
      <Filter>Source Files</Filter>
    </ClCompile>
    <ClCompile Include="generated\REcmaLine.cpp">
      <Filter>Source Files</Filter>
    </ClCompile>
    <ClCompile Include="generated\REcmaLineData.cpp">
      <Filter>Source Files</Filter>
    </ClCompile>
    <ClCompile Include="generated\REcmaLineEntity.cpp">
      <Filter>Source Files</Filter>
    </ClCompile>
    <ClCompile Include="generated\REcmaLinetype.cpp">
      <Filter>Source Files</Filter>
    </ClCompile>
    <ClCompile Include="generated\REcmaLinetypeCombo.cpp">
      <Filter>Source Files</Filter>
    </ClCompile>
    <ClCompile Include="generated\REcmaLinetypeList.cpp">
      <Filter>Source Files</Filter>
    </ClCompile>
    <ClCompile Include="generated\REcmaLinetypeListImperial.cpp">
      <Filter>Source Files</Filter>
    </ClCompile>
    <ClCompile Include="generated\REcmaLinetypeListMetric.cpp">
      <Filter>Source Files</Filter>
    </ClCompile>
    <ClCompile Include="generated\REcmaLinetypePattern.cpp">
      <Filter>Source Files</Filter>
    </ClCompile>
    <ClCompile Include="generated\REcmaLineweight.cpp">
      <Filter>Source Files</Filter>
    </ClCompile>
    <ClCompile Include="generated\REcmaLineweightCombo.cpp">
      <Filter>Source Files</Filter>
    </ClCompile>
    <ClCompile Include="generated\REcmaLinkedStorage.cpp">
      <Filter>Source Files</Filter>
    </ClCompile>
    <ClCompile Include="generated\REcmaListView.cpp">
      <Filter>Source Files</Filter>
    </ClCompile>
    <ClCompile Include="generated\REcmaListWidget.cpp">
      <Filter>Source Files</Filter>
    </ClCompile>
    <ClCompile Include="generated\REcmaMainWindow.cpp">
      <Filter>Source Files</Filter>
    </ClCompile>
    <ClCompile Include="generated\REcmaMainWindowQt.cpp">
      <Filter>Source Files</Filter>
    </ClCompile>
    <ClCompile Include="generated\REcmaMath.cpp">
      <Filter>Source Files</Filter>
    </ClCompile>
    <ClCompile Include="generated\REcmaMathComboBox.cpp">
      <Filter>Source Files</Filter>
    </ClCompile>
    <ClCompile Include="generated\REcmaMathLineEdit.cpp">
      <Filter>Source Files</Filter>
    </ClCompile>
    <ClCompile Include="generated\REcmaMatrix.cpp">
      <Filter>Source Files</Filter>
    </ClCompile>
    <ClCompile Include="generated\REcmaMdiArea.cpp">
      <Filter>Source Files</Filter>
    </ClCompile>
    <ClCompile Include="generated\REcmaMdiChildQt.cpp">
      <Filter>Source Files</Filter>
    </ClCompile>
    <ClCompile Include="generated\REcmaMemoryStorage.cpp">
      <Filter>Source Files</Filter>
    </ClCompile>
    <ClCompile Include="generated\REcmaMessageHandler.cpp">
      <Filter>Source Files</Filter>
    </ClCompile>
    <ClCompile Include="generated\REcmaMixedOperation.cpp">
      <Filter>Source Files</Filter>
    </ClCompile>
    <ClCompile Include="generated\REcmaModifiedListener.cpp">
      <Filter>Source Files</Filter>
    </ClCompile>
    <ClCompile Include="generated\REcmaModifyObjectOperation.cpp">
      <Filter>Source Files</Filter>
    </ClCompile>
    <ClCompile Include="generated\REcmaModifyObjectsOperation.cpp">
      <Filter>Source Files</Filter>
    </ClCompile>
    <ClCompile Include="generated\REcmaMouseEvent.cpp">
      <Filter>Source Files</Filter>
    </ClCompile>
    <ClCompile Include="generated\REcmaMoveReferencePointOperation.cpp">
      <Filter>Source Files</Filter>
    </ClCompile>
    <ClCompile Include="generated\REcmaMoveSelectionOperation.cpp">
      <Filter>Source Files</Filter>
    </ClCompile>
    <ClCompile Include="generated\REcmaNavigationAction.cpp">
      <Filter>Source Files</Filter>
    </ClCompile>
    <ClCompile Include="generated\REcmaNewDocumentListener.cpp">
      <Filter>Source Files</Filter>
    </ClCompile>
    <ClCompile Include="generated\REcmaNewDocumentListenerAdapter.cpp">
      <Filter>Source Files</Filter>
    </ClCompile>
    <ClCompile Include="generated\REcmaObject.cpp">
      <Filter>Source Files</Filter>
    </ClCompile>
    <ClCompile Include="generated\REcmaOperation.cpp">
      <Filter>Source Files</Filter>
    </ClCompile>
    <ClCompile Include="generated\REcmaOperationUtils.cpp">
      <Filter>Source Files</Filter>
    </ClCompile>
    <ClCompile Include="generated\REcmaOrthoGrid.cpp">
      <Filter>Source Files</Filter>
    </ClCompile>
    <ClCompile Include="generated\REcmaPainterPath.cpp">
      <Filter>Source Files</Filter>
    </ClCompile>
    <ClCompile Include="generated\REcmaPainterPathDevice.cpp">
      <Filter>Source Files</Filter>
    </ClCompile>
    <ClCompile Include="generated\REcmaPainterPathSource.cpp">
      <Filter>Source Files</Filter>
    </ClCompile>
    <ClCompile Include="generated\REcmaPaletteListener.cpp">
      <Filter>Source Files</Filter>
    </ClCompile>
    <ClCompile Include="generated\REcmaPaletteListenerAdapter.cpp">
      <Filter>Source Files</Filter>
    </ClCompile>
    <ClCompile Include="generated\REcmaPasteOperation.cpp">
      <Filter>Source Files</Filter>
    </ClCompile>
    <ClCompile Include="generated\REcmaPattern.cpp">
      <Filter>Source Files</Filter>
    </ClCompile>
    <ClCompile Include="generated\REcmaPatternLine.cpp">
      <Filter>Source Files</Filter>
    </ClCompile>
    <ClCompile Include="generated\REcmaPatternList.cpp">
      <Filter>Source Files</Filter>
    </ClCompile>
    <ClCompile Include="generated\REcmaPatternListImperial.cpp">
      <Filter>Source Files</Filter>
    </ClCompile>
    <ClCompile Include="generated\REcmaPatternListMetric.cpp">
      <Filter>Source Files</Filter>
    </ClCompile>
    <ClCompile Include="generated\REcmaPenListener.cpp">
      <Filter>Source Files</Filter>
    </ClCompile>
    <ClCompile Include="generated\REcmaPenListenerAdapter.cpp">
      <Filter>Source Files</Filter>
    </ClCompile>
    <ClCompile Include="generated\REcmaPluginInfo.cpp">
      <Filter>Source Files</Filter>
    </ClCompile>
    <ClCompile Include="generated\REcmaPluginInterface.cpp">
      <Filter>Source Files</Filter>
    </ClCompile>
    <ClCompile Include="generated\REcmaPluginLoader.cpp">
      <Filter>Source Files</Filter>
    </ClCompile>
    <ClCompile Include="generated\REcmaPoint.cpp">
      <Filter>Source Files</Filter>
    </ClCompile>
    <ClCompile Include="generated\REcmaPointData.cpp">
      <Filter>Source Files</Filter>
    </ClCompile>
    <ClCompile Include="generated\REcmaPointEntity.cpp">
      <Filter>Source Files</Filter>
    </ClCompile>
    <ClCompile Include="generated\REcmaPolyline.cpp">
      <Filter>Source Files</Filter>
    </ClCompile>
    <ClCompile Include="generated\REcmaPolylineData.cpp">
      <Filter>Source Files</Filter>
    </ClCompile>
    <ClCompile Include="generated\REcmaPolylineEntity.cpp">
      <Filter>Source Files</Filter>
    </ClCompile>
    <ClCompile Include="generated\REcmaPreferencesListener.cpp">
      <Filter>Source Files</Filter>
    </ClCompile>
    <ClCompile Include="generated\REcmaPreferencesListenerAdapter.cpp">
      <Filter>Source Files</Filter>
    </ClCompile>
    <ClCompile Include="generated\REcmaProgressHandler.cpp">
      <Filter>Source Files</Filter>
    </ClCompile>
    <ClCompile Include="generated\REcmaPropertyAttributes.cpp">
      <Filter>Source Files</Filter>
    </ClCompile>
    <ClCompile Include="generated\REcmaPropertyChange.cpp">
      <Filter>Source Files</Filter>
    </ClCompile>
    <ClCompile Include="generated\REcmaPropertyEditor.cpp">
      <Filter>Source Files</Filter>
    </ClCompile>
    <ClCompile Include="generated\REcmaPropertyEvent.cpp">
      <Filter>Source Files</Filter>
    </ClCompile>
    <ClCompile Include="generated\REcmaPropertyListener.cpp">
      <Filter>Source Files</Filter>
    </ClCompile>
    <ClCompile Include="generated\REcmaPropertyTypeId.cpp">
      <Filter>Source Files</Filter>
    </ClCompile>
    <ClCompile Include="generated\REcmaRay.cpp">
      <Filter>Source Files</Filter>
    </ClCompile>
    <ClCompile Include="generated\REcmaRayData.cpp">
      <Filter>Source Files</Filter>
    </ClCompile>
    <ClCompile Include="generated\REcmaRayEntity.cpp">
      <Filter>Source Files</Filter>
    </ClCompile>
    <ClCompile Include="generated\REcmaRefPoint.cpp">
      <Filter>Source Files</Filter>
    </ClCompile>
    <ClCompile Include="generated\REcmaRestrictAngleLength.cpp">
      <Filter>Source Files</Filter>
    </ClCompile>
    <ClCompile Include="generated\REcmaRestrictHorizontal.cpp">
      <Filter>Source Files</Filter>
    </ClCompile>
    <ClCompile Include="generated\REcmaRestrictOff.cpp">
      <Filter>Source Files</Filter>
    </ClCompile>
    <ClCompile Include="generated\REcmaRestrictOrthogonal.cpp">
      <Filter>Source Files</Filter>
    </ClCompile>
    <ClCompile Include="generated\REcmaRestrictVertical.cpp">
      <Filter>Source Files</Filter>
    </ClCompile>
    <ClCompile Include="generated\REcmaRuler.cpp">
      <Filter>Source Files</Filter>
    </ClCompile>
    <ClCompile Include="generated\REcmaRulerQt.cpp">
      <Filter>Source Files</Filter>
    </ClCompile>
    <ClCompile Include="generated\REcmaRunner.cpp">
      <Filter>Source Files</Filter>
    </ClCompile>
    <ClCompile Include="generated\REcmaS.cpp">
      <Filter>Source Files</Filter>
    </ClCompile>
    <ClCompile Include="generated\REcmaScaleSelectionOperation.cpp">
      <Filter>Source Files</Filter>
    </ClCompile>
    <ClCompile Include="generated\REcmaScriptAction.cpp">
      <Filter>Source Files</Filter>
    </ClCompile>
    <ClCompile Include="generated\REcmaScriptHandler.cpp">
      <Filter>Source Files</Filter>
    </ClCompile>
    <ClCompile Include="generated\REcmaSelectionChangedEvent.cpp">
      <Filter>Source Files</Filter>
    </ClCompile>
    <ClCompile Include="generated\REcmaSelectionListener.cpp">
      <Filter>Source Files</Filter>
    </ClCompile>
    <ClCompile Include="generated\REcmaSelectionListenerAdapter.cpp">
      <Filter>Source Files</Filter>
    </ClCompile>
    <ClCompile Include="generated\REcmaSettings.cpp">
      <Filter>Source Files</Filter>
    </ClCompile>
    <ClCompile Include="generated\REcmaShape.cpp">
      <Filter>Source Files</Filter>
    </ClCompile>
    <ClCompile Include="generated\REcmaSharedPointerArc.cpp">
      <Filter>Source Files</Filter>
    </ClCompile>
    <ClCompile Include="generated\REcmaSharedPointerArcEntity.cpp">
      <Filter>Source Files</Filter>
    </ClCompile>
    <ClCompile Include="generated\REcmaSharedPointerAttributeData.cpp">
      <Filter>Source Files</Filter>
    </ClCompile>
    <ClCompile Include="generated\REcmaSharedPointerAttributeDefinitionData.cpp">
      <Filter>Source Files</Filter>
    </ClCompile>
    <ClCompile Include="generated\REcmaSharedPointerAttributeDefinitionEntity.cpp">
      <Filter>Source Files</Filter>
    </ClCompile>
    <ClCompile Include="generated\REcmaSharedPointerAttributeEntity.cpp">
      <Filter>Source Files</Filter>
    </ClCompile>
    <ClCompile Include="generated\REcmaSharedPointerBlock.cpp">
      <Filter>Source Files</Filter>
    </ClCompile>
    <ClCompile Include="generated\REcmaSharedPointerBlockReferenceEntity.cpp">
      <Filter>Source Files</Filter>
    </ClCompile>
    <ClCompile Include="generated\REcmaSharedPointerBox.cpp">
      <Filter>Source Files</Filter>
    </ClCompile>
    <ClCompile Include="generated\REcmaSharedPointerCircle.cpp">
      <Filter>Source Files</Filter>
    </ClCompile>
    <ClCompile Include="generated\REcmaSharedPointerCircleEntity.cpp">
      <Filter>Source Files</Filter>
    </ClCompile>
    <ClCompile Include="generated\REcmaSharedPointerDimAlignedEntity.cpp">
      <Filter>Source Files</Filter>
    </ClCompile>
    <ClCompile Include="generated\REcmaSharedPointerDimAngular2LEntity.cpp">
      <Filter>Source Files</Filter>
    </ClCompile>
    <ClCompile Include="generated\REcmaSharedPointerDimAngular3PEntity.cpp">
      <Filter>Source Files</Filter>
    </ClCompile>
    <ClCompile Include="generated\REcmaSharedPointerDimAngularEntity.cpp">
      <Filter>Source Files</Filter>
    </ClCompile>
    <ClCompile Include="generated\REcmaSharedPointerDimArcLengthEntity.cpp">
      <Filter>Source Files</Filter>
    </ClCompile>
    <ClCompile Include="generated\REcmaSharedPointerDimDiametricEntity.cpp">
      <Filter>Source Files</Filter>
    </ClCompile>
    <ClCompile Include="generated\REcmaSharedPointerDimLinearEntity.cpp">
      <Filter>Source Files</Filter>
    </ClCompile>
    <ClCompile Include="generated\REcmaSharedPointerDimOrdinateEntity.cpp">
      <Filter>Source Files</Filter>
    </ClCompile>
    <ClCompile Include="generated\REcmaSharedPointerDimRadialEntity.cpp">
      <Filter>Source Files</Filter>
    </ClCompile>
    <ClCompile Include="generated\REcmaSharedPointerDimRotatedEntity.cpp">
      <Filter>Source Files</Filter>
    </ClCompile>
    <ClCompile Include="generated\REcmaSharedPointerDimensionEntity.cpp">
      <Filter>Source Files</Filter>
    </ClCompile>
    <ClCompile Include="generated\REcmaSharedPointerDirected.cpp">
      <Filter>Source Files</Filter>
    </ClCompile>
    <ClCompile Include="generated\REcmaSharedPointerDocumentVariables.cpp">
      <Filter>Source Files</Filter>
    </ClCompile>
    <ClCompile Include="generated\REcmaSharedPointerEllipse.cpp">
      <Filter>Source Files</Filter>
    </ClCompile>
    <ClCompile Include="generated\REcmaSharedPointerEllipseEntity.cpp">
      <Filter>Source Files</Filter>
    </ClCompile>
    <ClCompile Include="generated\REcmaSharedPointerEntity.cpp">
      <Filter>Source Files</Filter>
    </ClCompile>
    <ClCompile Include="generated\REcmaSharedPointerEntityData.cpp">
      <Filter>Source Files</Filter>
    </ClCompile>
    <ClCompile Include="generated\REcmaSharedPointerExplodable.cpp">
      <Filter>Source Files</Filter>
    </ClCompile>
    <ClCompile Include="generated\REcmaSharedPointerFaceEntity.cpp">
      <Filter>Source Files</Filter>
    </ClCompile>
    <ClCompile Include="generated\REcmaSharedPointerHatchEntity.cpp">
      <Filter>Source Files</Filter>
    </ClCompile>
    <ClCompile Include="generated\REcmaSharedPointerImageEntity.cpp">
      <Filter>Source Files</Filter>
    </ClCompile>
    <ClCompile Include="generated\REcmaSharedPointerLayer.cpp">
      <Filter>Source Files</Filter>
    </ClCompile>
    <ClCompile Include="generated\REcmaSharedPointerLayerState.cpp">
      <Filter>Source Files</Filter>
    </ClCompile>
    <ClCompile Include="generated\REcmaSharedPointerLayout.cpp">
      <Filter>Source Files</Filter>
    </ClCompile>
    <ClCompile Include="generated\REcmaSharedPointerLeaderEntity.cpp">
      <Filter>Source Files</Filter>
    </ClCompile>
    <ClCompile Include="generated\REcmaSharedPointerLine.cpp">
      <Filter>Source Files</Filter>
    </ClCompile>
    <ClCompile Include="generated\REcmaSharedPointerLineEntity.cpp">
      <Filter>Source Files</Filter>
    </ClCompile>
    <ClCompile Include="generated\REcmaSharedPointerLinetype.cpp">
      <Filter>Source Files</Filter>
    </ClCompile>
    <ClCompile Include="generated\REcmaSharedPointerObject.cpp">
      <Filter>Source Files</Filter>
    </ClCompile>
    <ClCompile Include="generated\REcmaSharedPointerPainterPathSource.cpp">
      <Filter>Source Files</Filter>
    </ClCompile>
    <ClCompile Include="generated\REcmaSharedPointerPoint.cpp">
      <Filter>Source Files</Filter>
    </ClCompile>
    <ClCompile Include="generated\REcmaSharedPointerPointEntity.cpp">
      <Filter>Source Files</Filter>
    </ClCompile>
    <ClCompile Include="generated\REcmaSharedPointerPolyline.cpp">
      <Filter>Source Files</Filter>
    </ClCompile>
    <ClCompile Include="generated\REcmaSharedPointerPolylineEntity.cpp">
      <Filter>Source Files</Filter>
    </ClCompile>
    <ClCompile Include="generated\REcmaSharedPointerRay.cpp">
      <Filter>Source Files</Filter>
    </ClCompile>
    <ClCompile Include="generated\REcmaSharedPointerRayEntity.cpp">
      <Filter>Source Files</Filter>
    </ClCompile>
    <ClCompile Include="generated\REcmaSharedPointerShape.cpp">
      <Filter>Source Files</Filter>
    </ClCompile>
    <ClCompile Include="generated\REcmaSharedPointerSolidEntity.cpp">
      <Filter>Source Files</Filter>
    </ClCompile>
    <ClCompile Include="generated\REcmaSharedPointerSpline.cpp">
      <Filter>Source Files</Filter>
    </ClCompile>
    <ClCompile Include="generated\REcmaSharedPointerSplineEntity.cpp">
      <Filter>Source Files</Filter>
    </ClCompile>
    <ClCompile Include="generated\REcmaSharedPointerTextBasedData.cpp">
      <Filter>Source Files</Filter>
    </ClCompile>
    <ClCompile Include="generated\REcmaSharedPointerTextBasedEntity.cpp">
      <Filter>Source Files</Filter>
    </ClCompile>
    <ClCompile Include="generated\REcmaSharedPointerTextData.cpp">
      <Filter>Source Files</Filter>
    </ClCompile>
    <ClCompile Include="generated\REcmaSharedPointerTextEntity.cpp">
      <Filter>Source Files</Filter>
    </ClCompile>
    <ClCompile Include="generated\REcmaSharedPointerTextLabel.cpp">
      <Filter>Source Files</Filter>
    </ClCompile>
    <ClCompile Include="generated\REcmaSharedPointerToleranceEntity.cpp">
      <Filter>Source Files</Filter>
    </ClCompile>
    <ClCompile Include="generated\REcmaSharedPointerTraceEntity.cpp">
      <Filter>Source Files</Filter>
    </ClCompile>
    <ClCompile Include="generated\REcmaSharedPointerTriangle.cpp">
      <Filter>Source Files</Filter>
    </ClCompile>
    <ClCompile Include="generated\REcmaSharedPointerUcs.cpp">
      <Filter>Source Files</Filter>
    </ClCompile>
    <ClCompile Include="generated\REcmaSharedPointerView.cpp">
      <Filter>Source Files</Filter>
    </ClCompile>
    <ClCompile Include="generated\REcmaSharedPointerViewportEntity.cpp">
      <Filter>Source Files</Filter>
    </ClCompile>
    <ClCompile Include="generated\REcmaSharedPointerXLine.cpp">
      <Filter>Source Files</Filter>
    </ClCompile>
    <ClCompile Include="generated\REcmaSharedPointerXLineEntity.cpp">
      <Filter>Source Files</Filter>
    </ClCompile>
    <ClCompile Include="generated\REcmaShellActionAdapter.cpp">
      <Filter>Source Files</Filter>
    </ClCompile>
    <ClCompile Include="generated\REcmaShellEventHandler.cpp">
      <Filter>Source Files</Filter>
    </ClCompile>
    <ClCompile Include="generated\REcmaShellFileExporterAdapter.cpp">
      <Filter>Source Files</Filter>
    </ClCompile>
    <ClCompile Include="generated\REcmaShellFileExporterFactoryAdapter.cpp">
      <Filter>Source Files</Filter>
    </ClCompile>
    <ClCompile Include="generated\REcmaShellFileImporterAdapter.cpp">
      <Filter>Source Files</Filter>
    </ClCompile>
    <ClCompile Include="generated\REcmaShellFileImporterFactoryAdapter.cpp">
      <Filter>Source Files</Filter>
    </ClCompile>
    <ClCompile Include="generated\REcmaShellFlowLayout.cpp">
      <Filter>Source Files</Filter>
    </ClCompile>
    <ClCompile Include="generated\REcmaShellFocusListenerAdapter.cpp">
      <Filter>Source Files</Filter>
    </ClCompile>
    <ClCompile Include="generated\REcmaShellGraphicsViewImage.cpp">
      <Filter>Source Files</Filter>
    </ClCompile>
    <ClCompile Include="generated\REcmaShellGraphicsViewQt.cpp">
      <Filter>Source Files</Filter>
    </ClCompile>
    <ClCompile Include="generated\REcmaShellListView.cpp">
      <Filter>Source Files</Filter>
    </ClCompile>
    <ClCompile Include="generated\REcmaShellListWidget.cpp">
      <Filter>Source Files</Filter>
    </ClCompile>
    <ClCompile Include="generated\REcmaShellMdiArea.cpp">
      <Filter>Source Files</Filter>
    </ClCompile>
    <ClCompile Include="generated\REcmaShellPropertyEditor.cpp">
      <Filter>Source Files</Filter>
    </ClCompile>
    <ClCompile Include="generated\REcmaShellRestrictAngleLength.cpp">
      <Filter>Source Files</Filter>
    </ClCompile>
    <ClCompile Include="generated\REcmaShellRunner.cpp">
      <Filter>Source Files</Filter>
    </ClCompile>
    <ClCompile Include="generated\REcmaShellSnap.cpp">
      <Filter>Source Files</Filter>
    </ClCompile>
    <ClCompile Include="generated\REcmaShellSnapDistance.cpp">
      <Filter>Source Files</Filter>
    </ClCompile>
    <ClCompile Include="generated\REcmaShellSnapRestriction.cpp">
      <Filter>Source Files</Filter>
    </ClCompile>
    <ClCompile Include="generated\REcmaShellSpatialIndexVisitorAdapter.cpp">
      <Filter>Source Files</Filter>
    </ClCompile>
    <ClCompile Include="generated\REcmaShellThread.cpp">
      <Filter>Source Files</Filter>
    </ClCompile>
    <ClCompile Include="generated\REcmaShellToolMatrixItemDelegate.cpp">
      <Filter>Source Files</Filter>
    </ClCompile>
    <ClCompile Include="generated\REcmaShellTreeWidget.cpp">
      <Filter>Source Files</Filter>
    </ClCompile>
    <ClCompile Include="generated\REcmaShellViewFocusListenerAdapter.cpp">
      <Filter>Source Files</Filter>
    </ClCompile>
    <ClCompile Include="generated\REcmaShellWidget.cpp">
      <Filter>Source Files</Filter>
    </ClCompile>
    <ClCompile Include="generated\REcmaShortcutLineEdit.cpp">
      <Filter>Source Files</Filter>
    </ClCompile>
    <ClCompile Include="generated\REcmaSnap.cpp">
      <Filter>Source Files</Filter>
    </ClCompile>
    <ClCompile Include="generated\REcmaSnapAuto.cpp">
      <Filter>Source Files</Filter>
    </ClCompile>
    <ClCompile Include="generated\REcmaSnapCenter.cpp">
      <Filter>Source Files</Filter>
    </ClCompile>
    <ClCompile Include="generated\REcmaSnapDistance.cpp">
      <Filter>Source Files</Filter>
    </ClCompile>
    <ClCompile Include="generated\REcmaSnapEnd.cpp">
      <Filter>Source Files</Filter>
    </ClCompile>
    <ClCompile Include="generated\REcmaSnapEntityBase.cpp">
      <Filter>Source Files</Filter>
    </ClCompile>
    <ClCompile Include="generated\REcmaSnapFree.cpp">
      <Filter>Source Files</Filter>
    </ClCompile>
    <ClCompile Include="generated\REcmaSnapGrid.cpp">
      <Filter>Source Files</Filter>
    </ClCompile>
    <ClCompile Include="generated\REcmaSnapIntersection.cpp">
      <Filter>Source Files</Filter>
    </ClCompile>
    <ClCompile Include="generated\REcmaSnapListener.cpp">
      <Filter>Source Files</Filter>
    </ClCompile>
    <ClCompile Include="generated\REcmaSnapMiddle.cpp">
      <Filter>Source Files</Filter>
    </ClCompile>
    <ClCompile Include="generated\REcmaSnapOnEntity.cpp">
      <Filter>Source Files</Filter>
    </ClCompile>
    <ClCompile Include="generated\REcmaSnapPerpendicular.cpp">
      <Filter>Source Files</Filter>
    </ClCompile>
    <ClCompile Include="generated\REcmaSnapReference.cpp">
      <Filter>Source Files</Filter>
    </ClCompile>
    <ClCompile Include="generated\REcmaSnapRestriction.cpp">
      <Filter>Source Files</Filter>
    </ClCompile>
    <ClCompile Include="generated\REcmaSnapTangential.cpp">
      <Filter>Source Files</Filter>
    </ClCompile>
    <ClCompile Include="generated\REcmaSolidData.cpp">
      <Filter>Source Files</Filter>
    </ClCompile>
    <ClCompile Include="generated\REcmaSolidEntity.cpp">
      <Filter>Source Files</Filter>
    </ClCompile>
    <ClCompile Include="generated\REcmaSpatialIndex.cpp">
      <Filter>Source Files</Filter>
    </ClCompile>
    <ClCompile Include="generated\REcmaSpatialIndexNavel.cpp">
      <Filter>Source Files</Filter>
    </ClCompile>
    <ClCompile Include="generated\REcmaSpatialIndexSimple.cpp">
      <Filter>Source Files</Filter>
    </ClCompile>
    <ClCompile Include="generated\REcmaSpatialIndexVisitor.cpp">
      <Filter>Source Files</Filter>
    </ClCompile>
    <ClCompile Include="generated\REcmaSpatialIndexVisitorAdapter.cpp">
      <Filter>Source Files</Filter>
    </ClCompile>
    <ClCompile Include="generated\REcmaSpline.cpp">
      <Filter>Source Files</Filter>
    </ClCompile>
    <ClCompile Include="generated\REcmaSplineData.cpp">
      <Filter>Source Files</Filter>
    </ClCompile>
    <ClCompile Include="generated\REcmaSplineEntity.cpp">
      <Filter>Source Files</Filter>
    </ClCompile>
    <ClCompile Include="generated\REcmaStemmer.cpp">
      <Filter>Source Files</Filter>
    </ClCompile>
    <ClCompile Include="generated\REcmaStorage.cpp">
      <Filter>Source Files</Filter>
    </ClCompile>
    <ClCompile Include="generated\REcmaTabletEvent.cpp">
      <Filter>Source Files</Filter>
    </ClCompile>
    <ClCompile Include="generated\REcmaTerminateEvent.cpp">
      <Filter>Source Files</Filter>
    </ClCompile>
    <ClCompile Include="generated\REcmaTextBasedData.cpp">
      <Filter>Source Files</Filter>
    </ClCompile>
    <ClCompile Include="generated\REcmaTextBasedEntity.cpp">
      <Filter>Source Files</Filter>
    </ClCompile>
    <ClCompile Include="generated\REcmaTextData.cpp">
      <Filter>Source Files</Filter>
    </ClCompile>
    <ClCompile Include="generated\REcmaTextEdit.cpp">
      <Filter>Source Files</Filter>
    </ClCompile>
    <ClCompile Include="generated\REcmaTextEntity.cpp">
      <Filter>Source Files</Filter>
    </ClCompile>
    <ClCompile Include="generated\REcmaTextLabel.cpp">
      <Filter>Source Files</Filter>
    </ClCompile>
    <ClCompile Include="generated\REcmaTextLayout.cpp">
      <Filter>Source Files</Filter>
    </ClCompile>
    <ClCompile Include="generated\REcmaTextRenderer.cpp">
      <Filter>Source Files</Filter>
    </ClCompile>
    <ClCompile Include="generated\REcmaThread.cpp">
      <Filter>Source Files</Filter>
    </ClCompile>
    <ClCompile Include="generated\REcmaToleranceData.cpp">
      <Filter>Source Files</Filter>
    </ClCompile>
    <ClCompile Include="generated\REcmaToleranceEntity.cpp">
      <Filter>Source Files</Filter>
    </ClCompile>
    <ClCompile Include="generated\REcmaToolButton.cpp">
      <Filter>Source Files</Filter>
    </ClCompile>
    <ClCompile Include="generated\REcmaToolMatrixItemDelegate.cpp">
      <Filter>Source Files</Filter>
    </ClCompile>
    <ClCompile Include="generated\REcmaTraceData.cpp">
      <Filter>Source Files</Filter>
    </ClCompile>
    <ClCompile Include="generated\REcmaTraceEntity.cpp">
      <Filter>Source Files</Filter>
    </ClCompile>
    <ClCompile Include="generated\REcmaTransaction.cpp">
      <Filter>Source Files</Filter>
    </ClCompile>
    <ClCompile Include="generated\REcmaTransactionEvent.cpp">
      <Filter>Source Files</Filter>
    </ClCompile>
    <ClCompile Include="generated\REcmaTransactionListener.cpp">
      <Filter>Source Files</Filter>
    </ClCompile>
    <ClCompile Include="generated\REcmaTransactionListenerAdapter.cpp">
      <Filter>Source Files</Filter>
    </ClCompile>
    <ClCompile Include="generated\REcmaTransform.cpp">
      <Filter>Source Files</Filter>
    </ClCompile>
    <ClCompile Include="generated\REcmaTransformOp.cpp">
      <Filter>Source Files</Filter>
    </ClCompile>
    <ClCompile Include="generated\REcmaTransformation.cpp">
      <Filter>Source Files</Filter>
    </ClCompile>
    <ClCompile Include="generated\REcmaTranslation.cpp">
      <Filter>Source Files</Filter>
    </ClCompile>
    <ClCompile Include="generated\REcmaTreeWidget.cpp">
      <Filter>Source Files</Filter>
    </ClCompile>
    <ClCompile Include="generated\REcmaTriangle.cpp">
      <Filter>Source Files</Filter>
    </ClCompile>
    <ClCompile Include="generated\REcmaUcs.cpp">
      <Filter>Source Files</Filter>
    </ClCompile>
    <ClCompile Include="generated\REcmaUnit.cpp">
      <Filter>Source Files</Filter>
    </ClCompile>
    <ClCompile Include="generated\REcmaVector.cpp">
      <Filter>Source Files</Filter>
    </ClCompile>
    <ClCompile Include="generated\REcmaView.cpp">
      <Filter>Source Files</Filter>
    </ClCompile>
    <ClCompile Include="generated\REcmaViewFocusListener.cpp">
      <Filter>Source Files</Filter>
    </ClCompile>
    <ClCompile Include="generated\REcmaViewFocusListenerAdapter.cpp">
      <Filter>Source Files</Filter>
    </ClCompile>
    <ClCompile Include="generated\REcmaViewListener.cpp">
      <Filter>Source Files</Filter>
    </ClCompile>
    <ClCompile Include="generated\REcmaViewListenerAdapter.cpp">
      <Filter>Source Files</Filter>
    </ClCompile>
    <ClCompile Include="generated\REcmaViewportData.cpp">
      <Filter>Source Files</Filter>
    </ClCompile>
    <ClCompile Include="generated\REcmaViewportEntity.cpp">
      <Filter>Source Files</Filter>
    </ClCompile>
    <ClCompile Include="generated\REcmaWheelEvent.cpp">
      <Filter>Source Files</Filter>
    </ClCompile>
    <ClCompile Include="generated\REcmaWidget.cpp">
      <Filter>Source Files</Filter>
    </ClCompile>
    <ClCompile Include="generated\REcmaXLine.cpp">
      <Filter>Source Files</Filter>
    </ClCompile>
    <ClCompile Include="generated\REcmaXLineData.cpp">
      <Filter>Source Files</Filter>
    </ClCompile>
    <ClCompile Include="generated\REcmaXLineEntity.cpp">
      <Filter>Source Files</Filter>
    </ClCompile>
    <ClCompile Include="adapters\RScriptAdapters.cpp">
      <Filter>Source Files</Filter>
    </ClCompile>
    <ClCompile Include="RScriptHandlerEcma.cpp">
      <Filter>Source Files</Filter>
    </ClCompile>
  </ItemGroup>
  <ItemGroup>
    <ClInclude Include="RAutoLoadEcma.h">
      <Filter>Header Files</Filter>
    </ClInclude>
    <QtMoc Include="adapters\RBlockListenerAdapter.h">
      <Filter>Header Files</Filter>
    </QtMoc>
    <QtMoc Include="adapters\RCoordinateListenerAdapter.h">
      <Filter>Header Files</Filter>
    </QtMoc>
    <ClInclude Include="generated\REcmaAction.h">
      <Filter>Header Files</Filter>
    </ClInclude>
    <ClInclude Include="generated\REcmaActionAdapter.h">
      <Filter>Header Files</Filter>
    </ClInclude>
    <ClInclude Include="generated\REcmaAddObjectOperation.h">
      <Filter>Header Files</Filter>
    </ClInclude>
    <ClInclude Include="generated\REcmaAddObjectsOperation.h">
      <Filter>Header Files</Filter>
    </ClInclude>
    <ClInclude Include="generated\REcmaArc.h">
      <Filter>Header Files</Filter>
    </ClInclude>
    <ClInclude Include="generated\REcmaArcData.h">
      <Filter>Header Files</Filter>
    </ClInclude>
    <ClInclude Include="generated\REcmaArcEntity.h">
      <Filter>Header Files</Filter>
    </ClInclude>
    <ClInclude Include="generated\REcmaAttributeData.h">
      <Filter>Header Files</Filter>
    </ClInclude>
    <ClInclude Include="generated\REcmaAttributeDefinitionData.h">
      <Filter>Header Files</Filter>
    </ClInclude>
    <ClInclude Include="generated\REcmaAttributeDefinitionEntity.h">
      <Filter>Header Files</Filter>
    </ClInclude>
    <ClInclude Include="generated\REcmaAttributeEntity.h">
      <Filter>Header Files</Filter>
    </ClInclude>
    <ClInclude Include="generated\REcmaAutoLoadEcma.h">
      <Filter>Header Files</Filter>
    </ClInclude>
    <ClInclude Include="generated\REcmaBlock.h">
      <Filter>Header Files</Filter>
    </ClInclude>
    <ClInclude Include="generated\REcmaBlockListener.h">
      <Filter>Header Files</Filter>
    </ClInclude>
    <ClInclude Include="generated\REcmaBlockListenerAdapter.h">
      <Filter>Header Files</Filter>
    </ClInclude>
    <ClInclude Include="generated\REcmaBlockReferenceData.h">
      <Filter>Header Files</Filter>
    </ClInclude>
    <ClInclude Include="generated\REcmaBlockReferenceEntity.h">
      <Filter>Header Files</Filter>
    </ClInclude>
    <ClInclude Include="generated\REcmaBox.h">
      <Filter>Header Files</Filter>
    </ClInclude>
    <ClInclude Include="generated\REcmaChangePropertyOperation.h">
      <Filter>Header Files</Filter>
    </ClInclude>
    <ClInclude Include="generated\REcmaCharacterWidget.h">
      <Filter>Header Files</Filter>
    </ClInclude>
    <ClInclude Include="generated\REcmaCircle.h">
      <Filter>Header Files</Filter>
    </ClInclude>
    <ClInclude Include="generated\REcmaCircleData.h">
      <Filter>Header Files</Filter>
    </ClInclude>
    <ClInclude Include="generated\REcmaCircleEntity.h">
      <Filter>Header Files</Filter>
    </ClInclude>
    <ClInclude Include="generated\REcmaClickReferencePointOperation.h">
      <Filter>Header Files</Filter>
    </ClInclude>
    <ClInclude Include="generated\REcmaClipboardOperation.h">
      <Filter>Header Files</Filter>
    </ClInclude>
    <ClInclude Include="generated\REcmaCloseCurrentEvent.h">
      <Filter>Header Files</Filter>
    </ClInclude>
    <ClInclude Include="generated\REcmaColor.h">
      <Filter>Header Files</Filter>
    </ClInclude>
    <ClInclude Include="generated\REcmaColorCombo.h">
      <Filter>Header Files</Filter>
    </ClInclude>
    <ClInclude Include="generated\REcmaCommandEvent.h">
      <Filter>Header Files</Filter>
    </ClInclude>
    <ClInclude Include="generated\REcmaCommandLine.h">
      <Filter>Header Files</Filter>
    </ClInclude>
    <ClInclude Include="generated\REcmaCoordinateEvent.h">
      <Filter>Header Files</Filter>
    </ClInclude>
    <ClInclude Include="generated\REcmaCoordinateListener.h">
      <Filter>Header Files</Filter>
    </ClInclude>
    <ClInclude Include="generated\REcmaCoordinateListenerAdapter.h">
      <Filter>Header Files</Filter>
    </ClInclude>
    <ClInclude Include="generated\REcmaCopyOperation.h">
      <Filter>Header Files</Filter>
    </ClInclude>
    <ClInclude Include="generated\REcmaDebug.h">
      <Filter>Header Files</Filter>
    </ClInclude>
    <ClInclude Include="generated\REcmaDeleteAllEntitiesOperation.h">
      <Filter>Header Files</Filter>
    </ClInclude>
    <ClInclude Include="generated\REcmaDeleteObjectOperation.h">
      <Filter>Header Files</Filter>
    </ClInclude>
    <ClInclude Include="generated\REcmaDeleteObjectsOperation.h">
      <Filter>Header Files</Filter>
    </ClInclude>
    <ClInclude Include="generated\REcmaDeleteSelectionOperation.h">
      <Filter>Header Files</Filter>
    </ClInclude>
    <ClInclude Include="generated\REcmaDimAlignedData.h">
      <Filter>Header Files</Filter>
    </ClInclude>
    <ClInclude Include="generated\REcmaDimAlignedEntity.h">
      <Filter>Header Files</Filter>
    </ClInclude>
    <ClInclude Include="generated\REcmaDimAngular2LData.h">
      <Filter>Header Files</Filter>
    </ClInclude>
    <ClInclude Include="generated\REcmaDimAngular2LEntity.h">
      <Filter>Header Files</Filter>
    </ClInclude>
    <ClInclude Include="generated\REcmaDimAngular3PData.h">
      <Filter>Header Files</Filter>
    </ClInclude>
    <ClInclude Include="generated\REcmaDimAngular3PEntity.h">
      <Filter>Header Files</Filter>
    </ClInclude>
    <ClInclude Include="generated\REcmaDimAngularData.h">
      <Filter>Header Files</Filter>
    </ClInclude>
    <ClInclude Include="generated\REcmaDimAngularEntity.h">
      <Filter>Header Files</Filter>
    </ClInclude>
    <ClInclude Include="generated\REcmaDimArcLengthData.h">
      <Filter>Header Files</Filter>
    </ClInclude>
    <ClInclude Include="generated\REcmaDimArcLengthEntity.h">
      <Filter>Header Files</Filter>
    </ClInclude>
    <ClInclude Include="generated\REcmaDimDiametricData.h">
      <Filter>Header Files</Filter>
    </ClInclude>
    <ClInclude Include="generated\REcmaDimDiametricEntity.h">
      <Filter>Header Files</Filter>
    </ClInclude>
    <ClInclude Include="generated\REcmaDimLinearData.h">
      <Filter>Header Files</Filter>
    </ClInclude>
    <ClInclude Include="generated\REcmaDimLinearEntity.h">
      <Filter>Header Files</Filter>
    </ClInclude>
    <ClInclude Include="generated\REcmaDimOrdinateData.h">
      <Filter>Header Files</Filter>
    </ClInclude>
    <ClInclude Include="generated\REcmaDimOrdinateEntity.h">
      <Filter>Header Files</Filter>
    </ClInclude>
    <ClInclude Include="generated\REcmaDimRadialData.h">
      <Filter>Header Files</Filter>
    </ClInclude>
    <ClInclude Include="generated\REcmaDimRadialEntity.h">
      <Filter>Header Files</Filter>
    </ClInclude>
    <ClInclude Include="generated\REcmaDimRotatedData.h">
      <Filter>Header Files</Filter>
    </ClInclude>
    <ClInclude Include="generated\REcmaDimRotatedEntity.h">
      <Filter>Header Files</Filter>
    </ClInclude>
    <ClInclude Include="generated\REcmaDimensionData.h">
      <Filter>Header Files</Filter>
    </ClInclude>
    <ClInclude Include="generated\REcmaDimensionEntity.h">
      <Filter>Header Files</Filter>
    </ClInclude>
    <ClInclude Include="generated\REcmaDirected.h">
      <Filter>Header Files</Filter>
    </ClInclude>
    <ClInclude Include="generated\REcmaDockWidget.h">
      <Filter>Header Files</Filter>
    </ClInclude>
    <ClInclude Include="generated\REcmaDocument.h">
      <Filter>Header Files</Filter>
    </ClInclude>
    <ClInclude Include="generated\REcmaDocumentInterface.h">
      <Filter>Header Files</Filter>
    </ClInclude>
    <ClInclude Include="generated\REcmaDocumentVariables.h">
      <Filter>Header Files</Filter>
    </ClInclude>
    <ClInclude Include="generated\REcmaDxfServices.h">
      <Filter>Header Files</Filter>
    </ClInclude>
    <ClInclude Include="generated\REcmaEllipse.h">
      <Filter>Header Files</Filter>
    </ClInclude>
    <ClInclude Include="generated\REcmaEllipseData.h">
      <Filter>Header Files</Filter>
    </ClInclude>
    <ClInclude Include="generated\REcmaEllipseEntity.h">
      <Filter>Header Files</Filter>
    </ClInclude>
    <ClInclude Include="generated\REcmaEntity.h">
      <Filter>Header Files</Filter>
    </ClInclude>
    <ClInclude Include="generated\REcmaEntityData.h">
      <Filter>Header Files</Filter>
    </ClInclude>
    <ClInclude Include="generated\REcmaEntityExportListener.h">
      <Filter>Header Files</Filter>
    </ClInclude>
    <ClInclude Include="generated\REcmaEntityExportListenerAdapter.h">
      <Filter>Header Files</Filter>
    </ClInclude>
    <ClInclude Include="generated\REcmaEntityPickEvent.h">
      <Filter>Header Files</Filter>
    </ClInclude>
    <ClInclude Include="generated\REcmaEventFilter.h">
      <Filter>Header Files</Filter>
    </ClInclude>
    <ClInclude Include="generated\REcmaEventHandler.h">
      <Filter>Header Files</Filter>
    </ClInclude>
    <ClInclude Include="generated\REcmaExplodable.h">
      <Filter>Header Files</Filter>
    </ClInclude>
    <ClInclude Include="generated\REcmaExportListener.h">
      <Filter>Header Files</Filter>
    </ClInclude>
    <ClInclude Include="generated\REcmaExportListenerAdapter.h">
      <Filter>Header Files</Filter>
    </ClInclude>
    <ClInclude Include="generated\REcmaExporter.h">
      <Filter>Header Files</Filter>
    </ClInclude>
    <ClInclude Include="generated\REcmaFaceData.h">
      <Filter>Header Files</Filter>
    </ClInclude>
    <ClInclude Include="generated\REcmaFaceEntity.h">
      <Filter>Header Files</Filter>
    </ClInclude>
    <ClInclude Include="generated\REcmaFileCache.h">
      <Filter>Header Files</Filter>
    </ClInclude>
    <ClInclude Include="generated\REcmaFileExporter.h">
      <Filter>Header Files</Filter>
    </ClInclude>
    <ClInclude Include="generated\REcmaFileExporterAdapter.h">
      <Filter>Header Files</Filter>
    </ClInclude>
    <ClInclude Include="generated\REcmaFileExporterFactory.h">
      <Filter>Header Files</Filter>
    </ClInclude>
    <ClInclude Include="generated\REcmaFileExporterFactoryAdapter.h">
      <Filter>Header Files</Filter>
    </ClInclude>
    <ClInclude Include="generated\REcmaFileExporterRegistry.h">
      <Filter>Header Files</Filter>
    </ClInclude>
    <ClInclude Include="generated\REcmaFileImporter.h">
      <Filter>Header Files</Filter>
    </ClInclude>
    <ClInclude Include="generated\REcmaFileImporterAdapter.h">
      <Filter>Header Files</Filter>
    </ClInclude>
    <ClInclude Include="generated\REcmaFileImporterFactory.h">
      <Filter>Header Files</Filter>
    </ClInclude>
    <ClInclude Include="generated\REcmaFileImporterFactoryAdapter.h">
      <Filter>Header Files</Filter>
    </ClInclude>
    <ClInclude Include="generated\REcmaFileImporterRegistry.h">
      <Filter>Header Files</Filter>
    </ClInclude>
    <ClInclude Include="generated\REcmaFileSystemModel.h">
      <Filter>Header Files</Filter>
    </ClInclude>
    <ClInclude Include="generated\REcmaFlowLayout.h">
      <Filter>Header Files</Filter>
    </ClInclude>
    <ClInclude Include="generated\REcmaFocusFrame.h">
      <Filter>Header Files</Filter>
    </ClInclude>
    <ClInclude Include="generated\REcmaFocusListener.h">
      <Filter>Header Files</Filter>
    </ClInclude>
    <ClInclude Include="generated\REcmaFocusListenerAdapter.h">
      <Filter>Header Files</Filter>
    </ClInclude>
    <ClInclude Include="generated\REcmaFont.h">
      <Filter>Header Files</Filter>
    </ClInclude>
    <ClInclude Include="generated\REcmaFontChooserWidget.h">
      <Filter>Header Files</Filter>
    </ClInclude>
    <ClInclude Include="generated\REcmaFontDatabase.h">
      <Filter>Header Files</Filter>
    </ClInclude>
    <ClInclude Include="generated\REcmaFontList.h">
      <Filter>Header Files</Filter>
    </ClInclude>
    <ClInclude Include="generated\REcmaGraphicsScene.h">
      <Filter>Header Files</Filter>
    </ClInclude>
    <ClInclude Include="generated\REcmaGraphicsSceneDrawable.h">
      <Filter>Header Files</Filter>
    </ClInclude>
    <ClInclude Include="generated\REcmaGraphicsSceneQt.h">
      <Filter>Header Files</Filter>
    </ClInclude>
    <ClInclude Include="generated\REcmaGraphicsView.h">
      <Filter>Header Files</Filter>
    </ClInclude>
    <ClInclude Include="generated\REcmaGraphicsViewImage.h">
      <Filter>Header Files</Filter>
    </ClInclude>
    <ClInclude Include="generated\REcmaGraphicsViewQt.h">
      <Filter>Header Files</Filter>
    </ClInclude>
    <ClInclude Include="generated\REcmaGrid.h">
      <Filter>Header Files</Filter>
    </ClInclude>
    <ClInclude Include="generated\REcmaGuiAction.h">
      <Filter>Header Files</Filter>
    </ClInclude>
    <ClInclude Include="generated\REcmaHatchData.h">
      <Filter>Header Files</Filter>
    </ClInclude>
    <ClInclude Include="generated\REcmaHatchEntity.h">
      <Filter>Header Files</Filter>
    </ClInclude>
    <ClInclude Include="REcmaHelper.h">
      <Filter>Header Files</Filter>
    </ClInclude>
    <ClInclude Include="generated\REcmaImageData.h">
      <Filter>Header Files</Filter>
    </ClInclude>
    <ClInclude Include="generated\REcmaImageEntity.h">
      <Filter>Header Files</Filter>
    </ClInclude>
    <ClInclude Include="generated\REcmaImportListener.h">
      <Filter>Header Files</Filter>
    </ClInclude>
    <ClInclude Include="generated\REcmaImportListenerAdapter.h">
      <Filter>Header Files</Filter>
    </ClInclude>
    <ClInclude Include="generated\REcmaImporter.h">
      <Filter>Header Files</Filter>
    </ClInclude>
    <ClInclude Include="generated\REcmaInputEvent.h">
      <Filter>Header Files</Filter>
    </ClInclude>
    <ClInclude Include="generated\REcmaInterTransactionListener.h">
      <Filter>Header Files</Filter>
    </ClInclude>
    <ClInclude Include="generated\REcmaInterTransactionListenerAdapter.h">
      <Filter>Header Files</Filter>
    </ClInclude>
    <ClInclude Include="generated\REcmaKeyListener.h">
      <Filter>Header Files</Filter>
    </ClInclude>
    <ClInclude Include="generated\REcmaKeyListenerAdapter.h">
      <Filter>Header Files</Filter>
    </ClInclude>
    <ClInclude Include="generated\REcmaLayer.h">
      <Filter>Header Files</Filter>
    </ClInclude>
    <ClInclude Include="generated\REcmaLayerListener.h">
      <Filter>Header Files</Filter>
    </ClInclude>
    <ClInclude Include="generated\REcmaLayerListenerAdapter.h">
      <Filter>Header Files</Filter>
    </ClInclude>
    <ClInclude Include="generated\REcmaLayerState.h">
      <Filter>Header Files</Filter>
    </ClInclude>
    <ClInclude Include="generated\REcmaLayout.h">
      <Filter>Header Files</Filter>
    </ClInclude>
    <ClInclude Include="generated\REcmaLeaderData.h">
      <Filter>Header Files</Filter>
    </ClInclude>
    <ClInclude Include="generated\REcmaLeaderEntity.h">
      <Filter>Header Files</Filter>
    </ClInclude>
    <ClInclude Include="generated\REcmaLine.h">
      <Filter>Header Files</Filter>
    </ClInclude>
    <ClInclude Include="generated\REcmaLineData.h">
      <Filter>Header Files</Filter>
    </ClInclude>
    <ClInclude Include="generated\REcmaLineEntity.h">
      <Filter>Header Files</Filter>
    </ClInclude>
    <ClInclude Include="generated\REcmaLinetype.h">
      <Filter>Header Files</Filter>
    </ClInclude>
    <ClInclude Include="generated\REcmaLinetypeCombo.h">
      <Filter>Header Files</Filter>
    </ClInclude>
    <ClInclude Include="generated\REcmaLinetypeList.h">
      <Filter>Header Files</Filter>
    </ClInclude>
    <ClInclude Include="generated\REcmaLinetypeListImperial.h">
      <Filter>Header Files</Filter>
    </ClInclude>
    <ClInclude Include="generated\REcmaLinetypeListMetric.h">
      <Filter>Header Files</Filter>
    </ClInclude>
    <ClInclude Include="generated\REcmaLinetypePattern.h">
      <Filter>Header Files</Filter>
    </ClInclude>
    <ClInclude Include="generated\REcmaLineweight.h">
      <Filter>Header Files</Filter>
    </ClInclude>
    <ClInclude Include="generated\REcmaLineweightCombo.h">
      <Filter>Header Files</Filter>
    </ClInclude>
    <ClInclude Include="generated\REcmaLinkedStorage.h">
      <Filter>Header Files</Filter>
    </ClInclude>
    <ClInclude Include="generated\REcmaListView.h">
      <Filter>Header Files</Filter>
    </ClInclude>
    <ClInclude Include="generated\REcmaListWidget.h">
      <Filter>Header Files</Filter>
    </ClInclude>
    <ClInclude Include="generated\REcmaMainWindow.h">
      <Filter>Header Files</Filter>
    </ClInclude>
    <ClInclude Include="generated\REcmaMainWindowQt.h">
      <Filter>Header Files</Filter>
    </ClInclude>
    <ClInclude Include="generated\REcmaMath.h">
      <Filter>Header Files</Filter>
    </ClInclude>
    <ClInclude Include="generated\REcmaMathComboBox.h">
      <Filter>Header Files</Filter>
    </ClInclude>
    <ClInclude Include="generated\REcmaMathLineEdit.h">
      <Filter>Header Files</Filter>
    </ClInclude>
    <ClInclude Include="generated\REcmaMatrix.h">
      <Filter>Header Files</Filter>
    </ClInclude>
    <ClInclude Include="generated\REcmaMdiArea.h">
      <Filter>Header Files</Filter>
    </ClInclude>
    <ClInclude Include="generated\REcmaMdiChildQt.h">
      <Filter>Header Files</Filter>
    </ClInclude>
    <ClInclude Include="generated\REcmaMemoryStorage.h">
      <Filter>Header Files</Filter>
    </ClInclude>
    <ClInclude Include="generated\REcmaMessageHandler.h">
      <Filter>Header Files</Filter>
    </ClInclude>
    <ClInclude Include="generated\REcmaMixedOperation.h">
      <Filter>Header Files</Filter>
    </ClInclude>
    <ClInclude Include="generated\REcmaModifiedListener.h">
      <Filter>Header Files</Filter>
    </ClInclude>
    <ClInclude Include="generated\REcmaModifyObjectOperation.h">
      <Filter>Header Files</Filter>
    </ClInclude>
    <ClInclude Include="generated\REcmaModifyObjectsOperation.h">
      <Filter>Header Files</Filter>
    </ClInclude>
    <ClInclude Include="generated\REcmaMouseEvent.h">
      <Filter>Header Files</Filter>
    </ClInclude>
    <ClInclude Include="generated\REcmaMoveReferencePointOperation.h">
      <Filter>Header Files</Filter>
    </ClInclude>
    <ClInclude Include="generated\REcmaMoveSelectionOperation.h">
      <Filter>Header Files</Filter>
    </ClInclude>
    <ClInclude Include="generated\REcmaNavigationAction.h">
      <Filter>Header Files</Filter>
    </ClInclude>
    <ClInclude Include="generated\REcmaNewDocumentListener.h">
      <Filter>Header Files</Filter>
    </ClInclude>
    <ClInclude Include="generated\REcmaNewDocumentListenerAdapter.h">
      <Filter>Header Files</Filter>
    </ClInclude>
    <ClInclude Include="generated\REcmaObject.h">
      <Filter>Header Files</Filter>
    </ClInclude>
    <ClInclude Include="generated\REcmaOperation.h">
      <Filter>Header Files</Filter>
    </ClInclude>
    <ClInclude Include="generated\REcmaOperationUtils.h">
      <Filter>Header Files</Filter>
    </ClInclude>
    <ClInclude Include="generated\REcmaOrthoGrid.h">
      <Filter>Header Files</Filter>
    </ClInclude>
    <ClInclude Include="generated\REcmaPainterPath.h">
      <Filter>Header Files</Filter>
    </ClInclude>
    <ClInclude Include="generated\REcmaPainterPathDevice.h">
      <Filter>Header Files</Filter>
    </ClInclude>
    <ClInclude Include="generated\REcmaPainterPathSource.h">
      <Filter>Header Files</Filter>
    </ClInclude>
    <ClInclude Include="generated\REcmaPaletteListener.h">
      <Filter>Header Files</Filter>
    </ClInclude>
    <ClInclude Include="generated\REcmaPaletteListenerAdapter.h">
      <Filter>Header Files</Filter>
    </ClInclude>
    <ClInclude Include="generated\REcmaPasteOperation.h">
      <Filter>Header Files</Filter>
    </ClInclude>
    <ClInclude Include="generated\REcmaPattern.h">
      <Filter>Header Files</Filter>
    </ClInclude>
    <ClInclude Include="generated\REcmaPatternLine.h">
      <Filter>Header Files</Filter>
    </ClInclude>
    <ClInclude Include="generated\REcmaPatternList.h">
      <Filter>Header Files</Filter>
    </ClInclude>
    <ClInclude Include="generated\REcmaPatternListImperial.h">
      <Filter>Header Files</Filter>
    </ClInclude>
    <ClInclude Include="generated\REcmaPatternListMetric.h">
      <Filter>Header Files</Filter>
    </ClInclude>
    <ClInclude Include="generated\REcmaPenListener.h">
      <Filter>Header Files</Filter>
    </ClInclude>
    <ClInclude Include="generated\REcmaPenListenerAdapter.h">
      <Filter>Header Files</Filter>
    </ClInclude>
    <ClInclude Include="generated\REcmaPluginInfo.h">
      <Filter>Header Files</Filter>
    </ClInclude>
    <ClInclude Include="generated\REcmaPluginInterface.h">
      <Filter>Header Files</Filter>
    </ClInclude>
    <ClInclude Include="generated\REcmaPluginLoader.h">
      <Filter>Header Files</Filter>
    </ClInclude>
    <ClInclude Include="generated\REcmaPoint.h">
      <Filter>Header Files</Filter>
    </ClInclude>
    <ClInclude Include="generated\REcmaPointData.h">
      <Filter>Header Files</Filter>
    </ClInclude>
    <ClInclude Include="generated\REcmaPointEntity.h">
      <Filter>Header Files</Filter>
    </ClInclude>
    <ClInclude Include="generated\REcmaPolyline.h">
      <Filter>Header Files</Filter>
    </ClInclude>
    <ClInclude Include="generated\REcmaPolylineData.h">
      <Filter>Header Files</Filter>
    </ClInclude>
    <ClInclude Include="generated\REcmaPolylineEntity.h">
      <Filter>Header Files</Filter>
    </ClInclude>
    <ClInclude Include="generated\REcmaPreferencesListener.h">
      <Filter>Header Files</Filter>
    </ClInclude>
    <ClInclude Include="generated\REcmaPreferencesListenerAdapter.h">
      <Filter>Header Files</Filter>
    </ClInclude>
    <ClInclude Include="generated\REcmaProgressHandler.h">
      <Filter>Header Files</Filter>
    </ClInclude>
    <ClInclude Include="generated\REcmaPropertyAttributes.h">
      <Filter>Header Files</Filter>
    </ClInclude>
    <ClInclude Include="generated\REcmaPropertyChange.h">
      <Filter>Header Files</Filter>
    </ClInclude>
    <ClInclude Include="generated\REcmaPropertyEditor.h">
      <Filter>Header Files</Filter>
    </ClInclude>
    <ClInclude Include="generated\REcmaPropertyEvent.h">
      <Filter>Header Files</Filter>
    </ClInclude>
    <ClInclude Include="generated\REcmaPropertyListener.h">
      <Filter>Header Files</Filter>
    </ClInclude>
    <ClInclude Include="generated\REcmaPropertyTypeId.h">
      <Filter>Header Files</Filter>
    </ClInclude>
    <ClInclude Include="generated\REcmaRay.h">
      <Filter>Header Files</Filter>
    </ClInclude>
    <ClInclude Include="generated\REcmaRayData.h">
      <Filter>Header Files</Filter>
    </ClInclude>
    <ClInclude Include="generated\REcmaRayEntity.h">
      <Filter>Header Files</Filter>
    </ClInclude>
    <ClInclude Include="generated\REcmaRefPoint.h">
      <Filter>Header Files</Filter>
    </ClInclude>
    <ClInclude Include="generated\REcmaRestrictAngleLength.h">
      <Filter>Header Files</Filter>
    </ClInclude>
    <ClInclude Include="generated\REcmaRestrictHorizontal.h">
      <Filter>Header Files</Filter>
    </ClInclude>
    <ClInclude Include="generated\REcmaRestrictOff.h">
      <Filter>Header Files</Filter>
    </ClInclude>
    <ClInclude Include="generated\REcmaRestrictOrthogonal.h">
      <Filter>Header Files</Filter>
    </ClInclude>
    <ClInclude Include="generated\REcmaRestrictVertical.h">
      <Filter>Header Files</Filter>
    </ClInclude>
    <ClInclude Include="generated\REcmaRuler.h">
      <Filter>Header Files</Filter>
    </ClInclude>
    <ClInclude Include="generated\REcmaRulerQt.h">
      <Filter>Header Files</Filter>
    </ClInclude>
    <ClInclude Include="generated\REcmaRunner.h">
      <Filter>Header Files</Filter>
    </ClInclude>
    <ClInclude Include="generated\REcmaS.h">
      <Filter>Header Files</Filter>
    </ClInclude>
    <ClInclude Include="generated\REcmaScaleSelectionOperation.h">
      <Filter>Header Files</Filter>
    </ClInclude>
    <ClInclude Include="generated\REcmaScriptAction.h">
      <Filter>Header Files</Filter>
    </ClInclude>
    <ClInclude Include="generated\REcmaScriptHandler.h">
      <Filter>Header Files</Filter>
    </ClInclude>
    <ClInclude Include="generated\REcmaSelectionChangedEvent.h">
      <Filter>Header Files</Filter>
    </ClInclude>
    <ClInclude Include="generated\REcmaSelectionListener.h">
      <Filter>Header Files</Filter>
    </ClInclude>
    <ClInclude Include="generated\REcmaSelectionListenerAdapter.h">
      <Filter>Header Files</Filter>
    </ClInclude>
    <ClInclude Include="generated\REcmaSettings.h">
      <Filter>Header Files</Filter>
    </ClInclude>
    <ClInclude Include="generated\REcmaShape.h">
      <Filter>Header Files</Filter>
    </ClInclude>
    <ClInclude Include="generated\REcmaSharedPointerArc.h">
      <Filter>Header Files</Filter>
    </ClInclude>
    <ClInclude Include="generated\REcmaSharedPointerArcEntity.h">
      <Filter>Header Files</Filter>
    </ClInclude>
    <ClInclude Include="generated\REcmaSharedPointerAttributeData.h">
      <Filter>Header Files</Filter>
    </ClInclude>
    <ClInclude Include="generated\REcmaSharedPointerAttributeDefinitionData.h">
      <Filter>Header Files</Filter>
    </ClInclude>
    <ClInclude Include="generated\REcmaSharedPointerAttributeDefinitionEntity.h">
      <Filter>Header Files</Filter>
    </ClInclude>
    <ClInclude Include="generated\REcmaSharedPointerAttributeEntity.h">
      <Filter>Header Files</Filter>
    </ClInclude>
    <ClInclude Include="generated\REcmaSharedPointerBlock.h">
      <Filter>Header Files</Filter>
    </ClInclude>
    <ClInclude Include="generated\REcmaSharedPointerBlockReferenceEntity.h">
      <Filter>Header Files</Filter>
    </ClInclude>
    <ClInclude Include="generated\REcmaSharedPointerBox.h">
      <Filter>Header Files</Filter>
    </ClInclude>
    <ClInclude Include="generated\REcmaSharedPointerCircle.h">
      <Filter>Header Files</Filter>
    </ClInclude>
    <ClInclude Include="generated\REcmaSharedPointerCircleEntity.h">
      <Filter>Header Files</Filter>
    </ClInclude>
    <ClInclude Include="generated\REcmaSharedPointerDimAlignedEntity.h">
      <Filter>Header Files</Filter>
    </ClInclude>
    <ClInclude Include="generated\REcmaSharedPointerDimAngular2LEntity.h">
      <Filter>Header Files</Filter>
    </ClInclude>
    <ClInclude Include="generated\REcmaSharedPointerDimAngular3PEntity.h">
      <Filter>Header Files</Filter>
    </ClInclude>
    <ClInclude Include="generated\REcmaSharedPointerDimAngularEntity.h">
      <Filter>Header Files</Filter>
    </ClInclude>
    <ClInclude Include="generated\REcmaSharedPointerDimArcLengthEntity.h">
      <Filter>Header Files</Filter>
    </ClInclude>
    <ClInclude Include="generated\REcmaSharedPointerDimDiametricEntity.h">
      <Filter>Header Files</Filter>
    </ClInclude>
    <ClInclude Include="generated\REcmaSharedPointerDimLinearEntity.h">
      <Filter>Header Files</Filter>
    </ClInclude>
    <ClInclude Include="generated\REcmaSharedPointerDimOrdinateEntity.h">
      <Filter>Header Files</Filter>
    </ClInclude>
    <ClInclude Include="generated\REcmaSharedPointerDimRadialEntity.h">
      <Filter>Header Files</Filter>
    </ClInclude>
    <ClInclude Include="generated\REcmaSharedPointerDimRotatedEntity.h">
      <Filter>Header Files</Filter>
    </ClInclude>
    <ClInclude Include="generated\REcmaSharedPointerDimensionEntity.h">
      <Filter>Header Files</Filter>
    </ClInclude>
    <ClInclude Include="generated\REcmaSharedPointerDirected.h">
      <Filter>Header Files</Filter>
    </ClInclude>
    <ClInclude Include="generated\REcmaSharedPointerDocumentVariables.h">
      <Filter>Header Files</Filter>
    </ClInclude>
    <ClInclude Include="generated\REcmaSharedPointerEllipse.h">
      <Filter>Header Files</Filter>
    </ClInclude>
    <ClInclude Include="generated\REcmaSharedPointerEllipseEntity.h">
      <Filter>Header Files</Filter>
    </ClInclude>
    <ClInclude Include="generated\REcmaSharedPointerEntity.h">
      <Filter>Header Files</Filter>
    </ClInclude>
    <ClInclude Include="generated\REcmaSharedPointerEntityData.h">
      <Filter>Header Files</Filter>
    </ClInclude>
    <ClInclude Include="generated\REcmaSharedPointerExplodable.h">
      <Filter>Header Files</Filter>
    </ClInclude>
    <ClInclude Include="generated\REcmaSharedPointerFaceEntity.h">
      <Filter>Header Files</Filter>
    </ClInclude>
    <ClInclude Include="generated\REcmaSharedPointerHatchEntity.h">
      <Filter>Header Files</Filter>
    </ClInclude>
    <ClInclude Include="generated\REcmaSharedPointerImageEntity.h">
      <Filter>Header Files</Filter>
    </ClInclude>
    <ClInclude Include="generated\REcmaSharedPointerLayer.h">
      <Filter>Header Files</Filter>
    </ClInclude>
    <ClInclude Include="generated\REcmaSharedPointerLayerState.h">
      <Filter>Header Files</Filter>
    </ClInclude>
    <ClInclude Include="generated\REcmaSharedPointerLayout.h">
      <Filter>Header Files</Filter>
    </ClInclude>
    <ClInclude Include="generated\REcmaSharedPointerLeaderEntity.h">
      <Filter>Header Files</Filter>
    </ClInclude>
    <ClInclude Include="generated\REcmaSharedPointerLine.h">
      <Filter>Header Files</Filter>
    </ClInclude>
    <ClInclude Include="generated\REcmaSharedPointerLineEntity.h">
      <Filter>Header Files</Filter>
    </ClInclude>
    <ClInclude Include="generated\REcmaSharedPointerLinetype.h">
      <Filter>Header Files</Filter>
    </ClInclude>
    <ClInclude Include="generated\REcmaSharedPointerObject.h">
      <Filter>Header Files</Filter>
    </ClInclude>
    <ClInclude Include="generated\REcmaSharedPointerPainterPathSource.h">
      <Filter>Header Files</Filter>
    </ClInclude>
    <ClInclude Include="generated\REcmaSharedPointerPoint.h">
      <Filter>Header Files</Filter>
    </ClInclude>
    <ClInclude Include="generated\REcmaSharedPointerPointEntity.h">
      <Filter>Header Files</Filter>
    </ClInclude>
    <ClInclude Include="generated\REcmaSharedPointerPolyline.h">
      <Filter>Header Files</Filter>
    </ClInclude>
    <ClInclude Include="generated\REcmaSharedPointerPolylineEntity.h">
      <Filter>Header Files</Filter>
    </ClInclude>
    <ClInclude Include="generated\REcmaSharedPointerRay.h">
      <Filter>Header Files</Filter>
    </ClInclude>
    <ClInclude Include="generated\REcmaSharedPointerRayEntity.h">
      <Filter>Header Files</Filter>
    </ClInclude>
    <ClInclude Include="generated\REcmaSharedPointerShape.h">
      <Filter>Header Files</Filter>
    </ClInclude>
    <ClInclude Include="generated\REcmaSharedPointerSolidEntity.h">
      <Filter>Header Files</Filter>
    </ClInclude>
    <ClInclude Include="generated\REcmaSharedPointerSpline.h">
      <Filter>Header Files</Filter>
    </ClInclude>
    <ClInclude Include="generated\REcmaSharedPointerSplineEntity.h">
      <Filter>Header Files</Filter>
    </ClInclude>
    <ClInclude Include="generated\REcmaSharedPointerTextBasedData.h">
      <Filter>Header Files</Filter>
    </ClInclude>
    <ClInclude Include="generated\REcmaSharedPointerTextBasedEntity.h">
      <Filter>Header Files</Filter>
    </ClInclude>
    <ClInclude Include="generated\REcmaSharedPointerTextData.h">
      <Filter>Header Files</Filter>
    </ClInclude>
    <ClInclude Include="generated\REcmaSharedPointerTextEntity.h">
      <Filter>Header Files</Filter>
    </ClInclude>
    <ClInclude Include="generated\REcmaSharedPointerTextLabel.h">
      <Filter>Header Files</Filter>
    </ClInclude>
    <ClInclude Include="generated\REcmaSharedPointerToleranceEntity.h">
      <Filter>Header Files</Filter>
    </ClInclude>
    <ClInclude Include="generated\REcmaSharedPointerTraceEntity.h">
      <Filter>Header Files</Filter>
    </ClInclude>
    <ClInclude Include="generated\REcmaSharedPointerTriangle.h">
      <Filter>Header Files</Filter>
    </ClInclude>
    <ClInclude Include="generated\REcmaSharedPointerUcs.h">
      <Filter>Header Files</Filter>
    </ClInclude>
    <ClInclude Include="generated\REcmaSharedPointerView.h">
      <Filter>Header Files</Filter>
    </ClInclude>
    <ClInclude Include="generated\REcmaSharedPointerViewportEntity.h">
      <Filter>Header Files</Filter>
    </ClInclude>
    <ClInclude Include="generated\REcmaSharedPointerXLine.h">
      <Filter>Header Files</Filter>
    </ClInclude>
    <ClInclude Include="generated\REcmaSharedPointerXLineEntity.h">
      <Filter>Header Files</Filter>
    </ClInclude>
    <ClInclude Include="generated\REcmaShellActionAdapter.h">
      <Filter>Header Files</Filter>
    </ClInclude>
    <ClInclude Include="generated\REcmaShellEventHandler.h">
      <Filter>Header Files</Filter>
    </ClInclude>
    <ClInclude Include="generated\REcmaShellFileExporterAdapter.h">
      <Filter>Header Files</Filter>
    </ClInclude>
    <ClInclude Include="generated\REcmaShellFileExporterFactoryAdapter.h">
      <Filter>Header Files</Filter>
    </ClInclude>
    <ClInclude Include="generated\REcmaShellFileImporterAdapter.h">
      <Filter>Header Files</Filter>
    </ClInclude>
    <ClInclude Include="generated\REcmaShellFileImporterFactoryAdapter.h">
      <Filter>Header Files</Filter>
    </ClInclude>
    <ClInclude Include="generated\REcmaShellFlowLayout.h">
      <Filter>Header Files</Filter>
    </ClInclude>
    <ClInclude Include="generated\REcmaShellFocusListenerAdapter.h">
      <Filter>Header Files</Filter>
    </ClInclude>
    <ClInclude Include="generated\REcmaShellGraphicsViewImage.h">
      <Filter>Header Files</Filter>
    </ClInclude>
    <ClInclude Include="generated\REcmaShellGraphicsViewQt.h">
      <Filter>Header Files</Filter>
    </ClInclude>
    <ClInclude Include="generated\REcmaShellListView.h">
      <Filter>Header Files</Filter>
    </ClInclude>
    <ClInclude Include="generated\REcmaShellListWidget.h">
      <Filter>Header Files</Filter>
    </ClInclude>
    <ClInclude Include="generated\REcmaShellMdiArea.h">
      <Filter>Header Files</Filter>
    </ClInclude>
    <ClInclude Include="generated\REcmaShellPropertyEditor.h">
      <Filter>Header Files</Filter>
    </ClInclude>
    <ClInclude Include="generated\REcmaShellRestrictAngleLength.h">
      <Filter>Header Files</Filter>
    </ClInclude>
    <ClInclude Include="generated\REcmaShellRunner.h">
      <Filter>Header Files</Filter>
    </ClInclude>
    <ClInclude Include="generated\REcmaShellSnap.h">
      <Filter>Header Files</Filter>
    </ClInclude>
    <ClInclude Include="generated\REcmaShellSnapDistance.h">
      <Filter>Header Files</Filter>
    </ClInclude>
    <ClInclude Include="generated\REcmaShellSnapRestriction.h">
      <Filter>Header Files</Filter>
    </ClInclude>
    <ClInclude Include="generated\REcmaShellSpatialIndexVisitorAdapter.h">
      <Filter>Header Files</Filter>
    </ClInclude>
    <ClInclude Include="generated\REcmaShellThread.h">
      <Filter>Header Files</Filter>
    </ClInclude>
    <ClInclude Include="generated\REcmaShellToolMatrixItemDelegate.h">
      <Filter>Header Files</Filter>
    </ClInclude>
    <ClInclude Include="generated\REcmaShellTreeWidget.h">
      <Filter>Header Files</Filter>
    </ClInclude>
    <ClInclude Include="generated\REcmaShellViewFocusListenerAdapter.h">
      <Filter>Header Files</Filter>
    </ClInclude>
    <ClInclude Include="generated\REcmaShellWidget.h">
      <Filter>Header Files</Filter>
    </ClInclude>
    <ClInclude Include="generated\REcmaShortcutLineEdit.h">
      <Filter>Header Files</Filter>
    </ClInclude>
    <ClInclude Include="generated\REcmaSnap.h">
      <Filter>Header Files</Filter>
    </ClInclude>
    <ClInclude Include="generated\REcmaSnapAuto.h">
      <Filter>Header Files</Filter>
    </ClInclude>
    <ClInclude Include="generated\REcmaSnapCenter.h">
      <Filter>Header Files</Filter>
    </ClInclude>
    <ClInclude Include="generated\REcmaSnapDistance.h">
      <Filter>Header Files</Filter>
    </ClInclude>
    <ClInclude Include="generated\REcmaSnapEnd.h">
      <Filter>Header Files</Filter>
    </ClInclude>
    <ClInclude Include="generated\REcmaSnapEntityBase.h">
      <Filter>Header Files</Filter>
    </ClInclude>
    <ClInclude Include="generated\REcmaSnapFree.h">
      <Filter>Header Files</Filter>
    </ClInclude>
    <ClInclude Include="generated\REcmaSnapGrid.h">
      <Filter>Header Files</Filter>
    </ClInclude>
    <ClInclude Include="generated\REcmaSnapIntersection.h">
      <Filter>Header Files</Filter>
    </ClInclude>
    <ClInclude Include="generated\REcmaSnapListener.h">
      <Filter>Header Files</Filter>
    </ClInclude>
    <ClInclude Include="generated\REcmaSnapMiddle.h">
      <Filter>Header Files</Filter>
    </ClInclude>
    <ClInclude Include="generated\REcmaSnapOnEntity.h">
      <Filter>Header Files</Filter>
    </ClInclude>
    <ClInclude Include="generated\REcmaSnapPerpendicular.h">
      <Filter>Header Files</Filter>
    </ClInclude>
    <ClInclude Include="generated\REcmaSnapReference.h">
      <Filter>Header Files</Filter>
    </ClInclude>
    <ClInclude Include="generated\REcmaSnapRestriction.h">
      <Filter>Header Files</Filter>
    </ClInclude>
    <ClInclude Include="generated\REcmaSnapTangential.h">
      <Filter>Header Files</Filter>
    </ClInclude>
    <ClInclude Include="generated\REcmaSolidData.h">
      <Filter>Header Files</Filter>
    </ClInclude>
    <ClInclude Include="generated\REcmaSolidEntity.h">
      <Filter>Header Files</Filter>
    </ClInclude>
    <ClInclude Include="generated\REcmaSpatialIndex.h">
      <Filter>Header Files</Filter>
    </ClInclude>
    <ClInclude Include="generated\REcmaSpatialIndexNavel.h">
      <Filter>Header Files</Filter>
    </ClInclude>
    <ClInclude Include="generated\REcmaSpatialIndexSimple.h">
      <Filter>Header Files</Filter>
    </ClInclude>
    <ClInclude Include="generated\REcmaSpatialIndexVisitor.h">
      <Filter>Header Files</Filter>
    </ClInclude>
    <ClInclude Include="generated\REcmaSpatialIndexVisitorAdapter.h">
      <Filter>Header Files</Filter>
    </ClInclude>
    <ClInclude Include="generated\REcmaSpline.h">
      <Filter>Header Files</Filter>
    </ClInclude>
    <ClInclude Include="generated\REcmaSplineData.h">
      <Filter>Header Files</Filter>
    </ClInclude>
    <ClInclude Include="generated\REcmaSplineEntity.h">
      <Filter>Header Files</Filter>
    </ClInclude>
    <ClInclude Include="generated\REcmaStemmer.h">
      <Filter>Header Files</Filter>
    </ClInclude>
    <ClInclude Include="generated\REcmaStorage.h">
      <Filter>Header Files</Filter>
    </ClInclude>
    <ClInclude Include="generated\REcmaTabletEvent.h">
      <Filter>Header Files</Filter>
    </ClInclude>
    <ClInclude Include="generated\REcmaTerminateEvent.h">
      <Filter>Header Files</Filter>
    </ClInclude>
    <ClInclude Include="generated\REcmaTextBasedData.h">
      <Filter>Header Files</Filter>
    </ClInclude>
    <ClInclude Include="generated\REcmaTextBasedEntity.h">
      <Filter>Header Files</Filter>
    </ClInclude>
    <ClInclude Include="generated\REcmaTextData.h">
      <Filter>Header Files</Filter>
    </ClInclude>
    <ClInclude Include="generated\REcmaTextEdit.h">
      <Filter>Header Files</Filter>
    </ClInclude>
    <ClInclude Include="generated\REcmaTextEntity.h">
      <Filter>Header Files</Filter>
    </ClInclude>
    <ClInclude Include="generated\REcmaTextLabel.h">
      <Filter>Header Files</Filter>
    </ClInclude>
    <ClInclude Include="generated\REcmaTextLayout.h">
      <Filter>Header Files</Filter>
    </ClInclude>
    <ClInclude Include="generated\REcmaTextRenderer.h">
      <Filter>Header Files</Filter>
    </ClInclude>
    <ClInclude Include="generated\REcmaThread.h">
      <Filter>Header Files</Filter>
    </ClInclude>
    <ClInclude Include="generated\REcmaToleranceData.h">
      <Filter>Header Files</Filter>
    </ClInclude>
    <ClInclude Include="generated\REcmaToleranceEntity.h">
      <Filter>Header Files</Filter>
    </ClInclude>
    <ClInclude Include="generated\REcmaToolButton.h">
      <Filter>Header Files</Filter>
    </ClInclude>
    <ClInclude Include="generated\REcmaToolMatrixItemDelegate.h">
      <Filter>Header Files</Filter>
    </ClInclude>
    <ClInclude Include="generated\REcmaTraceData.h">
      <Filter>Header Files</Filter>
    </ClInclude>
    <ClInclude Include="generated\REcmaTraceEntity.h">
      <Filter>Header Files</Filter>
    </ClInclude>
    <ClInclude Include="generated\REcmaTransaction.h">
      <Filter>Header Files</Filter>
    </ClInclude>
    <ClInclude Include="generated\REcmaTransactionEvent.h">
      <Filter>Header Files</Filter>
    </ClInclude>
    <ClInclude Include="generated\REcmaTransactionListener.h">
      <Filter>Header Files</Filter>
    </ClInclude>
    <ClInclude Include="generated\REcmaTransactionListenerAdapter.h">
      <Filter>Header Files</Filter>
    </ClInclude>
    <ClInclude Include="generated\REcmaTransform.h">
      <Filter>Header Files</Filter>
    </ClInclude>
    <ClInclude Include="generated\REcmaTransformOp.h">
      <Filter>Header Files</Filter>
    </ClInclude>
    <ClInclude Include="generated\REcmaTransformation.h">
      <Filter>Header Files</Filter>
    </ClInclude>
    <ClInclude Include="generated\REcmaTranslation.h">
      <Filter>Header Files</Filter>
    </ClInclude>
    <ClInclude Include="generated\REcmaTreeWidget.h">
      <Filter>Header Files</Filter>
    </ClInclude>
    <ClInclude Include="generated\REcmaTriangle.h">
      <Filter>Header Files</Filter>
    </ClInclude>
    <ClInclude Include="generated\REcmaUcs.h">
      <Filter>Header Files</Filter>
    </ClInclude>
    <ClInclude Include="generated\REcmaUnit.h">
      <Filter>Header Files</Filter>
    </ClInclude>
    <ClInclude Include="generated\REcmaVector.h">
      <Filter>Header Files</Filter>
    </ClInclude>
    <ClInclude Include="generated\REcmaView.h">
      <Filter>Header Files</Filter>
    </ClInclude>
    <ClInclude Include="generated\REcmaViewFocusListener.h">
      <Filter>Header Files</Filter>
    </ClInclude>
    <ClInclude Include="generated\REcmaViewFocusListenerAdapter.h">
      <Filter>Header Files</Filter>
    </ClInclude>
    <ClInclude Include="generated\REcmaViewListener.h">
      <Filter>Header Files</Filter>
    </ClInclude>
    <ClInclude Include="generated\REcmaViewListenerAdapter.h">
      <Filter>Header Files</Filter>
    </ClInclude>
    <ClInclude Include="generated\REcmaViewportData.h">
      <Filter>Header Files</Filter>
    </ClInclude>
    <ClInclude Include="generated\REcmaViewportEntity.h">
      <Filter>Header Files</Filter>
    </ClInclude>
    <ClInclude Include="generated\REcmaWheelEvent.h">
      <Filter>Header Files</Filter>
    </ClInclude>
    <ClInclude Include="generated\REcmaWidget.h">
      <Filter>Header Files</Filter>
    </ClInclude>
    <ClInclude Include="generated\REcmaXLine.h">
      <Filter>Header Files</Filter>
    </ClInclude>
    <ClInclude Include="generated\REcmaXLineData.h">
      <Filter>Header Files</Filter>
    </ClInclude>
    <ClInclude Include="generated\REcmaXLineEntity.h">
      <Filter>Header Files</Filter>
    </ClInclude>
    <QtMoc Include="adapters\REntityExportListenerAdapter.h">
      <Filter>Header Files</Filter>
    </QtMoc>
    <QtMoc Include="adapters\RExportListenerAdapter.h">
      <Filter>Header Files</Filter>
    </QtMoc>
    <ClInclude Include="adapters\RFileExporterAdapter.h">
      <Filter>Header Files</Filter>
    </ClInclude>
    <ClInclude Include="adapters\RFileExporterFactoryAdapter.h">
      <Filter>Header Files</Filter>
    </ClInclude>
    <ClInclude Include="adapters\RFileImporterAdapter.h">
      <Filter>Header Files</Filter>
    </ClInclude>
    <ClInclude Include="adapters\RFileImporterFactoryAdapter.h">
      <Filter>Header Files</Filter>
    </ClInclude>
    <QtMoc Include="adapters\RFocusListenerAdapter.h">
      <Filter>Header Files</Filter>
    </QtMoc>
    <ClInclude Include="adapters\RFontDatabase.h">
      <Filter>Header Files</Filter>
    </ClInclude>
    <QtMoc Include="adapters\RImportListenerAdapter.h">
      <Filter>Header Files</Filter>
    </QtMoc>
    <QtMoc Include="adapters\RInterTransactionListenerAdapter.h">
      <Filter>Header Files</Filter>
    </QtMoc>
    <QtMoc Include="adapters\RKeyListenerAdapter.h">
      <Filter>Header Files</Filter>
    </QtMoc>
    <QtMoc Include="adapters\RLayerListenerAdapter.h">
      <Filter>Header Files</Filter>
    </QtMoc>
    <QtMoc Include="adapters\RNewDocumentListenerAdapter.h">
      <Filter>Header Files</Filter>
    </QtMoc>
    <QtMoc Include="adapters\RPaletteListenerAdapter.h">
      <Filter>Header Files</Filter>
    </QtMoc>
    <QtMoc Include="adapters\RPenListenerAdapter.h">
      <Filter>Header Files</Filter>
    </QtMoc>
    <QtMoc Include="adapters\RPreferencesListenerAdapter.h">
      <Filter>Header Files</Filter>
    </QtMoc>
    <QtMoc Include="RScriptHandlerEcma.h">
      <Filter>Header Files</Filter>
    </QtMoc>
    <QtMoc Include="adapters\RSelectionListenerAdapter.h">
      <Filter>Header Files</Filter>
    </QtMoc>
    <ClInclude Include="adapters\RSpatialIndexVisitorAdapter.h">
      <Filter>Header Files</Filter>
    </ClInclude>
    <QtMoc Include="adapters\RTransactionListenerAdapter.h">
      <Filter>Header Files</Filter>
    </QtMoc>
    <ClInclude Include="adapters\RViewFocusListenerAdapter.h">
      <Filter>Header Files</Filter>
    </ClInclude>
    <QtMoc Include="adapters\RViewListenerAdapter.h">
      <Filter>Header Files</Filter>
    </QtMoc>
    <CustomBuild Include="stable.h">
      <Filter>Header Files</Filter>
    </CustomBuild>
  </ItemGroup>
  <ItemGroup>
    
    
    
    
    
    
    
    
    
    
    
    
    
    
    
    
    
    
    
    
    
    
    
    
    
    
    
    
    
    
    
    
    
    
    <CustomBuild Include="debug\moc_predefs.h.cbt">
      <Filter>Generated Files</Filter>
    </CustomBuild>
    <CustomBuild Include="release\moc_predefs.h.cbt">
      <Filter>Generated Files</Filter>
    </CustomBuild>
    <ClCompile Include="stable.h.cpp">
      <Filter>Generated Files</Filter>
    </ClCompile>
  </ItemGroup>
  <ItemGroup>
    <ResourceCompile Include="ecmaapi.rc" />
  </ItemGroup>
</Project>