Microsoft Visual Studio Solution File, Format Version 12.00
# Visual Studio 2015
Project("{8BC9CEB8-8B4A-11D0-8D11-00A0C91BC942}") = "spatialindexnavel", "C:/UE4/qcad/src/3rdparty/spatialindexnavel\spatialindexnavel.vcxproj", "{A6E56719-C10F-367B-9CD7-AF614800DF81}"
EndProject
Project("{8BC9CEB8-8B4A-11D0-8D11-00A0C91BC942}") = "stemmer", "C:/UE4/qcad/src/3rdparty/stemmer\stemmer.vcxproj", "{CC364178-CD39-39A8-938B-74054A550ADA}"
EndProject
Project("{8BC9CEB8-8B4A-11D0-8D11-00A0C91BC942}") = "zlib", "C:/UE4/qcad/src/3rdparty/opennurbs/zlib\zlib.vcxproj", "{8E2A5BD2-9045-35A8-82A3-51C2098AC751}"
EndProject
Project("{8BC9CEB8-8B4A-11D0-8D11-00A0C91BC942}") = "opennurbs", "C:/UE4/qcad/src/3rdparty/opennurbs/opennurbs\opennurbs.vcxproj", "{64CF45FD-AA64-3FC7-9DE2-F1014CE96B75}"
	ProjectSection(ProjectDependencies) = postProject
		{8E2A5BD2-9045-35A8-82A3-51C2098AC751} = {8E2A5BD2-9045-35A8-82A3-51C2098AC751}
	EndProjectSection
EndProject
Project("{8BC9CEB8-8B4A-11D0-8D11-00A0C91BC942}") = "dxflib", "C:/UE4/qcad/src/3rdparty/dxflib\dxflib.vcxproj", "{BE19A162-107D-3F9F-B5C0-082EC39D98BF}"
EndProject
Project("{8BC9CEB8-8B4A-11D0-8D11-00A0C91BC942}") = "qcadcore", "C:/UE4/qcad/src/core\qcadcore.vcxproj", "{804CF370-B35E-3937-8B85-1689E98D2454}"
	ProjectSection(ProjectDependencies) = postProject
		{64CF45FD-AA64-3FC7-9DE2-F1014CE96B75} = {64CF45FD-AA64-3FC7-9DE2-F1014CE96B75}
		{8E2A5BD2-9045-35A8-82A3-51C2098AC751} = {8E2A5BD2-9045-35A8-82A3-51C2098AC751}
	EndProjectSection
EndProject
Project("{8BC9CEB8-8B4A-11D0-8D11-00A0C91BC942}") = "qcadentity", "C:/UE4/qcad/src/entity\qcadentity.vcxproj", "{4B5ACCEC-7D5B-3BF5-8721-D971F605ACBF}"
	ProjectSection(ProjectDependencies) = postProject
		{804CF370-B35E-3937-8B85-1689E98D2454} = {804CF370-B35E-3937-8B85-1689E98D2454}
		{64CF45FD-AA64-3FC7-9DE2-F1014CE96B75} = {64CF45FD-AA64-3FC7-9DE2-F1014CE96B75}
	EndProjectSection
EndProject
Project("{8BC9CEB8-8B4A-11D0-8D11-00A0C91BC942}") = "qcadgrid", "C:/UE4/qcad/src/grid\qcadgrid.vcxproj", "{6518A00D-F2B6-3E65-B961-70EF0EEA2D66}"
	ProjectSection(ProjectDependencies) = postProject
		{804CF370-B35E-3937-8B85-1689E98D2454} = {804CF370-B35E-3937-8B85-1689E98D2454}
	EndProjectSection
EndProject
Project("{8BC9CEB8-8B4A-11D0-8D11-00A0C91BC942}") = "qcadscripts", "C:/UE4/qcad/src/scripts\qcadscripts.vcxproj", "{87140E69-1587-3C95-B26D-6DBD99D4C8CD}"
	ProjectSection(ProjectDependencies) = postProject
		{804CF370-B35E-3937-8B85-1689E98D2454} = {804CF370-B35E-3937-8B85-1689E98D2454}
	EndProjectSection
EndProject
Project("{8BC9CEB8-8B4A-11D0-8D11-00A0C91BC942}") = "qcadsnap", "C:/UE4/qcad/src/snap\qcadsnap.vcxproj", "{524C5CBC-EEEC-327B-9831-476CDB33562F}"
	ProjectSection(ProjectDependencies) = postProject
		{804CF370-B35E-3937-8B85-1689E98D2454} = {804CF370-B35E-3937-8B85-1689E98D2454}
		{6518A00D-F2B6-3E65-B961-70EF0EEA2D66} = {6518A00D-F2B6-3E65-B961-70EF0EEA2D66}
		{4B5ACCEC-7D5B-3BF5-8721-D971F605ACBF} = {4B5ACCEC-7D5B-3BF5-8721-D971F605ACBF}
	EndProjectSection
EndProject
Project("{8BC9CEB8-8B4A-11D0-8D11-00A0C91BC942}") = "qcadoperations", "C:/UE4/qcad/src/operations\qcadoperations.vcxproj", "{E218ED65-685F-3526-8277-F62CE6BF4D5C}"
	ProjectSection(ProjectDependencies) = postProject
		{804CF370-B35E-3937-8B85-1689E98D2454} = {804CF370-B35E-3937-8B85-1689E98D2454}
		{4B5ACCEC-7D5B-3BF5-8721-D971F605ACBF} = {4B5ACCEC-7D5B-3BF5-8721-D971F605ACBF}
	EndProjectSection
EndProject
Project("{8BC9CEB8-8B4A-11D0-8D11-00A0C91BC942}") = "qcadstemmer", "C:/UE4/qcad/src/stemmer\qcadstemmer.vcxproj", "{7A76D0B2-B5B1-3055-A63C-114485E7D0BD}"
	ProjectSection(ProjectDependencies) = postProject
		{CC364178-CD39-39A8-938B-74054A550ADA} = {CC364178-CD39-39A8-938B-74054A550ADA}
	EndProjectSection
EndProject
Project("{8BC9CEB8-8B4A-11D0-8D11-00A0C91BC942}") = "qcadspatialindex", "C:/UE4/qcad/src/spatialindex\qcadspatialindex.vcxproj", "{944F52B3-D431-3756-B817-D509F8046D41}"
	ProjectSection(ProjectDependencies) = postProject
		{804CF370-B35E-3937-8B85-1689E98D2454} = {804CF370-B35E-3937-8B85-1689E98D2454}
		{A6E56719-C10F-367B-9CD7-AF614800DF81} = {A6E56719-C10F-367B-9CD7-AF614800DF81}
	EndProjectSection
EndProject
Project("{8BC9CEB8-8B4A-11D0-8D11-00A0C91BC942}") = "qcadgui", "C:/UE4/qcad/src/gui\qcadgui.vcxproj", "{10F57497-50CF-3914-B3BF-B4C21C100AA8}"
	ProjectSection(ProjectDependencies) = postProject
		{804CF370-B35E-3937-8B85-1689E98D2454} = {804CF370-B35E-3937-8B85-1689E98D2454}
		{4B5ACCEC-7D5B-3BF5-8721-D971F605ACBF} = {4B5ACCEC-7D5B-3BF5-8721-D971F605ACBF}
	EndProjectSection
EndProject
Project("{8BC9CEB8-8B4A-11D0-8D11-00A0C91BC942}") = "qcaddxf", "C:/UE4/qcad/src/io/dxf\qcaddxf.vcxproj", "{8794CC7C-ECDB-34EF-9AF9-6B10489DEED4}"
	ProjectSection(ProjectDependencies) = postProject
		{804CF370-B35E-3937-8B85-1689E98D2454} = {804CF370-B35E-3937-8B85-1689E98D2454}
		{4B5ACCEC-7D5B-3BF5-8721-D971F605ACBF} = {4B5ACCEC-7D5B-3BF5-8721-D971F605ACBF}
		{BE19A162-107D-3F9F-B5C0-082EC39D98BF} = {BE19A162-107D-3F9F-B5C0-082EC39D98BF}
		{E218ED65-685F-3526-8277-F62CE6BF4D5C} = {E218ED65-685F-3526-8277-F62CE6BF4D5C}
	EndProjectSection
EndProject
Project("{8BC9CEB8-8B4A-11D0-8D11-00A0C91BC942}") = "qcadcustomwidgets", "C:/UE4/qcad/src/customwidgets\qcadcustomwidgets.vcxproj", "{22C70EEF-4EEA-3C9F-9C10-333A6DA21E4C}"
	ProjectSection(ProjectDependencies) = postProject
		{10F57497-50CF-3914-B3BF-B4C21C100AA8} = {10F57497-50CF-3914-B3BF-B4C21C100AA8}
		{804CF370-B35E-3937-8B85-1689E98D2454} = {804CF370-B35E-3937-8B85-1689E98D2454}
	EndProjectSection
EndProject
Project("{8BC9CEB8-8B4A-11D0-8D11-00A0C91BC942}") = "qcadecmaapi", "C:/UE4/qcad/src/scripting/ecmaapi\qcadecmaapi.vcxproj", "{22AC1D4E-1B64-3491-B33A-1F5B1A019083}"
	ProjectSection(ProjectDependencies) = postProject
		{804CF370-B35E-3937-8B85-1689E98D2454} = {804CF370-B35E-3937-8B85-1689E98D2454}
		{4B5ACCEC-7D5B-3BF5-8721-D971F605ACBF} = {4B5ACCEC-7D5B-3BF5-8721-D971F605ACBF}
		{6518A00D-F2B6-3E65-B961-70EF0EEA2D66} = {6518A00D-F2B6-3E65-B961-70EF0EEA2D66}
		{10F57497-50CF-3914-B3BF-B4C21C100AA8} = {10F57497-50CF-3914-B3BF-B4C21C100AA8}
		{E218ED65-685F-3526-8277-F62CE6BF4D5C} = {E218ED65-685F-3526-8277-F62CE6BF4D5C}
		{524C5CBC-EEEC-327B-9831-476CDB33562F} = {524C5CBC-EEEC-327B-9831-476CDB33562F}
		{944F52B3-D431-3756-B817-D509F8046D41} = {944F52B3-D431-3756-B817-D509F8046D41}
		{7A76D0B2-B5B1-3055-A63C-114485E7D0BD} = {7A76D0B2-B5B1-3055-A63C-114485E7D0BD}
	EndProjectSection
EndProject
Project("{8BC9CEB8-8B4A-11D0-8D11-00A0C91BC942}") = "qcad", "C:/UE4/qcad/src/run\qcad.vcxproj", "{C321858C-E04F-3271-8F2E-18A180E09F0B}"
	ProjectSection(ProjectDependencies) = postProject
		{22AC1D4E-1B64-3491-B33A-1F5B1A019083} = {22AC1D4E-1B64-3491-B33A-1F5B1A019083}
		{10F57497-50CF-3914-B3BF-B4C21C100AA8} = {10F57497-50CF-3914-B3BF-B4C21C100AA8}
		{4B5ACCEC-7D5B-3BF5-8721-D971F605ACBF} = {4B5ACCEC-7D5B-3BF5-8721-D971F605ACBF}
		{E218ED65-685F-3526-8277-F62CE6BF4D5C} = {E218ED65-685F-3526-8277-F62CE6BF4D5C}
		{944F52B3-D431-3756-B817-D509F8046D41} = {944F52B3-D431-3756-B817-D509F8046D41}
		{A6E56719-C10F-367B-9CD7-AF614800DF81} = {A6E56719-C10F-367B-9CD7-AF614800DF81}
		{6518A00D-F2B6-3E65-B961-70EF0EEA2D66} = {6518A00D-F2B6-3E65-B961-70EF0EEA2D66}
		{524C5CBC-EEEC-327B-9831-476CDB33562F} = {524C5CBC-EEEC-327B-9831-476CDB33562F}
		{804CF370-B35E-3937-8B85-1689E98D2454} = {804CF370-B35E-3937-8B85-1689E98D2454}
		{7A76D0B2-B5B1-3055-A63C-114485E7D0BD} = {7A76D0B2-B5B1-3055-A63C-114485E7D0BD}
		{CC364178-CD39-39A8-938B-74054A550ADA} = {CC364178-CD39-39A8-938B-74054A550ADA}
		{64CF45FD-AA64-3FC7-9DE2-F1014CE96B75} = {64CF45FD-AA64-3FC7-9DE2-F1014CE96B75}
		{8E2A5BD2-9045-35A8-82A3-51C2098AC751} = {8E2A5BD2-9045-35A8-82A3-51C2098AC751}
	EndProjectSection
EndProject
Global
	GlobalSection(SolutionConfigurationPlatforms) = preSolution
		Debug|Win32 = Debug|Win32
		Release|Win32 = Release|Win32
	EndGlobalSection
	GlobalSection(ProjectConfigurationPlatforms) = postSolution
		{A6E56719-C10F-367B-9CD7-AF614800DF81}.Debug|Win32.ActiveCfg = Debug|Win32
		{A6E56719-C10F-367B-9CD7-AF614800DF81}.Debug|Win32.Build.0 = Debug|Win32
		{A6E56719-C10F-367B-9CD7-AF614800DF81}.Release|Win32.ActiveCfg = Release|Win32
		{A6E56719-C10F-367B-9CD7-AF614800DF81}.Release|Win32.Build.0 = Release|Win32
		{CC364178-CD39-39A8-938B-74054A550ADA}.Debug|Win32.ActiveCfg = Debug|Win32
		{CC364178-CD39-39A8-938B-74054A550ADA}.Debug|Win32.Build.0 = Debug|Win32
		{CC364178-CD39-39A8-938B-74054A550ADA}.Release|Win32.ActiveCfg = Release|Win32
		{CC364178-CD39-39A8-938B-74054A550ADA}.Release|Win32.Build.0 = Release|Win32
		{8E2A5BD2-9045-35A8-82A3-51C2098AC751}.Debug|Win32.ActiveCfg = Debug|Win32
		{8E2A5BD2-9045-35A8-82A3-51C2098AC751}.Debug|Win32.Build.0 = Debug|Win32
		{8E2A5BD2-9045-35A8-82A3-51C2098AC751}.Release|Win32.ActiveCfg = Release|Win32
		{8E2A5BD2-9045-35A8-82A3-51C2098AC751}.Release|Win32.Build.0 = Release|Win32
		{64CF45FD-AA64-3FC7-9DE2-F1014CE96B75}.Debug|Win32.ActiveCfg = Debug|Win32
		{64CF45FD-AA64-3FC7-9DE2-F1014CE96B75}.Debug|Win32.Build.0 = Debug|Win32
		{64CF45FD-AA64-3FC7-9DE2-F1014CE96B75}.Release|Win32.ActiveCfg = Release|Win32
		{64CF45FD-AA64-3FC7-9DE2-F1014CE96B75}.Release|Win32.Build.0 = Release|Win32
		{BE19A162-107D-3F9F-B5C0-082EC39D98BF}.Debug|Win32.ActiveCfg = Debug|Win32
		{BE19A162-107D-3F9F-B5C0-082EC39D98BF}.Debug|Win32.Build.0 = Debug|Win32
		{BE19A162-107D-3F9F-B5C0-082EC39D98BF}.Release|Win32.ActiveCfg = Release|Win32
		{BE19A162-107D-3F9F-B5C0-082EC39D98BF}.Release|Win32.Build.0 = Release|Win32
		{804CF370-B35E-3937-8B85-1689E98D2454}.Debug|Win32.ActiveCfg = Debug|Win32
		{804CF370-B35E-3937-8B85-1689E98D2454}.Debug|Win32.Build.0 = Debug|Win32
		{804CF370-B35E-3937-8B85-1689E98D2454}.Release|Win32.ActiveCfg = Release|Win32
		{804CF370-B35E-3937-8B85-1689E98D2454}.Release|Win32.Build.0 = Release|Win32
		{4B5ACCEC-7D5B-3BF5-8721-D971F605ACBF}.Debug|Win32.ActiveCfg = Debug|Win32
		{4B5ACCEC-7D5B-3BF5-8721-D971F605ACBF}.Debug|Win32.Build.0 = Debug|Win32
		{4B5ACCEC-7D5B-3BF5-8721-D971F605ACBF}.Release|Win32.ActiveCfg = Release|Win32
		{4B5ACCEC-7D5B-3BF5-8721-D971F605ACBF}.Release|Win32.Build.0 = Release|Win32
		{6518A00D-F2B6-3E65-B961-70EF0EEA2D66}.Debug|Win32.ActiveCfg = Debug|Win32
		{6518A00D-F2B6-3E65-B961-70EF0EEA2D66}.Debug|Win32.Build.0 = Debug|Win32
		{6518A00D-F2B6-3E65-B961-70EF0EEA2D66}.Release|Win32.ActiveCfg = Release|Win32
		{6518A00D-F2B6-3E65-B961-70EF0EEA2D66}.Release|Win32.Build.0 = Release|Win32
		{87140E69-1587-3C95-B26D-6DBD99D4C8CD}.Debug|Win32.ActiveCfg = Debug|Win32
		{87140E69-1587-3C95-B26D-6DBD99D4C8CD}.Debug|Win32.Build.0 = Debug|Win32
		{87140E69-1587-3C95-B26D-6DBD99D4C8CD}.Release|Win32.ActiveCfg = Release|Win32
		{87140E69-1587-3C95-B26D-6DBD99D4C8CD}.Release|Win32.Build.0 = Release|Win32
		{524C5CBC-EEEC-327B-9831-476CDB33562F}.Debug|Win32.ActiveCfg = Debug|Win32
		{524C5CBC-EEEC-327B-9831-476CDB33562F}.Debug|Win32.Build.0 = Debug|Win32
		{524C5CBC-EEEC-327B-9831-476CDB33562F}.Release|Win32.ActiveCfg = Release|Win32
		{524C5CBC-EEEC-327B-9831-476CDB33562F}.Release|Win32.Build.0 = Release|Win32
		{E218ED65-685F-3526-8277-F62CE6BF4D5C}.Debug|Win32.ActiveCfg = Debug|Win32
		{E218ED65-685F-3526-8277-F62CE6BF4D5C}.Debug|Win32.Build.0 = Debug|Win32
		{E218ED65-685F-3526-8277-F62CE6BF4D5C}.Release|Win32.ActiveCfg = Release|Win32
		{E218ED65-685F-3526-8277-F62CE6BF4D5C}.Release|Win32.Build.0 = Release|Win32
		{7A76D0B2-B5B1-3055-A63C-114485E7D0BD}.Debug|Win32.ActiveCfg = Debug|Win32
		{7A76D0B2-B5B1-3055-A63C-114485E7D0BD}.Debug|Win32.Build.0 = Debug|Win32
		{7A76D0B2-B5B1-3055-A63C-114485E7D0BD}.Release|Win32.ActiveCfg = Release|Win32
		{7A76D0B2-B5B1-3055-A63C-114485E7D0BD}.Release|Win32.Build.0 = Release|Win32
		{944F52B3-D431-3756-B817-D509F8046D41}.Debug|Win32.ActiveCfg = Debug|Win32
		{944F52B3-D431-3756-B817-D509F8046D41}.Debug|Win32.Build.0 = Debug|Win32
		{944F52B3-D431-3756-B817-D509F8046D41}.Release|Win32.ActiveCfg = Release|Win32
		{944F52B3-D431-3756-B817-D509F8046D41}.Release|Win32.Build.0 = Release|Win32
		{10F57497-50CF-3914-B3BF-B4C21C100AA8}.Debug|Win32.ActiveCfg = Debug|Win32
		{10F57497-50CF-3914-B3BF-B4C21C100AA8}.Debug|Win32.Build.0 = Debug|Win32
		{10F57497-50CF-3914-B3BF-B4C21C100AA8}.Release|Win32.ActiveCfg = Release|Win32
		{10F57497-50CF-3914-B3BF-B4C21C100AA8}.Release|Win32.Build.0 = Release|Win32
		{8794CC7C-ECDB-34EF-9AF9-6B10489DEED4}.Debug|Win32.ActiveCfg = Debug|Win32
		{8794CC7C-ECDB-34EF-9AF9-6B10489DEED4}.Debug|Win32.Build.0 = Debug|Win32
		{8794CC7C-ECDB-34EF-9AF9-6B10489DEED4}.Release|Win32.ActiveCfg = Release|Win32
		{8794CC7C-ECDB-34EF-9AF9-6B10489DEED4}.Release|Win32.Build.0 = Release|Win32
		{22C70EEF-4EEA-3C9F-9C10-333A6DA21E4C}.Debug|Win32.ActiveCfg = Debug|Win32
		{22C70EEF-4EEA-3C9F-9C10-333A6DA21E4C}.Debug|Win32.Build.0 = Debug|Win32
		{22C70EEF-4EEA-3C9F-9C10-333A6DA21E4C}.Release|Win32.ActiveCfg = Release|Win32
		{22C70EEF-4EEA-3C9F-9C10-333A6DA21E4C}.Release|Win32.Build.0 = Release|Win32
		{22AC1D4E-1B64-3491-B33A-1F5B1A019083}.Debug|Win32.ActiveCfg = Debug|Win32
		{22AC1D4E-1B64-3491-B33A-1F5B1A019083}.Debug|Win32.Build.0 = Debug|Win32
		{22AC1D4E-1B64-3491-B33A-1F5B1A019083}.Release|Win32.ActiveCfg = Release|Win32
		{22AC1D4E-1B64-3491-B33A-1F5B1A019083}.Release|Win32.Build.0 = Release|Win32
		{C321858C-E04F-3271-8F2E-18A180E09F0B}.Debug|Win32.ActiveCfg = Debug|Win32
		{C321858C-E04F-3271-8F2E-18A180E09F0B}.Debug|Win32.Build.0 = Debug|Win32
		{C321858C-E04F-3271-8F2E-18A180E09F0B}.Release|Win32.ActiveCfg = Release|Win32
		{C321858C-E04F-3271-8F2E-18A180E09F0B}.Release|Win32.Build.0 = Release|Win32
	EndGlobalSection
	GlobalSection(ExtensibilityGlobals) = postSolution
	EndGlobalSection
	GlobalSection(ExtensibilityAddIns) = postSolution
	EndGlobalSection
EndGlobal